{
  "version": 4,
  "terraform_version": "1.3.4",
  "serial": 119,
  "lineage": "829118f6-f96f-f6c3-d842-d93f531a4762",
  "outputs": {},
  "resources": [
    {
      "module": "module.ext_lb",
      "mode": "managed",
      "type": "azurerm_lb",
      "name": "lb",
      "provider": "provider[\"registry.terraform.io/hashicorp/azurerm\"].NameOfSubscription",
      "instances": [
        {
          "schema_version": 0,
          "attributes": {
            "edge_zone": "",
            "frontend_ip_configuration": [
              {
                "gateway_load_balancer_frontend_ip_configuration_id": "",
                "id": "/subscriptions/be510eed-cdc2-4632-9501-a44fe47aa346/resourceGroups/Load_Balancers/providers/Microsoft.Network/loadBalancers/Ext_LB/frontendIPConfigurations/frontend",
                "inbound_nat_rules": [],
                "load_balancer_rules": [],
                "name": "frontend",
                "outbound_rules": [],
                "private_ip_address": "",
                "private_ip_address_allocation": "Dynamic",
                "private_ip_address_version": "",
                "public_ip_address_id": "/subscriptions/be510eed-cdc2-4632-9501-a44fe47aa346/resourceGroups/Load_Balancers/providers/Microsoft.Network/publicIPAddresses/ext_pip",
                "public_ip_prefix_id": "",
                "subnet_id": "",
                "zones": null
              }
            ],
            "id": "/subscriptions/be510eed-cdc2-4632-9501-a44fe47aa346/resourceGroups/Load_Balancers/providers/Microsoft.Network/loadBalancers/Ext_LB",
            "location": "eastus",
            "name": "Ext_LB",
            "private_ip_address": "",
            "private_ip_addresses": [],
            "resource_group_name": "Load_Balancers",
            "sku": "Standard",
            "sku_tier": "Regional",
            "tags": {
              "Test": "myBluePrint"
            },
            "timeouts": null
          },
          "sensitive_attributes": [],
          "private": "eyJlMmJmYjczMC1lY2FhLTExZTYtOGY4OC0zNDM2M2JjN2M0YzAiOnsiY3JlYXRlIjoxODAwMDAwMDAwMDAwLCJkZWxldGUiOjE4MDAwMDAwMDAwMDAsInJlYWQiOjMwMDAwMDAwMDAwMCwidXBkYXRlIjoxODAwMDAwMDAwMDAwfX0=",
          "dependencies": [
            "module.backupvault.azurerm_backup_policy_vm.default_backup_policy",
            "module.backupvault.azurerm_recovery_services_vault.vault",
            "module.ext_lb.azurerm_public_ip.ip",
            "module.monitoring.azurerm_log_analytics_workspace.loganalyticsdeploy",
            "module.resource_group.azurerm_resource_group.rg",
            "module.setazpolicy.azurerm_management_group_policy_assignment.benchmark",
            "module.setazpolicy.azurerm_management_group_policy_assignment.dataprotect",
            "module.setazpolicy.azurerm_management_group_policy_assignment.governance",
            "module.setazpolicy.azurerm_management_group_policy_assignment.monitor",
            "module.setazpolicy.azurerm_policy_set_definition.dataprotect",
            "module.setazpolicy.azurerm_policy_set_definition.governance",
            "module.setazpolicy.data.azurerm_management_group.mgmntgroup",
            "module.setazpolicy.data.azurerm_subscription.current"
          ]
        }
      ]
    },
    {
      "module": "module.ext_lb",
      "mode": "managed",
      "type": "azurerm_lb_backend_address_pool",
      "name": "pool",
      "provider": "provider[\"registry.terraform.io/hashicorp/azurerm\"].NameOfSubscription",
      "instances": [
        {
          "schema_version": 0,
          "attributes": {
            "backend_ip_configurations": [],
            "id": "/subscriptions/be510eed-cdc2-4632-9501-a44fe47aa346/resourceGroups/Load_Balancers/providers/Microsoft.Network/loadBalancers/Ext_LB/backendAddressPools/backend",
            "inbound_nat_rules": [],
            "load_balancing_rules": [],
            "loadbalancer_id": "/subscriptions/be510eed-cdc2-4632-9501-a44fe47aa346/resourceGroups/Load_Balancers/providers/Microsoft.Network/loadBalancers/Ext_LB",
            "name": "backend",
            "outbound_rules": [],
            "timeouts": null,
            "tunnel_interface": []
          },
          "sensitive_attributes": [],
          "private": "eyJlMmJmYjczMC1lY2FhLTExZTYtOGY4OC0zNDM2M2JjN2M0YzAiOnsiY3JlYXRlIjoxODAwMDAwMDAwMDAwLCJkZWxldGUiOjE4MDAwMDAwMDAwMDAsInJlYWQiOjMwMDAwMDAwMDAwMCwidXBkYXRlIjoxODAwMDAwMDAwMDAwfX0=",
          "dependencies": [
            "module.backupvault.azurerm_backup_policy_vm.default_backup_policy",
            "module.backupvault.azurerm_recovery_services_vault.vault",
            "module.ext_lb.azurerm_lb.lb",
            "module.ext_lb.azurerm_public_ip.ip",
            "module.monitoring.azurerm_log_analytics_workspace.loganalyticsdeploy",
            "module.resource_group.azurerm_resource_group.rg",
            "module.setazpolicy.azurerm_management_group_policy_assignment.benchmark",
            "module.setazpolicy.azurerm_management_group_policy_assignment.dataprotect",
            "module.setazpolicy.azurerm_management_group_policy_assignment.governance",
            "module.setazpolicy.azurerm_management_group_policy_assignment.monitor",
            "module.setazpolicy.azurerm_policy_set_definition.dataprotect",
            "module.setazpolicy.azurerm_policy_set_definition.governance",
            "module.setazpolicy.data.azurerm_management_group.mgmntgroup",
            "module.setazpolicy.data.azurerm_subscription.current"
          ]
        }
      ]
    },
    {
      "module": "module.ext_lb",
      "mode": "managed",
      "type": "azurerm_lb_backend_address_pool_address",
      "name": "pool_address_ext",
      "provider": "provider[\"registry.terraform.io/hashicorp/azurerm\"].NameOfSubscription",
      "instances": [
        {
          "schema_version": 0,
          "attributes": {
            "backend_address_ip_configuration_id": "",
            "backend_address_pool_id": "/subscriptions/be510eed-cdc2-4632-9501-a44fe47aa346/resourceGroups/Load_Balancers/providers/Microsoft.Network/loadBalancers/Ext_LB/backendAddressPools/backend",
            "id": "/subscriptions/be510eed-cdc2-4632-9501-a44fe47aa346/resourceGroups/Load_Balancers/providers/Microsoft.Network/loadBalancers/Ext_LB/backendAddressPools/backend/addresses/backend_ext_A",
            "inbound_nat_rule_port_mapping": [],
            "ip_address": "10.6.1.4",
            "name": "backend_ext_A",
            "timeouts": null,
            "virtual_network_id": "/subscriptions/be510eed-cdc2-4632-9501-a44fe47aa346/resourceGroups/VNets/providers/Microsoft.Network/virtualNetworks/Vnet_T1"
          },
          "sensitive_attributes": [],
          "private": "eyJlMmJmYjczMC1lY2FhLTExZTYtOGY4OC0zNDM2M2JjN2M0YzAiOnsiY3JlYXRlIjoxODAwMDAwMDAwMDAwLCJkZWxldGUiOjE4MDAwMDAwMDAwMDAsInJlYWQiOjMwMDAwMDAwMDAwMCwidXBkYXRlIjoxODAwMDAwMDAwMDAwfX0=",
          "dependencies": [
            "module.backupvault.azurerm_backup_policy_vm.default_backup_policy",
            "module.backupvault.azurerm_recovery_services_vault.vault",
            "module.ext_lb.azurerm_lb.lb",
            "module.ext_lb.azurerm_lb_backend_address_pool.pool",
            "module.ext_lb.azurerm_public_ip.ip",
            "module.monitoring.azurerm_log_analytics_workspace.loganalyticsdeploy",
            "module.resource_group.azurerm_resource_group.rg",
            "module.setazpolicy.azurerm_management_group_policy_assignment.benchmark",
            "module.setazpolicy.azurerm_management_group_policy_assignment.dataprotect",
            "module.setazpolicy.azurerm_management_group_policy_assignment.governance",
            "module.setazpolicy.azurerm_management_group_policy_assignment.monitor",
            "module.setazpolicy.azurerm_policy_set_definition.dataprotect",
            "module.setazpolicy.azurerm_policy_set_definition.governance",
            "module.setazpolicy.data.azurerm_management_group.mgmntgroup",
            "module.setazpolicy.data.azurerm_subscription.current",
            "module.vnet_t1.azurerm_virtual_network.vnet"
          ]
        }
      ]
    },
    {
      "module": "module.ext_lb",
      "mode": "managed",
      "type": "azurerm_lb_backend_address_pool_address",
      "name": "pool_address_ext1",
      "provider": "provider[\"registry.terraform.io/hashicorp/azurerm\"].NameOfSubscription",
      "instances": [
        {
          "schema_version": 0,
          "attributes": {
            "backend_address_ip_configuration_id": "",
            "backend_address_pool_id": "/subscriptions/be510eed-cdc2-4632-9501-a44fe47aa346/resourceGroups/Load_Balancers/providers/Microsoft.Network/loadBalancers/Ext_LB/backendAddressPools/backend",
            "id": "/subscriptions/be510eed-cdc2-4632-9501-a44fe47aa346/resourceGroups/Load_Balancers/providers/Microsoft.Network/loadBalancers/Ext_LB/backendAddressPools/backend/addresses/backend_ext_B",
            "inbound_nat_rule_port_mapping": [],
            "ip_address": "10.6.1.5",
            "name": "backend_ext_B",
            "timeouts": null,
            "virtual_network_id": "/subscriptions/be510eed-cdc2-4632-9501-a44fe47aa346/resourceGroups/VNets/providers/Microsoft.Network/virtualNetworks/Vnet_T1"
          },
          "sensitive_attributes": [],
          "private": "eyJlMmJmYjczMC1lY2FhLTExZTYtOGY4OC0zNDM2M2JjN2M0YzAiOnsiY3JlYXRlIjoxODAwMDAwMDAwMDAwLCJkZWxldGUiOjE4MDAwMDAwMDAwMDAsInJlYWQiOjMwMDAwMDAwMDAwMCwidXBkYXRlIjoxODAwMDAwMDAwMDAwfX0=",
          "dependencies": [
            "module.backupvault.azurerm_backup_policy_vm.default_backup_policy",
            "module.backupvault.azurerm_recovery_services_vault.vault",
            "module.ext_lb.azurerm_lb.lb",
            "module.ext_lb.azurerm_lb_backend_address_pool.pool",
            "module.ext_lb.azurerm_public_ip.ip",
            "module.monitoring.azurerm_log_analytics_workspace.loganalyticsdeploy",
            "module.resource_group.azurerm_resource_group.rg",
            "module.setazpolicy.azurerm_management_group_policy_assignment.benchmark",
            "module.setazpolicy.azurerm_management_group_policy_assignment.dataprotect",
            "module.setazpolicy.azurerm_management_group_policy_assignment.governance",
            "module.setazpolicy.azurerm_management_group_policy_assignment.monitor",
            "module.setazpolicy.azurerm_policy_set_definition.dataprotect",
            "module.setazpolicy.azurerm_policy_set_definition.governance",
            "module.setazpolicy.data.azurerm_management_group.mgmntgroup",
            "module.setazpolicy.data.azurerm_subscription.current",
            "module.vnet_t1.azurerm_virtual_network.vnet"
          ]
        }
      ]
    },
    {
      "module": "module.ext_lb",
      "mode": "managed",
      "type": "azurerm_lb_probe",
      "name": "health_probe",
      "provider": "provider[\"registry.terraform.io/hashicorp/azurerm\"].NameOfSubscription",
      "instances": [
        {
          "schema_version": 0,
          "attributes": {
            "id": "/subscriptions/be510eed-cdc2-4632-9501-a44fe47aa346/resourceGroups/Load_Balancers/providers/Microsoft.Network/loadBalancers/Ext_LB/probes/ext_health_probe",
            "interval_in_seconds": 5,
            "load_balancer_rules": [],
            "loadbalancer_id": "/subscriptions/be510eed-cdc2-4632-9501-a44fe47aa346/resourceGroups/Load_Balancers/providers/Microsoft.Network/loadBalancers/Ext_LB",
            "name": "ext_health_probe",
            "number_of_probes": 1,
            "port": 22,
            "probe_threshold": 1,
            "protocol": "Tcp",
            "request_path": "",
            "timeouts": null
          },
          "sensitive_attributes": [],
          "private": "eyJlMmJmYjczMC1lY2FhLTExZTYtOGY4OC0zNDM2M2JjN2M0YzAiOnsiY3JlYXRlIjoxODAwMDAwMDAwMDAwLCJkZWxldGUiOjE4MDAwMDAwMDAwMDAsInJlYWQiOjMwMDAwMDAwMDAwMCwidXBkYXRlIjoxODAwMDAwMDAwMDAwfX0=",
          "dependencies": [
            "module.backupvault.azurerm_backup_policy_vm.default_backup_policy",
            "module.backupvault.azurerm_recovery_services_vault.vault",
            "module.ext_lb.azurerm_lb.lb",
            "module.ext_lb.azurerm_public_ip.ip",
            "module.monitoring.azurerm_log_analytics_workspace.loganalyticsdeploy",
            "module.resource_group.azurerm_resource_group.rg",
            "module.setazpolicy.azurerm_management_group_policy_assignment.benchmark",
            "module.setazpolicy.azurerm_management_group_policy_assignment.dataprotect",
            "module.setazpolicy.azurerm_management_group_policy_assignment.governance",
            "module.setazpolicy.azurerm_management_group_policy_assignment.monitor",
            "module.setazpolicy.azurerm_policy_set_definition.dataprotect",
            "module.setazpolicy.azurerm_policy_set_definition.governance",
            "module.setazpolicy.data.azurerm_management_group.mgmntgroup",
            "module.setazpolicy.data.azurerm_subscription.current"
          ]
        }
      ]
    },
    {
      "module": "module.ext_lb",
      "mode": "managed",
      "type": "azurerm_lb_rule",
      "name": "rule",
      "provider": "provider[\"registry.terraform.io/hashicorp/azurerm\"].NameOfSubscription",
      "instances": [
        {
          "schema_version": 0,
          "attributes": {
            "backend_address_pool_ids": [
              "/subscriptions/be510eed-cdc2-4632-9501-a44fe47aa346/resourceGroups/Load_Balancers/providers/Microsoft.Network/loadBalancers/Ext_LB/backendAddressPools/backend"
            ],
            "backend_port": 22,
            "disable_outbound_snat": false,
            "enable_floating_ip": false,
            "enable_tcp_reset": false,
            "frontend_ip_configuration_id": "/subscriptions/be510eed-cdc2-4632-9501-a44fe47aa346/resourceGroups/Load_Balancers/providers/Microsoft.Network/loadBalancers/Ext_LB/frontendIPConfigurations/frontend",
            "frontend_ip_configuration_name": "frontend",
            "frontend_port": 22,
            "id": "/subscriptions/be510eed-cdc2-4632-9501-a44fe47aa346/resourceGroups/Load_Balancers/providers/Microsoft.Network/loadBalancers/Ext_LB/loadBalancingRules/ext_lb_rule",
            "idle_timeout_in_minutes": 4,
            "load_distribution": "SourceIPProtocol",
            "loadbalancer_id": "/subscriptions/be510eed-cdc2-4632-9501-a44fe47aa346/resourceGroups/Load_Balancers/providers/Microsoft.Network/loadBalancers/Ext_LB",
            "name": "ext_lb_rule",
            "probe_id": "/subscriptions/be510eed-cdc2-4632-9501-a44fe47aa346/resourceGroups/Load_Balancers/providers/Microsoft.Network/loadBalancers/Ext_LB/probes/ext_health_probe",
            "protocol": "Tcp",
            "timeouts": null
          },
          "sensitive_attributes": [],
          "private": "eyJlMmJmYjczMC1lY2FhLTExZTYtOGY4OC0zNDM2M2JjN2M0YzAiOnsiY3JlYXRlIjoxODAwMDAwMDAwMDAwLCJkZWxldGUiOjE4MDAwMDAwMDAwMDAsInJlYWQiOjMwMDAwMDAwMDAwMCwidXBkYXRlIjoxODAwMDAwMDAwMDAwfX0=",
          "dependencies": [
            "module.backupvault.azurerm_backup_policy_vm.default_backup_policy",
            "module.backupvault.azurerm_recovery_services_vault.vault",
            "module.ext_lb.azurerm_lb.lb",
            "module.ext_lb.azurerm_lb_backend_address_pool.pool",
            "module.ext_lb.azurerm_lb_probe.health_probe",
            "module.ext_lb.azurerm_public_ip.ip",
            "module.monitoring.azurerm_log_analytics_workspace.loganalyticsdeploy",
            "module.resource_group.azurerm_resource_group.rg",
            "module.setazpolicy.azurerm_management_group_policy_assignment.benchmark",
            "module.setazpolicy.azurerm_management_group_policy_assignment.dataprotect",
            "module.setazpolicy.azurerm_management_group_policy_assignment.governance",
            "module.setazpolicy.azurerm_management_group_policy_assignment.monitor",
            "module.setazpolicy.azurerm_policy_set_definition.dataprotect",
            "module.setazpolicy.azurerm_policy_set_definition.governance",
            "module.setazpolicy.data.azurerm_management_group.mgmntgroup",
            "module.setazpolicy.data.azurerm_subscription.current"
          ]
        }
      ]
    },
    {
      "module": "module.ext_lb",
      "mode": "managed",
      "type": "azurerm_public_ip",
      "name": "ip",
      "provider": "provider[\"registry.terraform.io/hashicorp/azurerm\"].NameOfSubscription",
      "instances": [
        {
          "schema_version": 0,
          "attributes": {
            "allocation_method": "Static",
            "ddos_protection_mode": "VirtualNetworkInherited",
            "ddos_protection_plan_id": null,
            "domain_name_label": null,
            "edge_zone": "",
            "fqdn": null,
            "id": "/subscriptions/be510eed-cdc2-4632-9501-a44fe47aa346/resourceGroups/Load_Balancers/providers/Microsoft.Network/publicIPAddresses/ext_pip",
            "idle_timeout_in_minutes": 4,
            "ip_address": "13.68.155.167",
            "ip_tags": null,
            "ip_version": "IPv4",
            "location": "eastus",
            "name": "ext_pip",
            "public_ip_prefix_id": null,
            "resource_group_name": "Load_Balancers",
            "reverse_fqdn": null,
            "sku": "Standard",
            "sku_tier": "Regional",
            "tags": {
              "Test": "myBluePrint"
            },
            "timeouts": null,
            "zones": null
          },
          "sensitive_attributes": [],
          "private": "eyJlMmJmYjczMC1lY2FhLTExZTYtOGY4OC0zNDM2M2JjN2M0YzAiOnsiY3JlYXRlIjoxODAwMDAwMDAwMDAwLCJkZWxldGUiOjE4MDAwMDAwMDAwMDAsInJlYWQiOjMwMDAwMDAwMDAwMCwidXBkYXRlIjoxODAwMDAwMDAwMDAwfX0=",
          "dependencies": [
            "module.backupvault.azurerm_backup_policy_vm.default_backup_policy",
            "module.backupvault.azurerm_recovery_services_vault.vault",
            "module.monitoring.azurerm_log_analytics_workspace.loganalyticsdeploy",
            "module.resource_group.azurerm_resource_group.rg",
            "module.setazpolicy.azurerm_management_group_policy_assignment.benchmark",
            "module.setazpolicy.azurerm_management_group_policy_assignment.dataprotect",
            "module.setazpolicy.azurerm_management_group_policy_assignment.governance",
            "module.setazpolicy.azurerm_management_group_policy_assignment.monitor",
            "module.setazpolicy.azurerm_policy_set_definition.dataprotect",
            "module.setazpolicy.azurerm_policy_set_definition.governance",
            "module.setazpolicy.data.azurerm_management_group.mgmntgroup",
            "module.setazpolicy.data.azurerm_subscription.current"
          ]
        }
      ]
    },
    {
      "module": "module.fw_lb",
      "mode": "managed",
      "type": "azurerm_lb",
      "name": "lb",
      "provider": "provider[\"registry.terraform.io/hashicorp/azurerm\"].NameOfSubscription",
      "instances": [
        {
          "schema_version": 0,
          "attributes": {
            "edge_zone": "",
            "frontend_ip_configuration": [
              {
                "gateway_load_balancer_frontend_ip_configuration_id": "",
                "id": "/subscriptions/be510eed-cdc2-4632-9501-a44fe47aa346/resourceGroups/Load_Balancers/providers/Microsoft.Network/loadBalancers/T1_FW_LB/frontendIPConfigurations/frontend",
                "inbound_nat_rules": [],
                "load_balancer_rules": [],
                "name": "frontend",
                "outbound_rules": [],
                "private_ip_address": "10.6.2.6",
                "private_ip_address_allocation": "Static",
                "private_ip_address_version": "IPv4",
                "public_ip_address_id": "",
                "public_ip_prefix_id": "",
                "subnet_id": "/subscriptions/be510eed-cdc2-4632-9501-a44fe47aa346/resourceGroups/VNets/providers/Microsoft.Network/virtualNetworks/Vnet_T1/subnets/fw_subnet_B",
                "zones": null
              }
            ],
            "id": "/subscriptions/be510eed-cdc2-4632-9501-a44fe47aa346/resourceGroups/Load_Balancers/providers/Microsoft.Network/loadBalancers/T1_FW_LB",
            "location": "eastus",
            "name": "T1_FW_LB",
            "private_ip_address": "10.6.2.6",
            "private_ip_addresses": [
              "10.6.2.6"
            ],
            "resource_group_name": "Load_Balancers",
            "sku": "Standard",
            "sku_tier": "Regional",
            "tags": {
              "Test": "myBluePrint"
            },
            "timeouts": null
          },
          "sensitive_attributes": [],
          "private": "eyJlMmJmYjczMC1lY2FhLTExZTYtOGY4OC0zNDM2M2JjN2M0YzAiOnsiY3JlYXRlIjoxODAwMDAwMDAwMDAwLCJkZWxldGUiOjE4MDAwMDAwMDAwMDAsInJlYWQiOjMwMDAwMDAwMDAwMCwidXBkYXRlIjoxODAwMDAwMDAwMDAwfX0=",
          "dependencies": [
            "module.backupvault.azurerm_backup_policy_vm.default_backup_policy",
            "module.backupvault.azurerm_recovery_services_vault.vault",
            "module.monitoring.azurerm_log_analytics_workspace.loganalyticsdeploy",
            "module.resource_group.azurerm_resource_group.rg",
            "module.setazpolicy.azurerm_management_group_policy_assignment.benchmark",
            "module.setazpolicy.azurerm_management_group_policy_assignment.dataprotect",
            "module.setazpolicy.azurerm_management_group_policy_assignment.governance",
            "module.setazpolicy.azurerm_management_group_policy_assignment.monitor",
            "module.setazpolicy.azurerm_policy_set_definition.dataprotect",
            "module.setazpolicy.azurerm_policy_set_definition.governance",
            "module.setazpolicy.data.azurerm_management_group.mgmntgroup",
            "module.setazpolicy.data.azurerm_subscription.current",
            "module.vnet_t1.azurerm_subnet.subnet",
            "module.vnet_t1.azurerm_virtual_network.vnet"
          ]
        }
      ]
    },
    {
      "module": "module.fw_lb",
      "mode": "managed",
      "type": "azurerm_lb_backend_address_pool",
      "name": "pool",
      "provider": "provider[\"registry.terraform.io/hashicorp/azurerm\"].NameOfSubscription",
      "instances": [
        {
          "schema_version": 0,
          "attributes": {
            "backend_ip_configurations": [],
            "id": "/subscriptions/be510eed-cdc2-4632-9501-a44fe47aa346/resourceGroups/Load_Balancers/providers/Microsoft.Network/loadBalancers/T1_FW_LB/backendAddressPools/backend_pool",
            "inbound_nat_rules": [],
            "load_balancing_rules": [],
            "loadbalancer_id": "/subscriptions/be510eed-cdc2-4632-9501-a44fe47aa346/resourceGroups/Load_Balancers/providers/Microsoft.Network/loadBalancers/T1_FW_LB",
            "name": "backend_pool",
            "outbound_rules": [],
            "timeouts": null,
            "tunnel_interface": []
          },
          "sensitive_attributes": [],
          "private": "eyJlMmJmYjczMC1lY2FhLTExZTYtOGY4OC0zNDM2M2JjN2M0YzAiOnsiY3JlYXRlIjoxODAwMDAwMDAwMDAwLCJkZWxldGUiOjE4MDAwMDAwMDAwMDAsInJlYWQiOjMwMDAwMDAwMDAwMCwidXBkYXRlIjoxODAwMDAwMDAwMDAwfX0=",
          "dependencies": [
            "module.backupvault.azurerm_backup_policy_vm.default_backup_policy",
            "module.backupvault.azurerm_recovery_services_vault.vault",
            "module.fw_lb.azurerm_lb.lb",
            "module.monitoring.azurerm_log_analytics_workspace.loganalyticsdeploy",
            "module.resource_group.azurerm_resource_group.rg",
            "module.setazpolicy.azurerm_management_group_policy_assignment.benchmark",
            "module.setazpolicy.azurerm_management_group_policy_assignment.dataprotect",
            "module.setazpolicy.azurerm_management_group_policy_assignment.governance",
            "module.setazpolicy.azurerm_management_group_policy_assignment.monitor",
            "module.setazpolicy.azurerm_policy_set_definition.dataprotect",
            "module.setazpolicy.azurerm_policy_set_definition.governance",
            "module.setazpolicy.data.azurerm_management_group.mgmntgroup",
            "module.setazpolicy.data.azurerm_subscription.current",
            "module.vnet_t1.azurerm_subnet.subnet",
            "module.vnet_t1.azurerm_virtual_network.vnet"
          ]
        }
      ]
    },
    {
      "module": "module.fw_lb",
      "mode": "managed",
      "type": "azurerm_lb_backend_address_pool_address",
      "name": "pool_address_int",
      "provider": "provider[\"registry.terraform.io/hashicorp/azurerm\"].NameOfSubscription",
      "instances": [
        {
          "schema_version": 0,
          "attributes": {
            "backend_address_ip_configuration_id": "",
            "backend_address_pool_id": "/subscriptions/be510eed-cdc2-4632-9501-a44fe47aa346/resourceGroups/Load_Balancers/providers/Microsoft.Network/loadBalancers/T1_FW_LB/backendAddressPools/backend_pool",
            "id": "/subscriptions/be510eed-cdc2-4632-9501-a44fe47aa346/resourceGroups/Load_Balancers/providers/Microsoft.Network/loadBalancers/T1_FW_LB/backendAddressPools/backend_pool/addresses/backend_int",
            "inbound_nat_rule_port_mapping": [],
            "ip_address": "10.6.2.4",
            "name": "backend_int",
            "timeouts": null,
            "virtual_network_id": "/subscriptions/be510eed-cdc2-4632-9501-a44fe47aa346/resourceGroups/VNets/providers/Microsoft.Network/virtualNetworks/Vnet_T1"
          },
          "sensitive_attributes": [],
          "private": "eyJlMmJmYjczMC1lY2FhLTExZTYtOGY4OC0zNDM2M2JjN2M0YzAiOnsiY3JlYXRlIjoxODAwMDAwMDAwMDAwLCJkZWxldGUiOjE4MDAwMDAwMDAwMDAsInJlYWQiOjMwMDAwMDAwMDAwMCwidXBkYXRlIjoxODAwMDAwMDAwMDAwfX0=",
          "dependencies": [
            "module.backupvault.azurerm_backup_policy_vm.default_backup_policy",
            "module.backupvault.azurerm_recovery_services_vault.vault",
            "module.fw_lb.azurerm_lb.lb",
            "module.fw_lb.azurerm_lb_backend_address_pool.pool",
            "module.monitoring.azurerm_log_analytics_workspace.loganalyticsdeploy",
            "module.resource_group.azurerm_resource_group.rg",
            "module.setazpolicy.azurerm_management_group_policy_assignment.benchmark",
            "module.setazpolicy.azurerm_management_group_policy_assignment.dataprotect",
            "module.setazpolicy.azurerm_management_group_policy_assignment.governance",
            "module.setazpolicy.azurerm_management_group_policy_assignment.monitor",
            "module.setazpolicy.azurerm_policy_set_definition.dataprotect",
            "module.setazpolicy.azurerm_policy_set_definition.governance",
            "module.setazpolicy.data.azurerm_management_group.mgmntgroup",
            "module.setazpolicy.data.azurerm_subscription.current",
            "module.vnet_t1.azurerm_subnet.subnet",
            "module.vnet_t1.azurerm_virtual_network.vnet"
          ]
        }
      ]
    },
    {
      "module": "module.fw_lb",
      "mode": "managed",
      "type": "azurerm_lb_backend_address_pool_address",
      "name": "pool_address_int1",
      "provider": "provider[\"registry.terraform.io/hashicorp/azurerm\"].NameOfSubscription",
      "instances": [
        {
          "schema_version": 0,
          "attributes": {
            "backend_address_ip_configuration_id": "",
            "backend_address_pool_id": "/subscriptions/be510eed-cdc2-4632-9501-a44fe47aa346/resourceGroups/Load_Balancers/providers/Microsoft.Network/loadBalancers/T1_FW_LB/backendAddressPools/backend_pool",
            "id": "/subscriptions/be510eed-cdc2-4632-9501-a44fe47aa346/resourceGroups/Load_Balancers/providers/Microsoft.Network/loadBalancers/T1_FW_LB/backendAddressPools/backend_pool/addresses/backend_int1",
            "inbound_nat_rule_port_mapping": [],
            "ip_address": "10.6.2.5",
            "name": "backend_int1",
            "timeouts": null,
            "virtual_network_id": "/subscriptions/be510eed-cdc2-4632-9501-a44fe47aa346/resourceGroups/VNets/providers/Microsoft.Network/virtualNetworks/Vnet_T1"
          },
          "sensitive_attributes": [],
          "private": "eyJlMmJmYjczMC1lY2FhLTExZTYtOGY4OC0zNDM2M2JjN2M0YzAiOnsiY3JlYXRlIjoxODAwMDAwMDAwMDAwLCJkZWxldGUiOjE4MDAwMDAwMDAwMDAsInJlYWQiOjMwMDAwMDAwMDAwMCwidXBkYXRlIjoxODAwMDAwMDAwMDAwfX0=",
          "dependencies": [
            "module.backupvault.azurerm_backup_policy_vm.default_backup_policy",
            "module.backupvault.azurerm_recovery_services_vault.vault",
            "module.fw_lb.azurerm_lb.lb",
            "module.fw_lb.azurerm_lb_backend_address_pool.pool",
            "module.monitoring.azurerm_log_analytics_workspace.loganalyticsdeploy",
            "module.resource_group.azurerm_resource_group.rg",
            "module.setazpolicy.azurerm_management_group_policy_assignment.benchmark",
            "module.setazpolicy.azurerm_management_group_policy_assignment.dataprotect",
            "module.setazpolicy.azurerm_management_group_policy_assignment.governance",
            "module.setazpolicy.azurerm_management_group_policy_assignment.monitor",
            "module.setazpolicy.azurerm_policy_set_definition.dataprotect",
            "module.setazpolicy.azurerm_policy_set_definition.governance",
            "module.setazpolicy.data.azurerm_management_group.mgmntgroup",
            "module.setazpolicy.data.azurerm_subscription.current",
            "module.vnet_t1.azurerm_subnet.subnet",
            "module.vnet_t1.azurerm_virtual_network.vnet"
          ]
        }
      ]
    },
    {
      "module": "module.fw_lb",
      "mode": "managed",
      "type": "azurerm_lb_probe",
      "name": "health_probe",
      "provider": "provider[\"registry.terraform.io/hashicorp/azurerm\"].NameOfSubscription",
      "instances": [
        {
          "schema_version": 0,
          "attributes": {
            "id": "/subscriptions/be510eed-cdc2-4632-9501-a44fe47aa346/resourceGroups/Load_Balancers/providers/Microsoft.Network/loadBalancers/T1_FW_LB/probes/fw_health_probe",
            "interval_in_seconds": 5,
            "load_balancer_rules": [],
            "loadbalancer_id": "/subscriptions/be510eed-cdc2-4632-9501-a44fe47aa346/resourceGroups/Load_Balancers/providers/Microsoft.Network/loadBalancers/T1_FW_LB",
            "name": "fw_health_probe",
            "number_of_probes": 1,
            "port": 22,
            "probe_threshold": 1,
            "protocol": "Tcp",
            "request_path": "",
            "timeouts": null
          },
          "sensitive_attributes": [],
          "private": "eyJlMmJmYjczMC1lY2FhLTExZTYtOGY4OC0zNDM2M2JjN2M0YzAiOnsiY3JlYXRlIjoxODAwMDAwMDAwMDAwLCJkZWxldGUiOjE4MDAwMDAwMDAwMDAsInJlYWQiOjMwMDAwMDAwMDAwMCwidXBkYXRlIjoxODAwMDAwMDAwMDAwfX0=",
          "dependencies": [
            "module.backupvault.azurerm_backup_policy_vm.default_backup_policy",
            "module.backupvault.azurerm_recovery_services_vault.vault",
            "module.fw_lb.azurerm_lb.lb",
            "module.monitoring.azurerm_log_analytics_workspace.loganalyticsdeploy",
            "module.resource_group.azurerm_resource_group.rg",
            "module.setazpolicy.azurerm_management_group_policy_assignment.benchmark",
            "module.setazpolicy.azurerm_management_group_policy_assignment.dataprotect",
            "module.setazpolicy.azurerm_management_group_policy_assignment.governance",
            "module.setazpolicy.azurerm_management_group_policy_assignment.monitor",
            "module.setazpolicy.azurerm_policy_set_definition.dataprotect",
            "module.setazpolicy.azurerm_policy_set_definition.governance",
            "module.setazpolicy.data.azurerm_management_group.mgmntgroup",
            "module.setazpolicy.data.azurerm_subscription.current",
            "module.vnet_t1.azurerm_subnet.subnet",
            "module.vnet_t1.azurerm_virtual_network.vnet"
          ]
        }
      ]
    },
    {
      "module": "module.fw_lb",
      "mode": "managed",
      "type": "azurerm_lb_rule",
      "name": "rule",
      "provider": "provider[\"registry.terraform.io/hashicorp/azurerm\"].NameOfSubscription",
      "instances": [
        {
          "schema_version": 0,
          "attributes": {
            "backend_address_pool_ids": [
              "/subscriptions/be510eed-cdc2-4632-9501-a44fe47aa346/resourceGroups/Load_Balancers/providers/Microsoft.Network/loadBalancers/T1_FW_LB/backendAddressPools/backend_pool"
            ],
            "backend_port": 0,
            "disable_outbound_snat": false,
            "enable_floating_ip": false,
            "enable_tcp_reset": false,
            "frontend_ip_configuration_id": "/subscriptions/be510eed-cdc2-4632-9501-a44fe47aa346/resourceGroups/Load_Balancers/providers/Microsoft.Network/loadBalancers/T1_FW_LB/frontendIPConfigurations/frontend",
            "frontend_ip_configuration_name": "frontend",
            "frontend_port": 0,
            "id": "/subscriptions/be510eed-cdc2-4632-9501-a44fe47aa346/resourceGroups/Load_Balancers/providers/Microsoft.Network/loadBalancers/T1_FW_LB/loadBalancingRules/fw_lb_rule",
            "idle_timeout_in_minutes": 4,
            "load_distribution": "Default",
            "loadbalancer_id": "/subscriptions/be510eed-cdc2-4632-9501-a44fe47aa346/resourceGroups/Load_Balancers/providers/Microsoft.Network/loadBalancers/T1_FW_LB",
            "name": "fw_lb_rule",
            "probe_id": "/subscriptions/be510eed-cdc2-4632-9501-a44fe47aa346/resourceGroups/Load_Balancers/providers/Microsoft.Network/loadBalancers/T1_FW_LB/probes/fw_health_probe",
            "protocol": "All",
            "timeouts": null
          },
          "sensitive_attributes": [],
          "private": "eyJlMmJmYjczMC1lY2FhLTExZTYtOGY4OC0zNDM2M2JjN2M0YzAiOnsiY3JlYXRlIjoxODAwMDAwMDAwMDAwLCJkZWxldGUiOjE4MDAwMDAwMDAwMDAsInJlYWQiOjMwMDAwMDAwMDAwMCwidXBkYXRlIjoxODAwMDAwMDAwMDAwfX0=",
          "dependencies": [
            "module.backupvault.azurerm_backup_policy_vm.default_backup_policy",
            "module.backupvault.azurerm_recovery_services_vault.vault",
            "module.fw_lb.azurerm_lb.lb",
            "module.fw_lb.azurerm_lb_backend_address_pool.pool",
            "module.fw_lb.azurerm_lb_probe.health_probe",
            "module.monitoring.azurerm_log_analytics_workspace.loganalyticsdeploy",
            "module.resource_group.azurerm_resource_group.rg",
            "module.setazpolicy.azurerm_management_group_policy_assignment.benchmark",
            "module.setazpolicy.azurerm_management_group_policy_assignment.dataprotect",
            "module.setazpolicy.azurerm_management_group_policy_assignment.governance",
            "module.setazpolicy.azurerm_management_group_policy_assignment.monitor",
            "module.setazpolicy.azurerm_policy_set_definition.dataprotect",
            "module.setazpolicy.azurerm_policy_set_definition.governance",
            "module.setazpolicy.data.azurerm_management_group.mgmntgroup",
            "module.setazpolicy.data.azurerm_subscription.current",
            "module.vnet_t1.azurerm_subnet.subnet",
            "module.vnet_t1.azurerm_virtual_network.vnet"
          ]
        }
      ]
    },
    {
      "module": "module.idps_lb",
      "mode": "managed",
      "type": "azurerm_lb",
      "name": "lb",
      "provider": "provider[\"registry.terraform.io/hashicorp/azurerm\"].NameOfSubscription",
      "instances": [
        {
          "schema_version": 0,
          "attributes": {
            "edge_zone": "",
            "frontend_ip_configuration": [
              {
                "gateway_load_balancer_frontend_ip_configuration_id": "",
                "id": "/subscriptions/be510eed-cdc2-4632-9501-a44fe47aa346/resourceGroups/Load_Balancers/providers/Microsoft.Network/loadBalancers/T1_IDPS_LB/frontendIPConfigurations/frontend_int",
                "inbound_nat_rules": [],
                "load_balancer_rules": [],
                "name": "frontend_int",
                "outbound_rules": [],
                "private_ip_address": "10.6.4.6",
                "private_ip_address_allocation": "Static",
                "private_ip_address_version": "IPv4",
                "public_ip_address_id": "",
                "public_ip_prefix_id": "",
                "subnet_id": "/subscriptions/be510eed-cdc2-4632-9501-a44fe47aa346/resourceGroups/VNets/providers/Microsoft.Network/virtualNetworks/Vnet_T1/subnets/idps_subnet_B",
                "zones": null
              },
              {
                "gateway_load_balancer_frontend_ip_configuration_id": "",
                "id": "/subscriptions/be510eed-cdc2-4632-9501-a44fe47aa346/resourceGroups/Load_Balancers/providers/Microsoft.Network/loadBalancers/T1_IDPS_LB/frontendIPConfigurations/frontend_ext",
                "inbound_nat_rules": [],
                "load_balancer_rules": [],
                "name": "frontend_ext",
                "outbound_rules": [],
                "private_ip_address": "10.6.3.6",
                "private_ip_address_allocation": "Static",
                "private_ip_address_version": "IPv4",
                "public_ip_address_id": "",
                "public_ip_prefix_id": "",
                "subnet_id": "/subscriptions/be510eed-cdc2-4632-9501-a44fe47aa346/resourceGroups/VNets/providers/Microsoft.Network/virtualNetworks/Vnet_T1/subnets/idps_subnet_A",
                "zones": null
              }
            ],
            "id": "/subscriptions/be510eed-cdc2-4632-9501-a44fe47aa346/resourceGroups/Load_Balancers/providers/Microsoft.Network/loadBalancers/T1_IDPS_LB",
            "location": "eastus",
            "name": "T1_IDPS_LB",
            "private_ip_address": "10.6.4.6",
            "private_ip_addresses": [
              "10.6.4.6",
              "10.6.3.6"
            ],
            "resource_group_name": "Load_Balancers",
            "sku": "Standard",
            "sku_tier": "Regional",
            "tags": {
              "Test": "myBluePrint"
            },
            "timeouts": null
          },
          "sensitive_attributes": [],
          "private": "eyJlMmJmYjczMC1lY2FhLTExZTYtOGY4OC0zNDM2M2JjN2M0YzAiOnsiY3JlYXRlIjoxODAwMDAwMDAwMDAwLCJkZWxldGUiOjE4MDAwMDAwMDAwMDAsInJlYWQiOjMwMDAwMDAwMDAwMCwidXBkYXRlIjoxODAwMDAwMDAwMDAwfX0=",
          "dependencies": [
            "module.backupvault.azurerm_backup_policy_vm.default_backup_policy",
            "module.backupvault.azurerm_recovery_services_vault.vault",
            "module.monitoring.azurerm_log_analytics_workspace.loganalyticsdeploy",
            "module.resource_group.azurerm_resource_group.rg",
            "module.setazpolicy.azurerm_management_group_policy_assignment.benchmark",
            "module.setazpolicy.azurerm_management_group_policy_assignment.dataprotect",
            "module.setazpolicy.azurerm_management_group_policy_assignment.governance",
            "module.setazpolicy.azurerm_management_group_policy_assignment.monitor",
            "module.setazpolicy.azurerm_policy_set_definition.dataprotect",
            "module.setazpolicy.azurerm_policy_set_definition.governance",
            "module.setazpolicy.data.azurerm_management_group.mgmntgroup",
            "module.setazpolicy.data.azurerm_subscription.current",
            "module.vnet_t1.azurerm_subnet.subnet",
            "module.vnet_t1.azurerm_virtual_network.vnet"
          ]
        }
      ]
    },
    {
      "module": "module.idps_lb",
      "mode": "managed",
      "type": "azurerm_lb_backend_address_pool",
      "name": "pool_ext",
      "provider": "provider[\"registry.terraform.io/hashicorp/azurerm\"].NameOfSubscription",
      "instances": [
        {
          "schema_version": 0,
          "attributes": {
            "backend_ip_configurations": [],
            "id": "/subscriptions/be510eed-cdc2-4632-9501-a44fe47aa346/resourceGroups/Load_Balancers/providers/Microsoft.Network/loadBalancers/T1_IDPS_LB/backendAddressPools/backend_ext_pool",
            "inbound_nat_rules": [],
            "load_balancing_rules": [],
            "loadbalancer_id": "/subscriptions/be510eed-cdc2-4632-9501-a44fe47aa346/resourceGroups/Load_Balancers/providers/Microsoft.Network/loadBalancers/T1_IDPS_LB",
            "name": "backend_ext_pool",
            "outbound_rules": [],
            "timeouts": null,
            "tunnel_interface": []
          },
          "sensitive_attributes": [],
          "private": "eyJlMmJmYjczMC1lY2FhLTExZTYtOGY4OC0zNDM2M2JjN2M0YzAiOnsiY3JlYXRlIjoxODAwMDAwMDAwMDAwLCJkZWxldGUiOjE4MDAwMDAwMDAwMDAsInJlYWQiOjMwMDAwMDAwMDAwMCwidXBkYXRlIjoxODAwMDAwMDAwMDAwfX0=",
          "dependencies": [
            "module.backupvault.azurerm_backup_policy_vm.default_backup_policy",
            "module.backupvault.azurerm_recovery_services_vault.vault",
            "module.idps_lb.azurerm_lb.lb",
            "module.monitoring.azurerm_log_analytics_workspace.loganalyticsdeploy",
            "module.resource_group.azurerm_resource_group.rg",
            "module.setazpolicy.azurerm_management_group_policy_assignment.benchmark",
            "module.setazpolicy.azurerm_management_group_policy_assignment.dataprotect",
            "module.setazpolicy.azurerm_management_group_policy_assignment.governance",
            "module.setazpolicy.azurerm_management_group_policy_assignment.monitor",
            "module.setazpolicy.azurerm_policy_set_definition.dataprotect",
            "module.setazpolicy.azurerm_policy_set_definition.governance",
            "module.setazpolicy.data.azurerm_management_group.mgmntgroup",
            "module.setazpolicy.data.azurerm_subscription.current",
            "module.vnet_t1.azurerm_subnet.subnet",
            "module.vnet_t1.azurerm_virtual_network.vnet"
          ]
        }
      ]
    },
    {
      "module": "module.idps_lb",
      "mode": "managed",
      "type": "azurerm_lb_backend_address_pool",
      "name": "pool_int",
      "provider": "provider[\"registry.terraform.io/hashicorp/azurerm\"].NameOfSubscription",
      "instances": [
        {
          "schema_version": 0,
          "attributes": {
            "backend_ip_configurations": [],
            "id": "/subscriptions/be510eed-cdc2-4632-9501-a44fe47aa346/resourceGroups/Load_Balancers/providers/Microsoft.Network/loadBalancers/T1_IDPS_LB/backendAddressPools/backend_int_pool",
            "inbound_nat_rules": [],
            "load_balancing_rules": [],
            "loadbalancer_id": "/subscriptions/be510eed-cdc2-4632-9501-a44fe47aa346/resourceGroups/Load_Balancers/providers/Microsoft.Network/loadBalancers/T1_IDPS_LB",
            "name": "backend_int_pool",
            "outbound_rules": [],
            "timeouts": null,
            "tunnel_interface": []
          },
          "sensitive_attributes": [],
          "private": "eyJlMmJmYjczMC1lY2FhLTExZTYtOGY4OC0zNDM2M2JjN2M0YzAiOnsiY3JlYXRlIjoxODAwMDAwMDAwMDAwLCJkZWxldGUiOjE4MDAwMDAwMDAwMDAsInJlYWQiOjMwMDAwMDAwMDAwMCwidXBkYXRlIjoxODAwMDAwMDAwMDAwfX0=",
          "dependencies": [
            "module.backupvault.azurerm_backup_policy_vm.default_backup_policy",
            "module.backupvault.azurerm_recovery_services_vault.vault",
            "module.idps_lb.azurerm_lb.lb",
            "module.monitoring.azurerm_log_analytics_workspace.loganalyticsdeploy",
            "module.resource_group.azurerm_resource_group.rg",
            "module.setazpolicy.azurerm_management_group_policy_assignment.benchmark",
            "module.setazpolicy.azurerm_management_group_policy_assignment.dataprotect",
            "module.setazpolicy.azurerm_management_group_policy_assignment.governance",
            "module.setazpolicy.azurerm_management_group_policy_assignment.monitor",
            "module.setazpolicy.azurerm_policy_set_definition.dataprotect",
            "module.setazpolicy.azurerm_policy_set_definition.governance",
            "module.setazpolicy.data.azurerm_management_group.mgmntgroup",
            "module.setazpolicy.data.azurerm_subscription.current",
            "module.vnet_t1.azurerm_subnet.subnet",
            "module.vnet_t1.azurerm_virtual_network.vnet"
          ]
        }
      ]
    },
    {
      "module": "module.idps_lb",
      "mode": "managed",
      "type": "azurerm_lb_backend_address_pool_address",
      "name": "pool_address_ext_A",
      "provider": "provider[\"registry.terraform.io/hashicorp/azurerm\"].NameOfSubscription",
      "instances": [
        {
          "schema_version": 0,
          "attributes": {
            "backend_address_ip_configuration_id": "",
            "backend_address_pool_id": "/subscriptions/be510eed-cdc2-4632-9501-a44fe47aa346/resourceGroups/Load_Balancers/providers/Microsoft.Network/loadBalancers/T1_IDPS_LB/backendAddressPools/backend_ext_pool",
            "id": "/subscriptions/be510eed-cdc2-4632-9501-a44fe47aa346/resourceGroups/Load_Balancers/providers/Microsoft.Network/loadBalancers/T1_IDPS_LB/backendAddressPools/backend_ext_pool/addresses/backend_ext_A",
            "inbound_nat_rule_port_mapping": [],
            "ip_address": "10.6.3.4",
            "name": "backend_ext_A",
            "timeouts": null,
            "virtual_network_id": "/subscriptions/be510eed-cdc2-4632-9501-a44fe47aa346/resourceGroups/VNets/providers/Microsoft.Network/virtualNetworks/Vnet_T1"
          },
          "sensitive_attributes": [],
          "private": "eyJlMmJmYjczMC1lY2FhLTExZTYtOGY4OC0zNDM2M2JjN2M0YzAiOnsiY3JlYXRlIjoxODAwMDAwMDAwMDAwLCJkZWxldGUiOjE4MDAwMDAwMDAwMDAsInJlYWQiOjMwMDAwMDAwMDAwMCwidXBkYXRlIjoxODAwMDAwMDAwMDAwfX0=",
          "dependencies": [
            "module.backupvault.azurerm_backup_policy_vm.default_backup_policy",
            "module.backupvault.azurerm_recovery_services_vault.vault",
            "module.idps_lb.azurerm_lb.lb",
            "module.idps_lb.azurerm_lb_backend_address_pool.pool_ext",
            "module.monitoring.azurerm_log_analytics_workspace.loganalyticsdeploy",
            "module.resource_group.azurerm_resource_group.rg",
            "module.setazpolicy.azurerm_management_group_policy_assignment.benchmark",
            "module.setazpolicy.azurerm_management_group_policy_assignment.dataprotect",
            "module.setazpolicy.azurerm_management_group_policy_assignment.governance",
            "module.setazpolicy.azurerm_management_group_policy_assignment.monitor",
            "module.setazpolicy.azurerm_policy_set_definition.dataprotect",
            "module.setazpolicy.azurerm_policy_set_definition.governance",
            "module.setazpolicy.data.azurerm_management_group.mgmntgroup",
            "module.setazpolicy.data.azurerm_subscription.current",
            "module.vnet_t1.azurerm_subnet.subnet",
            "module.vnet_t1.azurerm_virtual_network.vnet"
          ]
        }
      ]
    },
    {
      "module": "module.idps_lb",
      "mode": "managed",
      "type": "azurerm_lb_backend_address_pool_address",
      "name": "pool_address_ext_B",
      "provider": "provider[\"registry.terraform.io/hashicorp/azurerm\"].NameOfSubscription",
      "instances": [
        {
          "schema_version": 0,
          "attributes": {
            "backend_address_ip_configuration_id": "",
            "backend_address_pool_id": "/subscriptions/be510eed-cdc2-4632-9501-a44fe47aa346/resourceGroups/Load_Balancers/providers/Microsoft.Network/loadBalancers/T1_IDPS_LB/backendAddressPools/backend_ext_pool",
            "id": "/subscriptions/be510eed-cdc2-4632-9501-a44fe47aa346/resourceGroups/Load_Balancers/providers/Microsoft.Network/loadBalancers/T1_IDPS_LB/backendAddressPools/backend_ext_pool/addresses/backend_ext_B",
            "inbound_nat_rule_port_mapping": [],
            "ip_address": "10.6.3.5",
            "name": "backend_ext_B",
            "timeouts": null,
            "virtual_network_id": "/subscriptions/be510eed-cdc2-4632-9501-a44fe47aa346/resourceGroups/VNets/providers/Microsoft.Network/virtualNetworks/Vnet_T1"
          },
          "sensitive_attributes": [],
          "private": "eyJlMmJmYjczMC1lY2FhLTExZTYtOGY4OC0zNDM2M2JjN2M0YzAiOnsiY3JlYXRlIjoxODAwMDAwMDAwMDAwLCJkZWxldGUiOjE4MDAwMDAwMDAwMDAsInJlYWQiOjMwMDAwMDAwMDAwMCwidXBkYXRlIjoxODAwMDAwMDAwMDAwfX0=",
          "dependencies": [
            "module.backupvault.azurerm_backup_policy_vm.default_backup_policy",
            "module.backupvault.azurerm_recovery_services_vault.vault",
            "module.idps_lb.azurerm_lb.lb",
            "module.idps_lb.azurerm_lb_backend_address_pool.pool_ext",
            "module.monitoring.azurerm_log_analytics_workspace.loganalyticsdeploy",
            "module.resource_group.azurerm_resource_group.rg",
            "module.setazpolicy.azurerm_management_group_policy_assignment.benchmark",
            "module.setazpolicy.azurerm_management_group_policy_assignment.dataprotect",
            "module.setazpolicy.azurerm_management_group_policy_assignment.governance",
            "module.setazpolicy.azurerm_management_group_policy_assignment.monitor",
            "module.setazpolicy.azurerm_policy_set_definition.dataprotect",
            "module.setazpolicy.azurerm_policy_set_definition.governance",
            "module.setazpolicy.data.azurerm_management_group.mgmntgroup",
            "module.setazpolicy.data.azurerm_subscription.current",
            "module.vnet_t1.azurerm_subnet.subnet",
            "module.vnet_t1.azurerm_virtual_network.vnet"
          ]
        }
      ]
    },
    {
      "module": "module.idps_lb",
      "mode": "managed",
      "type": "azurerm_lb_backend_address_pool_address",
      "name": "pool_address_int_A",
      "provider": "provider[\"registry.terraform.io/hashicorp/azurerm\"].NameOfSubscription",
      "instances": [
        {
          "schema_version": 0,
          "attributes": {
            "backend_address_ip_configuration_id": "",
            "backend_address_pool_id": "/subscriptions/be510eed-cdc2-4632-9501-a44fe47aa346/resourceGroups/Load_Balancers/providers/Microsoft.Network/loadBalancers/T1_IDPS_LB/backendAddressPools/backend_int_pool",
            "id": "/subscriptions/be510eed-cdc2-4632-9501-a44fe47aa346/resourceGroups/Load_Balancers/providers/Microsoft.Network/loadBalancers/T1_IDPS_LB/backendAddressPools/backend_int_pool/addresses/backend_int_A",
            "inbound_nat_rule_port_mapping": [],
            "ip_address": "10.6.4.4",
            "name": "backend_int_A",
            "timeouts": null,
            "virtual_network_id": "/subscriptions/be510eed-cdc2-4632-9501-a44fe47aa346/resourceGroups/VNets/providers/Microsoft.Network/virtualNetworks/Vnet_T1"
          },
          "sensitive_attributes": [],
          "private": "eyJlMmJmYjczMC1lY2FhLTExZTYtOGY4OC0zNDM2M2JjN2M0YzAiOnsiY3JlYXRlIjoxODAwMDAwMDAwMDAwLCJkZWxldGUiOjE4MDAwMDAwMDAwMDAsInJlYWQiOjMwMDAwMDAwMDAwMCwidXBkYXRlIjoxODAwMDAwMDAwMDAwfX0=",
          "dependencies": [
            "module.backupvault.azurerm_backup_policy_vm.default_backup_policy",
            "module.backupvault.azurerm_recovery_services_vault.vault",
            "module.idps_lb.azurerm_lb.lb",
            "module.idps_lb.azurerm_lb_backend_address_pool.pool_int",
            "module.monitoring.azurerm_log_analytics_workspace.loganalyticsdeploy",
            "module.resource_group.azurerm_resource_group.rg",
            "module.setazpolicy.azurerm_management_group_policy_assignment.benchmark",
            "module.setazpolicy.azurerm_management_group_policy_assignment.dataprotect",
            "module.setazpolicy.azurerm_management_group_policy_assignment.governance",
            "module.setazpolicy.azurerm_management_group_policy_assignment.monitor",
            "module.setazpolicy.azurerm_policy_set_definition.dataprotect",
            "module.setazpolicy.azurerm_policy_set_definition.governance",
            "module.setazpolicy.data.azurerm_management_group.mgmntgroup",
            "module.setazpolicy.data.azurerm_subscription.current",
            "module.vnet_t1.azurerm_subnet.subnet",
            "module.vnet_t1.azurerm_virtual_network.vnet"
          ]
        }
      ]
    },
    {
      "module": "module.idps_lb",
      "mode": "managed",
      "type": "azurerm_lb_backend_address_pool_address",
      "name": "pool_address_int_B",
      "provider": "provider[\"registry.terraform.io/hashicorp/azurerm\"].NameOfSubscription",
      "instances": [
        {
          "schema_version": 0,
          "attributes": {
            "backend_address_ip_configuration_id": "",
            "backend_address_pool_id": "/subscriptions/be510eed-cdc2-4632-9501-a44fe47aa346/resourceGroups/Load_Balancers/providers/Microsoft.Network/loadBalancers/T1_IDPS_LB/backendAddressPools/backend_int_pool",
            "id": "/subscriptions/be510eed-cdc2-4632-9501-a44fe47aa346/resourceGroups/Load_Balancers/providers/Microsoft.Network/loadBalancers/T1_IDPS_LB/backendAddressPools/backend_int_pool/addresses/backend_int_B",
            "inbound_nat_rule_port_mapping": [],
            "ip_address": "10.6.4.5",
            "name": "backend_int_B",
            "timeouts": null,
            "virtual_network_id": "/subscriptions/be510eed-cdc2-4632-9501-a44fe47aa346/resourceGroups/VNets/providers/Microsoft.Network/virtualNetworks/Vnet_T1"
          },
          "sensitive_attributes": [],
          "private": "eyJlMmJmYjczMC1lY2FhLTExZTYtOGY4OC0zNDM2M2JjN2M0YzAiOnsiY3JlYXRlIjoxODAwMDAwMDAwMDAwLCJkZWxldGUiOjE4MDAwMDAwMDAwMDAsInJlYWQiOjMwMDAwMDAwMDAwMCwidXBkYXRlIjoxODAwMDAwMDAwMDAwfX0=",
          "dependencies": [
            "module.backupvault.azurerm_backup_policy_vm.default_backup_policy",
            "module.backupvault.azurerm_recovery_services_vault.vault",
            "module.idps_lb.azurerm_lb.lb",
            "module.idps_lb.azurerm_lb_backend_address_pool.pool_int",
            "module.monitoring.azurerm_log_analytics_workspace.loganalyticsdeploy",
            "module.resource_group.azurerm_resource_group.rg",
            "module.setazpolicy.azurerm_management_group_policy_assignment.benchmark",
            "module.setazpolicy.azurerm_management_group_policy_assignment.dataprotect",
            "module.setazpolicy.azurerm_management_group_policy_assignment.governance",
            "module.setazpolicy.azurerm_management_group_policy_assignment.monitor",
            "module.setazpolicy.azurerm_policy_set_definition.dataprotect",
            "module.setazpolicy.azurerm_policy_set_definition.governance",
            "module.setazpolicy.data.azurerm_management_group.mgmntgroup",
            "module.setazpolicy.data.azurerm_subscription.current",
            "module.vnet_t1.azurerm_subnet.subnet",
            "module.vnet_t1.azurerm_virtual_network.vnet"
          ]
        }
      ]
    },
    {
      "module": "module.idps_lb",
      "mode": "managed",
      "type": "azurerm_lb_probe",
      "name": "health_probe_ext",
      "provider": "provider[\"registry.terraform.io/hashicorp/azurerm\"].NameOfSubscription",
      "instances": [
        {
          "schema_version": 0,
          "attributes": {
            "id": "/subscriptions/be510eed-cdc2-4632-9501-a44fe47aa346/resourceGroups/Load_Balancers/providers/Microsoft.Network/loadBalancers/T1_IDPS_LB/probes/idps_health_probe_ext",
            "interval_in_seconds": 5,
            "load_balancer_rules": [],
            "loadbalancer_id": "/subscriptions/be510eed-cdc2-4632-9501-a44fe47aa346/resourceGroups/Load_Balancers/providers/Microsoft.Network/loadBalancers/T1_IDPS_LB",
            "name": "idps_health_probe_ext",
            "number_of_probes": 1,
            "port": 22,
            "probe_threshold": 1,
            "protocol": "Tcp",
            "request_path": "",
            "timeouts": null
          },
          "sensitive_attributes": [],
          "private": "eyJlMmJmYjczMC1lY2FhLTExZTYtOGY4OC0zNDM2M2JjN2M0YzAiOnsiY3JlYXRlIjoxODAwMDAwMDAwMDAwLCJkZWxldGUiOjE4MDAwMDAwMDAwMDAsInJlYWQiOjMwMDAwMDAwMDAwMCwidXBkYXRlIjoxODAwMDAwMDAwMDAwfX0=",
          "dependencies": [
            "module.backupvault.azurerm_backup_policy_vm.default_backup_policy",
            "module.backupvault.azurerm_recovery_services_vault.vault",
            "module.idps_lb.azurerm_lb.lb",
            "module.monitoring.azurerm_log_analytics_workspace.loganalyticsdeploy",
            "module.resource_group.azurerm_resource_group.rg",
            "module.setazpolicy.azurerm_management_group_policy_assignment.benchmark",
            "module.setazpolicy.azurerm_management_group_policy_assignment.dataprotect",
            "module.setazpolicy.azurerm_management_group_policy_assignment.governance",
            "module.setazpolicy.azurerm_management_group_policy_assignment.monitor",
            "module.setazpolicy.azurerm_policy_set_definition.dataprotect",
            "module.setazpolicy.azurerm_policy_set_definition.governance",
            "module.setazpolicy.data.azurerm_management_group.mgmntgroup",
            "module.setazpolicy.data.azurerm_subscription.current",
            "module.vnet_t1.azurerm_subnet.subnet",
            "module.vnet_t1.azurerm_virtual_network.vnet"
          ]
        }
      ]
    },
    {
      "module": "module.idps_lb",
      "mode": "managed",
      "type": "azurerm_lb_probe",
      "name": "health_probe_int",
      "provider": "provider[\"registry.terraform.io/hashicorp/azurerm\"].NameOfSubscription",
      "instances": [
        {
          "schema_version": 0,
          "attributes": {
            "id": "/subscriptions/be510eed-cdc2-4632-9501-a44fe47aa346/resourceGroups/Load_Balancers/providers/Microsoft.Network/loadBalancers/T1_IDPS_LB/probes/idps_health_probe_int",
            "interval_in_seconds": 5,
            "load_balancer_rules": [],
            "loadbalancer_id": "/subscriptions/be510eed-cdc2-4632-9501-a44fe47aa346/resourceGroups/Load_Balancers/providers/Microsoft.Network/loadBalancers/T1_IDPS_LB",
            "name": "idps_health_probe_int",
            "number_of_probes": 1,
            "port": 22,
            "probe_threshold": 1,
            "protocol": "Tcp",
            "request_path": "",
            "timeouts": null
          },
          "sensitive_attributes": [],
          "private": "eyJlMmJmYjczMC1lY2FhLTExZTYtOGY4OC0zNDM2M2JjN2M0YzAiOnsiY3JlYXRlIjoxODAwMDAwMDAwMDAwLCJkZWxldGUiOjE4MDAwMDAwMDAwMDAsInJlYWQiOjMwMDAwMDAwMDAwMCwidXBkYXRlIjoxODAwMDAwMDAwMDAwfX0=",
          "dependencies": [
            "module.backupvault.azurerm_backup_policy_vm.default_backup_policy",
            "module.backupvault.azurerm_recovery_services_vault.vault",
            "module.idps_lb.azurerm_lb.lb",
            "module.monitoring.azurerm_log_analytics_workspace.loganalyticsdeploy",
            "module.resource_group.azurerm_resource_group.rg",
            "module.setazpolicy.azurerm_management_group_policy_assignment.benchmark",
            "module.setazpolicy.azurerm_management_group_policy_assignment.dataprotect",
            "module.setazpolicy.azurerm_management_group_policy_assignment.governance",
            "module.setazpolicy.azurerm_management_group_policy_assignment.monitor",
            "module.setazpolicy.azurerm_policy_set_definition.dataprotect",
            "module.setazpolicy.azurerm_policy_set_definition.governance",
            "module.setazpolicy.data.azurerm_management_group.mgmntgroup",
            "module.setazpolicy.data.azurerm_subscription.current",
            "module.vnet_t1.azurerm_subnet.subnet",
            "module.vnet_t1.azurerm_virtual_network.vnet"
          ]
        }
      ]
    },
    {
      "module": "module.idps_lb",
      "mode": "managed",
      "type": "azurerm_lb_rule",
      "name": "rule_ext",
      "provider": "provider[\"registry.terraform.io/hashicorp/azurerm\"].NameOfSubscription",
      "instances": [
        {
          "schema_version": 0,
          "attributes": {
            "backend_address_pool_ids": [
              "/subscriptions/be510eed-cdc2-4632-9501-a44fe47aa346/resourceGroups/Load_Balancers/providers/Microsoft.Network/loadBalancers/T1_IDPS_LB/backendAddressPools/backend_ext_pool"
            ],
            "backend_port": 0,
            "disable_outbound_snat": false,
            "enable_floating_ip": false,
            "enable_tcp_reset": false,
            "frontend_ip_configuration_id": "/subscriptions/be510eed-cdc2-4632-9501-a44fe47aa346/resourceGroups/Load_Balancers/providers/Microsoft.Network/loadBalancers/T1_IDPS_LB/frontendIPConfigurations/frontend_ext",
            "frontend_ip_configuration_name": "frontend_ext",
            "frontend_port": 0,
            "id": "/subscriptions/be510eed-cdc2-4632-9501-a44fe47aa346/resourceGroups/Load_Balancers/providers/Microsoft.Network/loadBalancers/T1_IDPS_LB/loadBalancingRules/idps_lb_rule_ext",
            "idle_timeout_in_minutes": 4,
            "load_distribution": "Default",
            "loadbalancer_id": "/subscriptions/be510eed-cdc2-4632-9501-a44fe47aa346/resourceGroups/Load_Balancers/providers/Microsoft.Network/loadBalancers/T1_IDPS_LB",
            "name": "idps_lb_rule_ext",
            "probe_id": "/subscriptions/be510eed-cdc2-4632-9501-a44fe47aa346/resourceGroups/Load_Balancers/providers/Microsoft.Network/loadBalancers/T1_IDPS_LB/probes/idps_health_probe_ext",
            "protocol": "All",
            "timeouts": null
          },
          "sensitive_attributes": [],
          "private": "eyJlMmJmYjczMC1lY2FhLTExZTYtOGY4OC0zNDM2M2JjN2M0YzAiOnsiY3JlYXRlIjoxODAwMDAwMDAwMDAwLCJkZWxldGUiOjE4MDAwMDAwMDAwMDAsInJlYWQiOjMwMDAwMDAwMDAwMCwidXBkYXRlIjoxODAwMDAwMDAwMDAwfX0=",
          "dependencies": [
            "module.backupvault.azurerm_backup_policy_vm.default_backup_policy",
            "module.backupvault.azurerm_recovery_services_vault.vault",
            "module.idps_lb.azurerm_lb.lb",
            "module.idps_lb.azurerm_lb_backend_address_pool.pool_ext",
            "module.idps_lb.azurerm_lb_probe.health_probe_ext",
            "module.monitoring.azurerm_log_analytics_workspace.loganalyticsdeploy",
            "module.resource_group.azurerm_resource_group.rg",
            "module.setazpolicy.azurerm_management_group_policy_assignment.benchmark",
            "module.setazpolicy.azurerm_management_group_policy_assignment.dataprotect",
            "module.setazpolicy.azurerm_management_group_policy_assignment.governance",
            "module.setazpolicy.azurerm_management_group_policy_assignment.monitor",
            "module.setazpolicy.azurerm_policy_set_definition.dataprotect",
            "module.setazpolicy.azurerm_policy_set_definition.governance",
            "module.setazpolicy.data.azurerm_management_group.mgmntgroup",
            "module.setazpolicy.data.azurerm_subscription.current",
            "module.vnet_t1.azurerm_subnet.subnet",
            "module.vnet_t1.azurerm_virtual_network.vnet"
          ]
        }
      ]
    },
    {
      "module": "module.idps_lb",
      "mode": "managed",
      "type": "azurerm_lb_rule",
      "name": "rule_int",
      "provider": "provider[\"registry.terraform.io/hashicorp/azurerm\"].NameOfSubscription",
      "instances": [
        {
          "schema_version": 0,
          "attributes": {
            "backend_address_pool_ids": [
              "/subscriptions/be510eed-cdc2-4632-9501-a44fe47aa346/resourceGroups/Load_Balancers/providers/Microsoft.Network/loadBalancers/T1_IDPS_LB/backendAddressPools/backend_int_pool"
            ],
            "backend_port": 0,
            "disable_outbound_snat": false,
            "enable_floating_ip": false,
            "enable_tcp_reset": false,
            "frontend_ip_configuration_id": "/subscriptions/be510eed-cdc2-4632-9501-a44fe47aa346/resourceGroups/Load_Balancers/providers/Microsoft.Network/loadBalancers/T1_IDPS_LB/frontendIPConfigurations/frontend_int",
            "frontend_ip_configuration_name": "frontend_int",
            "frontend_port": 0,
            "id": "/subscriptions/be510eed-cdc2-4632-9501-a44fe47aa346/resourceGroups/Load_Balancers/providers/Microsoft.Network/loadBalancers/T1_IDPS_LB/loadBalancingRules/idps_lb_rule_int",
            "idle_timeout_in_minutes": 4,
            "load_distribution": "Default",
            "loadbalancer_id": "/subscriptions/be510eed-cdc2-4632-9501-a44fe47aa346/resourceGroups/Load_Balancers/providers/Microsoft.Network/loadBalancers/T1_IDPS_LB",
            "name": "idps_lb_rule_int",
            "probe_id": "/subscriptions/be510eed-cdc2-4632-9501-a44fe47aa346/resourceGroups/Load_Balancers/providers/Microsoft.Network/loadBalancers/T1_IDPS_LB/probes/idps_health_probe_int",
            "protocol": "All",
            "timeouts": null
          },
          "sensitive_attributes": [],
          "private": "eyJlMmJmYjczMC1lY2FhLTExZTYtOGY4OC0zNDM2M2JjN2M0YzAiOnsiY3JlYXRlIjoxODAwMDAwMDAwMDAwLCJkZWxldGUiOjE4MDAwMDAwMDAwMDAsInJlYWQiOjMwMDAwMDAwMDAwMCwidXBkYXRlIjoxODAwMDAwMDAwMDAwfX0=",
          "dependencies": [
            "module.backupvault.azurerm_backup_policy_vm.default_backup_policy",
            "module.backupvault.azurerm_recovery_services_vault.vault",
            "module.idps_lb.azurerm_lb.lb",
            "module.idps_lb.azurerm_lb_backend_address_pool.pool_int",
            "module.idps_lb.azurerm_lb_probe.health_probe_int",
            "module.monitoring.azurerm_log_analytics_workspace.loganalyticsdeploy",
            "module.resource_group.azurerm_resource_group.rg",
            "module.setazpolicy.azurerm_management_group_policy_assignment.benchmark",
            "module.setazpolicy.azurerm_management_group_policy_assignment.dataprotect",
            "module.setazpolicy.azurerm_management_group_policy_assignment.governance",
            "module.setazpolicy.azurerm_management_group_policy_assignment.monitor",
            "module.setazpolicy.azurerm_policy_set_definition.dataprotect",
            "module.setazpolicy.azurerm_policy_set_definition.governance",
            "module.setazpolicy.data.azurerm_management_group.mgmntgroup",
            "module.setazpolicy.data.azurerm_subscription.current",
            "module.vnet_t1.azurerm_subnet.subnet",
            "module.vnet_t1.azurerm_virtual_network.vnet"
          ]
        }
      ]
    },
    {
      "module": "module.nic_fw_A",
      "mode": "managed",
      "type": "azurerm_network_interface",
      "name": "nic",
      "provider": "provider[\"registry.terraform.io/hashicorp/azurerm\"].NameOfSubscription",
      "instances": [
        {
          "index_key": 0,
          "schema_version": 0,
          "attributes": {
            "applied_dns_servers": [],
            "dns_servers": [],
            "edge_zone": "",
            "enable_accelerated_networking": false,
            "enable_ip_forwarding": false,
            "id": "/subscriptions/be510eed-cdc2-4632-9501-a44fe47aa346/resourceGroups/Network_Interfaces/providers/Microsoft.Network/networkInterfaces/nic_T1fW_A1",
            "internal_dns_name_label": "",
            "internal_domain_name_suffix": "44q1ddrvezou3nk3wajng4efca.bx.internal.cloudapp.net",
            "ip_configuration": [
              {
                "gateway_load_balancer_frontend_ip_configuration_id": "",
                "name": "T1fW_A1",
                "primary": true,
                "private_ip_address": "10.6.1.4",
                "private_ip_address_allocation": "Static",
                "private_ip_address_version": "IPv4",
                "public_ip_address_id": "",
                "subnet_id": "/subscriptions/be510eed-cdc2-4632-9501-a44fe47aa346/resourceGroups/VNets/providers/Microsoft.Network/virtualNetworks/Vnet_T1/subnets/fw_subnet_A"
              }
            ],
            "location": "eastus",
            "mac_address": "",
            "name": "nic_T1fW_A1",
            "private_ip_address": "10.6.1.4",
            "private_ip_addresses": [
              "10.6.1.4"
            ],
            "resource_group_name": "Network_Interfaces",
            "tags": {
              "Test": "myBluePrint",
              "env": "T1"
            },
            "timeouts": {
              "create": null,
              "delete": "600h",
              "read": null,
              "update": null
            },
            "virtual_machine_id": ""
          },
          "sensitive_attributes": [],
          "private": "eyJlMmJmYjczMC1lY2FhLTExZTYtOGY4OC0zNDM2M2JjN2M0YzAiOnsiY3JlYXRlIjoxODAwMDAwMDAwMDAwLCJkZWxldGUiOjIxNjAwMDAwMDAwMDAwMDAsInJlYWQiOjMwMDAwMDAwMDAwMCwidXBkYXRlIjoxODAwMDAwMDAwMDAwfX0=",
          "dependencies": [
            "module.backupvault.azurerm_backup_policy_vm.default_backup_policy",
            "module.backupvault.azurerm_recovery_services_vault.vault",
            "module.monitoring.azurerm_log_analytics_workspace.loganalyticsdeploy",
            "module.resource_group.azurerm_resource_group.rg",
            "module.setazpolicy.azurerm_management_group_policy_assignment.benchmark",
            "module.setazpolicy.azurerm_management_group_policy_assignment.dataprotect",
            "module.setazpolicy.azurerm_management_group_policy_assignment.governance",
            "module.setazpolicy.azurerm_management_group_policy_assignment.monitor",
            "module.setazpolicy.azurerm_policy_set_definition.dataprotect",
            "module.setazpolicy.azurerm_policy_set_definition.governance",
            "module.setazpolicy.data.azurerm_management_group.mgmntgroup",
            "module.setazpolicy.data.azurerm_subscription.current",
            "module.vnet_t1.azurerm_subnet.subnet",
            "module.vnet_t1.azurerm_virtual_network.vnet"
          ]
        },
        {
          "index_key": 1,
          "schema_version": 0,
          "attributes": {
            "applied_dns_servers": [],
            "dns_servers": [],
            "edge_zone": "",
            "enable_accelerated_networking": false,
            "enable_ip_forwarding": false,
            "id": "/subscriptions/be510eed-cdc2-4632-9501-a44fe47aa346/resourceGroups/Network_Interfaces/providers/Microsoft.Network/networkInterfaces/nic_T1fW_A2",
            "internal_dns_name_label": "",
            "internal_domain_name_suffix": "44q1ddrvezou3nk3wajng4efca.bx.internal.cloudapp.net",
            "ip_configuration": [
              {
                "gateway_load_balancer_frontend_ip_configuration_id": "",
                "name": "T1fW_A2",
                "primary": true,
                "private_ip_address": "10.6.2.4",
                "private_ip_address_allocation": "Static",
                "private_ip_address_version": "IPv4",
                "public_ip_address_id": "",
                "subnet_id": "/subscriptions/be510eed-cdc2-4632-9501-a44fe47aa346/resourceGroups/VNets/providers/Microsoft.Network/virtualNetworks/Vnet_T1/subnets/fw_subnet_B"
              }
            ],
            "location": "eastus",
            "mac_address": "",
            "name": "nic_T1fW_A2",
            "private_ip_address": "10.6.2.4",
            "private_ip_addresses": [
              "10.6.2.4"
            ],
            "resource_group_name": "Network_Interfaces",
            "tags": {
              "Test": "myBluePrint",
              "env": "T1"
            },
            "timeouts": {
              "create": null,
              "delete": "600h",
              "read": null,
              "update": null
            },
            "virtual_machine_id": ""
          },
          "sensitive_attributes": [],
          "private": "eyJlMmJmYjczMC1lY2FhLTExZTYtOGY4OC0zNDM2M2JjN2M0YzAiOnsiY3JlYXRlIjoxODAwMDAwMDAwMDAwLCJkZWxldGUiOjIxNjAwMDAwMDAwMDAwMDAsInJlYWQiOjMwMDAwMDAwMDAwMCwidXBkYXRlIjoxODAwMDAwMDAwMDAwfX0=",
          "dependencies": [
            "module.backupvault.azurerm_backup_policy_vm.default_backup_policy",
            "module.backupvault.azurerm_recovery_services_vault.vault",
            "module.monitoring.azurerm_log_analytics_workspace.loganalyticsdeploy",
            "module.resource_group.azurerm_resource_group.rg",
            "module.setazpolicy.azurerm_management_group_policy_assignment.benchmark",
            "module.setazpolicy.azurerm_management_group_policy_assignment.dataprotect",
            "module.setazpolicy.azurerm_management_group_policy_assignment.governance",
            "module.setazpolicy.azurerm_management_group_policy_assignment.monitor",
            "module.setazpolicy.azurerm_policy_set_definition.dataprotect",
            "module.setazpolicy.azurerm_policy_set_definition.governance",
            "module.setazpolicy.data.azurerm_management_group.mgmntgroup",
            "module.setazpolicy.data.azurerm_subscription.current",
            "module.vnet_t1.azurerm_subnet.subnet",
            "module.vnet_t1.azurerm_virtual_network.vnet"
          ]
        },
        {
          "index_key": 2,
          "schema_version": 0,
          "attributes": {
            "applied_dns_servers": [],
            "dns_servers": [],
            "edge_zone": "",
            "enable_accelerated_networking": false,
            "enable_ip_forwarding": false,
            "id": "/subscriptions/be510eed-cdc2-4632-9501-a44fe47aa346/resourceGroups/Network_Interfaces/providers/Microsoft.Network/networkInterfaces/nic_T1fW_A3",
            "internal_dns_name_label": "",
            "internal_domain_name_suffix": "44q1ddrvezou3nk3wajng4efca.bx.internal.cloudapp.net",
            "ip_configuration": [
              {
                "gateway_load_balancer_frontend_ip_configuration_id": "",
                "name": "T1fW_A3",
                "primary": true,
                "private_ip_address": "10.6.5.4",
                "private_ip_address_allocation": "Static",
                "private_ip_address_version": "IPv4",
                "public_ip_address_id": "",
                "subnet_id": "/subscriptions/be510eed-cdc2-4632-9501-a44fe47aa346/resourceGroups/VNets/providers/Microsoft.Network/virtualNetworks/Vnet_T1/subnets/management_subnet"
              }
            ],
            "location": "eastus",
            "mac_address": "",
            "name": "nic_T1fW_A3",
            "private_ip_address": "10.6.5.4",
            "private_ip_addresses": [
              "10.6.5.4"
            ],
            "resource_group_name": "Network_Interfaces",
            "tags": {
              "Test": "myBluePrint",
              "env": "T1"
            },
            "timeouts": {
              "create": null,
              "delete": "600h",
              "read": null,
              "update": null
            },
            "virtual_machine_id": ""
          },
          "sensitive_attributes": [],
          "private": "eyJlMmJmYjczMC1lY2FhLTExZTYtOGY4OC0zNDM2M2JjN2M0YzAiOnsiY3JlYXRlIjoxODAwMDAwMDAwMDAwLCJkZWxldGUiOjIxNjAwMDAwMDAwMDAwMDAsInJlYWQiOjMwMDAwMDAwMDAwMCwidXBkYXRlIjoxODAwMDAwMDAwMDAwfX0=",
          "dependencies": [
            "module.backupvault.azurerm_backup_policy_vm.default_backup_policy",
            "module.backupvault.azurerm_recovery_services_vault.vault",
            "module.monitoring.azurerm_log_analytics_workspace.loganalyticsdeploy",
            "module.resource_group.azurerm_resource_group.rg",
            "module.setazpolicy.azurerm_management_group_policy_assignment.benchmark",
            "module.setazpolicy.azurerm_management_group_policy_assignment.dataprotect",
            "module.setazpolicy.azurerm_management_group_policy_assignment.governance",
            "module.setazpolicy.azurerm_management_group_policy_assignment.monitor",
            "module.setazpolicy.azurerm_policy_set_definition.dataprotect",
            "module.setazpolicy.azurerm_policy_set_definition.governance",
            "module.setazpolicy.data.azurerm_management_group.mgmntgroup",
            "module.setazpolicy.data.azurerm_subscription.current",
            "module.vnet_t1.azurerm_subnet.subnet",
            "module.vnet_t1.azurerm_virtual_network.vnet"
          ]
        },
        {
          "index_key": 3,
          "schema_version": 0,
          "attributes": {
            "applied_dns_servers": [],
            "dns_servers": [],
            "edge_zone": "",
            "enable_accelerated_networking": false,
            "enable_ip_forwarding": false,
            "id": "/subscriptions/be510eed-cdc2-4632-9501-a44fe47aa346/resourceGroups/Network_Interfaces/providers/Microsoft.Network/networkInterfaces/nic_T1fW_A4",
            "internal_dns_name_label": "",
            "internal_domain_name_suffix": "44q1ddrvezou3nk3wajng4efca.bx.internal.cloudapp.net",
            "ip_configuration": [
              {
                "gateway_load_balancer_frontend_ip_configuration_id": "",
                "name": "T1fW_A4",
                "primary": true,
                "private_ip_address": "10.6.6.4",
                "private_ip_address_allocation": "Static",
                "private_ip_address_version": "IPv4",
                "public_ip_address_id": "",
                "subnet_id": "/subscriptions/be510eed-cdc2-4632-9501-a44fe47aa346/resourceGroups/VNets/providers/Microsoft.Network/virtualNetworks/Vnet_T1/subnets/lb_subnet"
              }
            ],
            "location": "eastus",
            "mac_address": "",
            "name": "nic_T1fW_A4",
            "private_ip_address": "10.6.6.4",
            "private_ip_addresses": [
              "10.6.6.4"
            ],
            "resource_group_name": "Network_Interfaces",
            "tags": {
              "Test": "myBluePrint",
              "env": "T1"
            },
            "timeouts": {
              "create": null,
              "delete": "600h",
              "read": null,
              "update": null
            },
            "virtual_machine_id": ""
          },
          "sensitive_attributes": [],
          "private": "eyJlMmJmYjczMC1lY2FhLTExZTYtOGY4OC0zNDM2M2JjN2M0YzAiOnsiY3JlYXRlIjoxODAwMDAwMDAwMDAwLCJkZWxldGUiOjIxNjAwMDAwMDAwMDAwMDAsInJlYWQiOjMwMDAwMDAwMDAwMCwidXBkYXRlIjoxODAwMDAwMDAwMDAwfX0=",
          "dependencies": [
            "module.backupvault.azurerm_backup_policy_vm.default_backup_policy",
            "module.backupvault.azurerm_recovery_services_vault.vault",
            "module.monitoring.azurerm_log_analytics_workspace.loganalyticsdeploy",
            "module.resource_group.azurerm_resource_group.rg",
            "module.setazpolicy.azurerm_management_group_policy_assignment.benchmark",
            "module.setazpolicy.azurerm_management_group_policy_assignment.dataprotect",
            "module.setazpolicy.azurerm_management_group_policy_assignment.governance",
            "module.setazpolicy.azurerm_management_group_policy_assignment.monitor",
            "module.setazpolicy.azurerm_policy_set_definition.dataprotect",
            "module.setazpolicy.azurerm_policy_set_definition.governance",
            "module.setazpolicy.data.azurerm_management_group.mgmntgroup",
            "module.setazpolicy.data.azurerm_subscription.current",
            "module.vnet_t1.azurerm_subnet.subnet",
            "module.vnet_t1.azurerm_virtual_network.vnet"
          ]
        }
      ]
    },
    {
      "module": "module.nic_fw_A",
      "mode": "managed",
      "type": "azurerm_network_security_group",
      "name": "nsg",
      "provider": "provider[\"registry.terraform.io/hashicorp/azurerm\"].NameOfSubscription",
      "instances": [
        {
          "schema_version": 0,
          "attributes": {
            "id": "/subscriptions/be510eed-cdc2-4632-9501-a44fe47aa346/resourceGroups/Network_Interfaces/providers/Microsoft.Network/networkSecurityGroups/fw_t1_A_nsg",
            "location": "eastus",
            "name": "fw_t1_A_nsg",
            "resource_group_name": "Network_Interfaces",
            "security_rule": [
              {
                "access": "Allow",
                "description": "",
                "destination_address_prefix": "*",
                "destination_address_prefixes": [],
                "destination_application_security_group_ids": [],
                "destination_port_range": "22",
                "destination_port_ranges": [],
                "direction": "Inbound",
                "name": "AllowAnySSHInbound",
                "priority": 100,
                "protocol": "Tcp",
                "source_address_prefix": "*",
                "source_address_prefixes": [],
                "source_application_security_group_ids": [],
                "source_port_range": "22",
                "source_port_ranges": []
              }
            ],
            "tags": {
              "Test": "myBluePrint"
            },
            "timeouts": null
          },
          "sensitive_attributes": [],
          "private": "eyJlMmJmYjczMC1lY2FhLTExZTYtOGY4OC0zNDM2M2JjN2M0YzAiOnsiY3JlYXRlIjoxODAwMDAwMDAwMDAwLCJkZWxldGUiOjE4MDAwMDAwMDAwMDAsInJlYWQiOjMwMDAwMDAwMDAwMCwidXBkYXRlIjoxODAwMDAwMDAwMDAwfX0=",
          "dependencies": [
            "module.backupvault.azurerm_backup_policy_vm.default_backup_policy",
            "module.backupvault.azurerm_recovery_services_vault.vault",
            "module.monitoring.azurerm_log_analytics_workspace.loganalyticsdeploy",
            "module.resource_group.azurerm_resource_group.rg",
            "module.setazpolicy.azurerm_management_group_policy_assignment.benchmark",
            "module.setazpolicy.azurerm_management_group_policy_assignment.dataprotect",
            "module.setazpolicy.azurerm_management_group_policy_assignment.governance",
            "module.setazpolicy.azurerm_management_group_policy_assignment.monitor",
            "module.setazpolicy.azurerm_policy_set_definition.dataprotect",
            "module.setazpolicy.azurerm_policy_set_definition.governance",
            "module.setazpolicy.data.azurerm_management_group.mgmntgroup",
            "module.setazpolicy.data.azurerm_subscription.current"
          ]
        }
      ]
    },
    {
      "module": "module.nic_fw_A",
      "mode": "managed",
      "type": "azurerm_subnet_network_security_group_association",
      "name": "example",
      "provider": "provider[\"registry.terraform.io/hashicorp/azurerm\"].NameOfSubscription",
      "instances": [
        {
          "index_key": 0,
          "schema_version": 0,
          "attributes": {
            "id": "/subscriptions/be510eed-cdc2-4632-9501-a44fe47aa346/resourceGroups/VNets/providers/Microsoft.Network/virtualNetworks/Vnet_T1/subnets/fw_subnet_A",
            "network_security_group_id": "/subscriptions/be510eed-cdc2-4632-9501-a44fe47aa346/resourceGroups/Network_Interfaces/providers/Microsoft.Network/networkSecurityGroups/fw_t1_A_nsg",
            "subnet_id": "/subscriptions/be510eed-cdc2-4632-9501-a44fe47aa346/resourceGroups/VNets/providers/Microsoft.Network/virtualNetworks/Vnet_T1/subnets/fw_subnet_A",
            "timeouts": null
          },
          "sensitive_attributes": [],
          "private": "eyJlMmJmYjczMC1lY2FhLTExZTYtOGY4OC0zNDM2M2JjN2M0YzAiOnsiY3JlYXRlIjoxODAwMDAwMDAwMDAwLCJkZWxldGUiOjE4MDAwMDAwMDAwMDAsInJlYWQiOjMwMDAwMDAwMDAwMCwidXBkYXRlIjoxODAwMDAwMDAwMDAwfX0=",
          "dependencies": [
            "module.backupvault.azurerm_backup_policy_vm.default_backup_policy",
            "module.backupvault.azurerm_recovery_services_vault.vault",
            "module.monitoring.azurerm_log_analytics_workspace.loganalyticsdeploy",
            "module.nic_fw_A.azurerm_network_security_group.nsg",
            "module.resource_group.azurerm_resource_group.rg",
            "module.setazpolicy.azurerm_management_group_policy_assignment.benchmark",
            "module.setazpolicy.azurerm_management_group_policy_assignment.dataprotect",
            "module.setazpolicy.azurerm_management_group_policy_assignment.governance",
            "module.setazpolicy.azurerm_management_group_policy_assignment.monitor",
            "module.setazpolicy.azurerm_policy_set_definition.dataprotect",
            "module.setazpolicy.azurerm_policy_set_definition.governance",
            "module.setazpolicy.data.azurerm_management_group.mgmntgroup",
            "module.setazpolicy.data.azurerm_subscription.current",
            "module.vnet_t1.azurerm_subnet.subnet",
            "module.vnet_t1.azurerm_virtual_network.vnet"
          ]
        }
      ]
    },
    {
      "module": "module.nic_fw_B",
      "mode": "managed",
      "type": "azurerm_network_interface",
      "name": "nic",
      "provider": "provider[\"registry.terraform.io/hashicorp/azurerm\"].NameOfSubscription",
      "instances": [
        {
          "index_key": 0,
          "schema_version": 0,
          "attributes": {
            "applied_dns_servers": [],
            "dns_servers": [],
            "edge_zone": "",
            "enable_accelerated_networking": false,
            "enable_ip_forwarding": false,
            "id": "/subscriptions/be510eed-cdc2-4632-9501-a44fe47aa346/resourceGroups/Network_Interfaces/providers/Microsoft.Network/networkInterfaces/nic_T1fw_B1",
            "internal_dns_name_label": "",
            "internal_domain_name_suffix": "44q1ddrvezou3nk3wajng4efca.bx.internal.cloudapp.net",
            "ip_configuration": [
              {
                "gateway_load_balancer_frontend_ip_configuration_id": "",
                "name": "T1fw_B1",
                "primary": true,
                "private_ip_address": "10.6.1.5",
                "private_ip_address_allocation": "Static",
                "private_ip_address_version": "IPv4",
                "public_ip_address_id": "",
                "subnet_id": "/subscriptions/be510eed-cdc2-4632-9501-a44fe47aa346/resourceGroups/VNets/providers/Microsoft.Network/virtualNetworks/Vnet_T1/subnets/fw_subnet_A"
              }
            ],
            "location": "eastus",
            "mac_address": "",
            "name": "nic_T1fw_B1",
            "private_ip_address": "10.6.1.5",
            "private_ip_addresses": [
              "10.6.1.5"
            ],
            "resource_group_name": "Network_Interfaces",
            "tags": {
              "Test": "myBluePrint",
              "env": "T1"
            },
            "timeouts": {
              "create": null,
              "delete": "600h",
              "read": null,
              "update": null
            },
            "virtual_machine_id": ""
          },
          "sensitive_attributes": [],
          "private": "eyJlMmJmYjczMC1lY2FhLTExZTYtOGY4OC0zNDM2M2JjN2M0YzAiOnsiY3JlYXRlIjoxODAwMDAwMDAwMDAwLCJkZWxldGUiOjIxNjAwMDAwMDAwMDAwMDAsInJlYWQiOjMwMDAwMDAwMDAwMCwidXBkYXRlIjoxODAwMDAwMDAwMDAwfX0=",
          "dependencies": [
            "module.backupvault.azurerm_backup_policy_vm.default_backup_policy",
            "module.backupvault.azurerm_recovery_services_vault.vault",
            "module.monitoring.azurerm_log_analytics_workspace.loganalyticsdeploy",
            "module.resource_group.azurerm_resource_group.rg",
            "module.setazpolicy.azurerm_management_group_policy_assignment.benchmark",
            "module.setazpolicy.azurerm_management_group_policy_assignment.dataprotect",
            "module.setazpolicy.azurerm_management_group_policy_assignment.governance",
            "module.setazpolicy.azurerm_management_group_policy_assignment.monitor",
            "module.setazpolicy.azurerm_policy_set_definition.dataprotect",
            "module.setazpolicy.azurerm_policy_set_definition.governance",
            "module.setazpolicy.data.azurerm_management_group.mgmntgroup",
            "module.setazpolicy.data.azurerm_subscription.current",
            "module.vnet_t1.azurerm_subnet.subnet",
            "module.vnet_t1.azurerm_virtual_network.vnet"
          ]
        },
        {
          "index_key": 1,
          "schema_version": 0,
          "attributes": {
            "applied_dns_servers": [],
            "dns_servers": [],
            "edge_zone": "",
            "enable_accelerated_networking": false,
            "enable_ip_forwarding": false,
            "id": "/subscriptions/be510eed-cdc2-4632-9501-a44fe47aa346/resourceGroups/Network_Interfaces/providers/Microsoft.Network/networkInterfaces/nic_T1fw_B2",
            "internal_dns_name_label": "",
            "internal_domain_name_suffix": "44q1ddrvezou3nk3wajng4efca.bx.internal.cloudapp.net",
            "ip_configuration": [
              {
                "gateway_load_balancer_frontend_ip_configuration_id": "",
                "name": "T1fw_B2",
                "primary": true,
                "private_ip_address": "10.6.2.5",
                "private_ip_address_allocation": "Static",
                "private_ip_address_version": "IPv4",
                "public_ip_address_id": "",
                "subnet_id": "/subscriptions/be510eed-cdc2-4632-9501-a44fe47aa346/resourceGroups/VNets/providers/Microsoft.Network/virtualNetworks/Vnet_T1/subnets/fw_subnet_B"
              }
            ],
            "location": "eastus",
            "mac_address": "",
            "name": "nic_T1fw_B2",
            "private_ip_address": "10.6.2.5",
            "private_ip_addresses": [
              "10.6.2.5"
            ],
            "resource_group_name": "Network_Interfaces",
            "tags": {
              "Test": "myBluePrint",
              "env": "T1"
            },
            "timeouts": {
              "create": null,
              "delete": "600h",
              "read": null,
              "update": null
            },
            "virtual_machine_id": ""
          },
          "sensitive_attributes": [],
          "private": "eyJlMmJmYjczMC1lY2FhLTExZTYtOGY4OC0zNDM2M2JjN2M0YzAiOnsiY3JlYXRlIjoxODAwMDAwMDAwMDAwLCJkZWxldGUiOjIxNjAwMDAwMDAwMDAwMDAsInJlYWQiOjMwMDAwMDAwMDAwMCwidXBkYXRlIjoxODAwMDAwMDAwMDAwfX0=",
          "dependencies": [
            "module.backupvault.azurerm_backup_policy_vm.default_backup_policy",
            "module.backupvault.azurerm_recovery_services_vault.vault",
            "module.monitoring.azurerm_log_analytics_workspace.loganalyticsdeploy",
            "module.resource_group.azurerm_resource_group.rg",
            "module.setazpolicy.azurerm_management_group_policy_assignment.benchmark",
            "module.setazpolicy.azurerm_management_group_policy_assignment.dataprotect",
            "module.setazpolicy.azurerm_management_group_policy_assignment.governance",
            "module.setazpolicy.azurerm_management_group_policy_assignment.monitor",
            "module.setazpolicy.azurerm_policy_set_definition.dataprotect",
            "module.setazpolicy.azurerm_policy_set_definition.governance",
            "module.setazpolicy.data.azurerm_management_group.mgmntgroup",
            "module.setazpolicy.data.azurerm_subscription.current",
            "module.vnet_t1.azurerm_subnet.subnet",
            "module.vnet_t1.azurerm_virtual_network.vnet"
          ]
        },
        {
          "index_key": 2,
          "schema_version": 0,
          "attributes": {
            "applied_dns_servers": [],
            "dns_servers": [],
            "edge_zone": "",
            "enable_accelerated_networking": false,
            "enable_ip_forwarding": false,
            "id": "/subscriptions/be510eed-cdc2-4632-9501-a44fe47aa346/resourceGroups/Network_Interfaces/providers/Microsoft.Network/networkInterfaces/nic_T1fw_B3",
            "internal_dns_name_label": "",
            "internal_domain_name_suffix": "44q1ddrvezou3nk3wajng4efca.bx.internal.cloudapp.net",
            "ip_configuration": [
              {
                "gateway_load_balancer_frontend_ip_configuration_id": "",
                "name": "T1fw_B3",
                "primary": true,
                "private_ip_address": "10.6.5.5",
                "private_ip_address_allocation": "Static",
                "private_ip_address_version": "IPv4",
                "public_ip_address_id": "",
                "subnet_id": "/subscriptions/be510eed-cdc2-4632-9501-a44fe47aa346/resourceGroups/VNets/providers/Microsoft.Network/virtualNetworks/Vnet_T1/subnets/management_subnet"
              }
            ],
            "location": "eastus",
            "mac_address": "",
            "name": "nic_T1fw_B3",
            "private_ip_address": "10.6.5.5",
            "private_ip_addresses": [
              "10.6.5.5"
            ],
            "resource_group_name": "Network_Interfaces",
            "tags": {
              "Test": "myBluePrint",
              "env": "T1"
            },
            "timeouts": {
              "create": null,
              "delete": "600h",
              "read": null,
              "update": null
            },
            "virtual_machine_id": ""
          },
          "sensitive_attributes": [],
          "private": "eyJlMmJmYjczMC1lY2FhLTExZTYtOGY4OC0zNDM2M2JjN2M0YzAiOnsiY3JlYXRlIjoxODAwMDAwMDAwMDAwLCJkZWxldGUiOjIxNjAwMDAwMDAwMDAwMDAsInJlYWQiOjMwMDAwMDAwMDAwMCwidXBkYXRlIjoxODAwMDAwMDAwMDAwfX0=",
          "dependencies": [
            "module.backupvault.azurerm_backup_policy_vm.default_backup_policy",
            "module.backupvault.azurerm_recovery_services_vault.vault",
            "module.monitoring.azurerm_log_analytics_workspace.loganalyticsdeploy",
            "module.resource_group.azurerm_resource_group.rg",
            "module.setazpolicy.azurerm_management_group_policy_assignment.benchmark",
            "module.setazpolicy.azurerm_management_group_policy_assignment.dataprotect",
            "module.setazpolicy.azurerm_management_group_policy_assignment.governance",
            "module.setazpolicy.azurerm_management_group_policy_assignment.monitor",
            "module.setazpolicy.azurerm_policy_set_definition.dataprotect",
            "module.setazpolicy.azurerm_policy_set_definition.governance",
            "module.setazpolicy.data.azurerm_management_group.mgmntgroup",
            "module.setazpolicy.data.azurerm_subscription.current",
            "module.vnet_t1.azurerm_subnet.subnet",
            "module.vnet_t1.azurerm_virtual_network.vnet"
          ]
        },
        {
          "index_key": 3,
          "schema_version": 0,
          "attributes": {
            "applied_dns_servers": [],
            "dns_servers": [],
            "edge_zone": "",
            "enable_accelerated_networking": false,
            "enable_ip_forwarding": false,
            "id": "/subscriptions/be510eed-cdc2-4632-9501-a44fe47aa346/resourceGroups/Network_Interfaces/providers/Microsoft.Network/networkInterfaces/nic_T1fw_B4",
            "internal_dns_name_label": "",
            "internal_domain_name_suffix": "44q1ddrvezou3nk3wajng4efca.bx.internal.cloudapp.net",
            "ip_configuration": [
              {
                "gateway_load_balancer_frontend_ip_configuration_id": "",
                "name": "T1fw_B4",
                "primary": true,
                "private_ip_address": "10.6.6.5",
                "private_ip_address_allocation": "Static",
                "private_ip_address_version": "IPv4",
                "public_ip_address_id": "",
                "subnet_id": "/subscriptions/be510eed-cdc2-4632-9501-a44fe47aa346/resourceGroups/VNets/providers/Microsoft.Network/virtualNetworks/Vnet_T1/subnets/lb_subnet"
              }
            ],
            "location": "eastus",
            "mac_address": "",
            "name": "nic_T1fw_B4",
            "private_ip_address": "10.6.6.5",
            "private_ip_addresses": [
              "10.6.6.5"
            ],
            "resource_group_name": "Network_Interfaces",
            "tags": {
              "Test": "myBluePrint",
              "env": "T1"
            },
            "timeouts": {
              "create": null,
              "delete": "600h",
              "read": null,
              "update": null
            },
            "virtual_machine_id": ""
          },
          "sensitive_attributes": [],
          "private": "eyJlMmJmYjczMC1lY2FhLTExZTYtOGY4OC0zNDM2M2JjN2M0YzAiOnsiY3JlYXRlIjoxODAwMDAwMDAwMDAwLCJkZWxldGUiOjIxNjAwMDAwMDAwMDAwMDAsInJlYWQiOjMwMDAwMDAwMDAwMCwidXBkYXRlIjoxODAwMDAwMDAwMDAwfX0=",
          "dependencies": [
            "module.backupvault.azurerm_backup_policy_vm.default_backup_policy",
            "module.backupvault.azurerm_recovery_services_vault.vault",
            "module.monitoring.azurerm_log_analytics_workspace.loganalyticsdeploy",
            "module.resource_group.azurerm_resource_group.rg",
            "module.setazpolicy.azurerm_management_group_policy_assignment.benchmark",
            "module.setazpolicy.azurerm_management_group_policy_assignment.dataprotect",
            "module.setazpolicy.azurerm_management_group_policy_assignment.governance",
            "module.setazpolicy.azurerm_management_group_policy_assignment.monitor",
            "module.setazpolicy.azurerm_policy_set_definition.dataprotect",
            "module.setazpolicy.azurerm_policy_set_definition.governance",
            "module.setazpolicy.data.azurerm_management_group.mgmntgroup",
            "module.setazpolicy.data.azurerm_subscription.current",
            "module.vnet_t1.azurerm_subnet.subnet",
            "module.vnet_t1.azurerm_virtual_network.vnet"
          ]
        }
      ]
    },
    {
      "module": "module.nic_fw_B",
      "mode": "managed",
      "type": "azurerm_network_security_group",
      "name": "nsg",
      "provider": "provider[\"registry.terraform.io/hashicorp/azurerm\"].NameOfSubscription",
      "instances": [
        {
          "schema_version": 0,
          "attributes": {
            "id": "/subscriptions/be510eed-cdc2-4632-9501-a44fe47aa346/resourceGroups/Network_Interfaces/providers/Microsoft.Network/networkSecurityGroups/fw_t1_B_nsg",
            "location": "eastus",
            "name": "fw_t1_B_nsg",
            "resource_group_name": "Network_Interfaces",
            "security_rule": [
              {
                "access": "Allow",
                "description": "",
                "destination_address_prefix": "*",
                "destination_address_prefixes": [],
                "destination_application_security_group_ids": [],
                "destination_port_range": "22",
                "destination_port_ranges": [],
                "direction": "Inbound",
                "name": "AllowAnySSHInbound",
                "priority": 100,
                "protocol": "Tcp",
                "source_address_prefix": "*",
                "source_address_prefixes": [],
                "source_application_security_group_ids": [],
                "source_port_range": "22",
                "source_port_ranges": []
              }
            ],
            "tags": {
              "Test": "myBluePrint"
            },
            "timeouts": null
          },
          "sensitive_attributes": [],
          "private": "eyJlMmJmYjczMC1lY2FhLTExZTYtOGY4OC0zNDM2M2JjN2M0YzAiOnsiY3JlYXRlIjoxODAwMDAwMDAwMDAwLCJkZWxldGUiOjE4MDAwMDAwMDAwMDAsInJlYWQiOjMwMDAwMDAwMDAwMCwidXBkYXRlIjoxODAwMDAwMDAwMDAwfX0=",
          "dependencies": [
            "module.backupvault.azurerm_backup_policy_vm.default_backup_policy",
            "module.backupvault.azurerm_recovery_services_vault.vault",
            "module.monitoring.azurerm_log_analytics_workspace.loganalyticsdeploy",
            "module.resource_group.azurerm_resource_group.rg",
            "module.setazpolicy.azurerm_management_group_policy_assignment.benchmark",
            "module.setazpolicy.azurerm_management_group_policy_assignment.dataprotect",
            "module.setazpolicy.azurerm_management_group_policy_assignment.governance",
            "module.setazpolicy.azurerm_management_group_policy_assignment.monitor",
            "module.setazpolicy.azurerm_policy_set_definition.dataprotect",
            "module.setazpolicy.azurerm_policy_set_definition.governance",
            "module.setazpolicy.data.azurerm_management_group.mgmntgroup",
            "module.setazpolicy.data.azurerm_subscription.current"
          ]
        }
      ]
    },
    {
      "module": "module.nic_fw_B",
      "mode": "managed",
      "type": "azurerm_subnet_network_security_group_association",
      "name": "example",
      "provider": "provider[\"registry.terraform.io/hashicorp/azurerm\"].NameOfSubscription",
      "instances": [
        {
          "index_key": 1,
          "schema_version": 0,
          "attributes": {
            "id": "/subscriptions/be510eed-cdc2-4632-9501-a44fe47aa346/resourceGroups/VNets/providers/Microsoft.Network/virtualNetworks/Vnet_T1/subnets/fw_subnet_B",
            "network_security_group_id": "/subscriptions/be510eed-cdc2-4632-9501-a44fe47aa346/resourceGroups/Network_Interfaces/providers/Microsoft.Network/networkSecurityGroups/fw_t1_B_nsg",
            "subnet_id": "/subscriptions/be510eed-cdc2-4632-9501-a44fe47aa346/resourceGroups/VNets/providers/Microsoft.Network/virtualNetworks/Vnet_T1/subnets/fw_subnet_B",
            "timeouts": null
          },
          "sensitive_attributes": [],
          "private": "eyJlMmJmYjczMC1lY2FhLTExZTYtOGY4OC0zNDM2M2JjN2M0YzAiOnsiY3JlYXRlIjoxODAwMDAwMDAwMDAwLCJkZWxldGUiOjE4MDAwMDAwMDAwMDAsInJlYWQiOjMwMDAwMDAwMDAwMCwidXBkYXRlIjoxODAwMDAwMDAwMDAwfX0=",
          "dependencies": [
            "module.backupvault.azurerm_backup_policy_vm.default_backup_policy",
            "module.backupvault.azurerm_recovery_services_vault.vault",
            "module.monitoring.azurerm_log_analytics_workspace.loganalyticsdeploy",
            "module.nic_fw_B.azurerm_network_security_group.nsg",
            "module.resource_group.azurerm_resource_group.rg",
            "module.setazpolicy.azurerm_management_group_policy_assignment.benchmark",
            "module.setazpolicy.azurerm_management_group_policy_assignment.dataprotect",
            "module.setazpolicy.azurerm_management_group_policy_assignment.governance",
            "module.setazpolicy.azurerm_management_group_policy_assignment.monitor",
            "module.setazpolicy.azurerm_policy_set_definition.dataprotect",
            "module.setazpolicy.azurerm_policy_set_definition.governance",
            "module.setazpolicy.data.azurerm_management_group.mgmntgroup",
            "module.setazpolicy.data.azurerm_subscription.current",
            "module.vnet_t1.azurerm_subnet.subnet",
            "module.vnet_t1.azurerm_virtual_network.vnet"
          ]
        },
        {
          "index_key": 2,
          "schema_version": 0,
          "attributes": {
            "id": "/subscriptions/be510eed-cdc2-4632-9501-a44fe47aa346/resourceGroups/VNets/providers/Microsoft.Network/virtualNetworks/Vnet_T1/subnets/management_subnet",
            "network_security_group_id": "/subscriptions/be510eed-cdc2-4632-9501-a44fe47aa346/resourceGroups/Network_Interfaces/providers/Microsoft.Network/networkSecurityGroups/fw_t1_B_nsg",
            "subnet_id": "/subscriptions/be510eed-cdc2-4632-9501-a44fe47aa346/resourceGroups/VNets/providers/Microsoft.Network/virtualNetworks/Vnet_T1/subnets/management_subnet",
            "timeouts": null
          },
          "sensitive_attributes": [],
          "private": "eyJlMmJmYjczMC1lY2FhLTExZTYtOGY4OC0zNDM2M2JjN2M0YzAiOnsiY3JlYXRlIjoxODAwMDAwMDAwMDAwLCJkZWxldGUiOjE4MDAwMDAwMDAwMDAsInJlYWQiOjMwMDAwMDAwMDAwMCwidXBkYXRlIjoxODAwMDAwMDAwMDAwfX0=",
          "dependencies": [
            "module.backupvault.azurerm_backup_policy_vm.default_backup_policy",
            "module.backupvault.azurerm_recovery_services_vault.vault",
            "module.monitoring.azurerm_log_analytics_workspace.loganalyticsdeploy",
            "module.nic_fw_B.azurerm_network_security_group.nsg",
            "module.resource_group.azurerm_resource_group.rg",
            "module.setazpolicy.azurerm_management_group_policy_assignment.benchmark",
            "module.setazpolicy.azurerm_management_group_policy_assignment.dataprotect",
            "module.setazpolicy.azurerm_management_group_policy_assignment.governance",
            "module.setazpolicy.azurerm_management_group_policy_assignment.monitor",
            "module.setazpolicy.azurerm_policy_set_definition.dataprotect",
            "module.setazpolicy.azurerm_policy_set_definition.governance",
            "module.setazpolicy.data.azurerm_management_group.mgmntgroup",
            "module.setazpolicy.data.azurerm_subscription.current",
            "module.vnet_t1.azurerm_subnet.subnet",
            "module.vnet_t1.azurerm_virtual_network.vnet"
          ]
        },
        {
          "index_key": 3,
          "schema_version": 0,
          "attributes": {
            "id": "/subscriptions/be510eed-cdc2-4632-9501-a44fe47aa346/resourceGroups/VNets/providers/Microsoft.Network/virtualNetworks/Vnet_T1/subnets/lb_subnet",
            "network_security_group_id": "/subscriptions/be510eed-cdc2-4632-9501-a44fe47aa346/resourceGroups/Network_Interfaces/providers/Microsoft.Network/networkSecurityGroups/fw_t1_B_nsg",
            "subnet_id": "/subscriptions/be510eed-cdc2-4632-9501-a44fe47aa346/resourceGroups/VNets/providers/Microsoft.Network/virtualNetworks/Vnet_T1/subnets/lb_subnet",
            "timeouts": null
          },
          "sensitive_attributes": [],
          "private": "eyJlMmJmYjczMC1lY2FhLTExZTYtOGY4OC0zNDM2M2JjN2M0YzAiOnsiY3JlYXRlIjoxODAwMDAwMDAwMDAwLCJkZWxldGUiOjE4MDAwMDAwMDAwMDAsInJlYWQiOjMwMDAwMDAwMDAwMCwidXBkYXRlIjoxODAwMDAwMDAwMDAwfX0=",
          "dependencies": [
            "module.backupvault.azurerm_backup_policy_vm.default_backup_policy",
            "module.backupvault.azurerm_recovery_services_vault.vault",
            "module.monitoring.azurerm_log_analytics_workspace.loganalyticsdeploy",
            "module.nic_fw_B.azurerm_network_security_group.nsg",
            "module.resource_group.azurerm_resource_group.rg",
            "module.setazpolicy.azurerm_management_group_policy_assignment.benchmark",
            "module.setazpolicy.azurerm_management_group_policy_assignment.dataprotect",
            "module.setazpolicy.azurerm_management_group_policy_assignment.governance",
            "module.setazpolicy.azurerm_management_group_policy_assignment.monitor",
            "module.setazpolicy.azurerm_policy_set_definition.dataprotect",
            "module.setazpolicy.azurerm_policy_set_definition.governance",
            "module.setazpolicy.data.azurerm_management_group.mgmntgroup",
            "module.setazpolicy.data.azurerm_subscription.current",
            "module.vnet_t1.azurerm_subnet.subnet",
            "module.vnet_t1.azurerm_virtual_network.vnet"
          ]
        }
      ]
    },
    {
      "module": "module.nic_idps_A",
      "mode": "managed",
      "type": "azurerm_network_interface",
      "name": "nic",
      "provider": "provider[\"registry.terraform.io/hashicorp/azurerm\"].NameOfSubscription",
      "instances": [
        {
          "index_key": 0,
          "schema_version": 0,
          "attributes": {
            "applied_dns_servers": [],
            "dns_servers": [],
            "edge_zone": "",
            "enable_accelerated_networking": false,
            "enable_ip_forwarding": false,
            "id": "/subscriptions/be510eed-cdc2-4632-9501-a44fe47aa346/resourceGroups/Network_Interfaces/providers/Microsoft.Network/networkInterfaces/nic_IDPS_A1",
            "internal_dns_name_label": "",
            "internal_domain_name_suffix": "44q1ddrvezou3nk3wajng4efca.bx.internal.cloudapp.net",
            "ip_configuration": [
              {
                "gateway_load_balancer_frontend_ip_configuration_id": "",
                "name": "IDPS_A1",
                "primary": true,
                "private_ip_address": "10.6.3.4",
                "private_ip_address_allocation": "Static",
                "private_ip_address_version": "IPv4",
                "public_ip_address_id": "",
                "subnet_id": "/subscriptions/be510eed-cdc2-4632-9501-a44fe47aa346/resourceGroups/VNets/providers/Microsoft.Network/virtualNetworks/Vnet_T1/subnets/idps_subnet_A"
              }
            ],
            "location": "eastus",
            "mac_address": "",
            "name": "nic_IDPS_A1",
            "private_ip_address": "10.6.3.4",
            "private_ip_addresses": [
              "10.6.3.4"
            ],
            "resource_group_name": "Network_Interfaces",
            "tags": {
              "Test": "myBluePrint",
              "env": "T1"
            },
            "timeouts": {
              "create": null,
              "delete": "600h",
              "read": null,
              "update": null
            },
            "virtual_machine_id": ""
          },
          "sensitive_attributes": [],
          "private": "eyJlMmJmYjczMC1lY2FhLTExZTYtOGY4OC0zNDM2M2JjN2M0YzAiOnsiY3JlYXRlIjoxODAwMDAwMDAwMDAwLCJkZWxldGUiOjIxNjAwMDAwMDAwMDAwMDAsInJlYWQiOjMwMDAwMDAwMDAwMCwidXBkYXRlIjoxODAwMDAwMDAwMDAwfX0=",
          "dependencies": [
            "module.backupvault.azurerm_backup_policy_vm.default_backup_policy",
            "module.backupvault.azurerm_recovery_services_vault.vault",
            "module.monitoring.azurerm_log_analytics_workspace.loganalyticsdeploy",
            "module.resource_group.azurerm_resource_group.rg",
            "module.setazpolicy.azurerm_management_group_policy_assignment.benchmark",
            "module.setazpolicy.azurerm_management_group_policy_assignment.dataprotect",
            "module.setazpolicy.azurerm_management_group_policy_assignment.governance",
            "module.setazpolicy.azurerm_management_group_policy_assignment.monitor",
            "module.setazpolicy.azurerm_policy_set_definition.dataprotect",
            "module.setazpolicy.azurerm_policy_set_definition.governance",
            "module.setazpolicy.data.azurerm_management_group.mgmntgroup",
            "module.setazpolicy.data.azurerm_subscription.current",
            "module.vnet_t1.azurerm_subnet.subnet",
            "module.vnet_t1.azurerm_virtual_network.vnet"
          ]
        },
        {
          "index_key": 1,
          "schema_version": 0,
          "attributes": {
            "applied_dns_servers": [],
            "dns_servers": [],
            "edge_zone": "",
            "enable_accelerated_networking": false,
            "enable_ip_forwarding": false,
            "id": "/subscriptions/be510eed-cdc2-4632-9501-a44fe47aa346/resourceGroups/Network_Interfaces/providers/Microsoft.Network/networkInterfaces/nic_IDPS_A2",
            "internal_dns_name_label": "",
            "internal_domain_name_suffix": "44q1ddrvezou3nk3wajng4efca.bx.internal.cloudapp.net",
            "ip_configuration": [
              {
                "gateway_load_balancer_frontend_ip_configuration_id": "",
                "name": "IDPS_A2",
                "primary": true,
                "private_ip_address": "10.6.4.4",
                "private_ip_address_allocation": "Static",
                "private_ip_address_version": "IPv4",
                "public_ip_address_id": "",
                "subnet_id": "/subscriptions/be510eed-cdc2-4632-9501-a44fe47aa346/resourceGroups/VNets/providers/Microsoft.Network/virtualNetworks/Vnet_T1/subnets/idps_subnet_B"
              }
            ],
            "location": "eastus",
            "mac_address": "",
            "name": "nic_IDPS_A2",
            "private_ip_address": "10.6.4.4",
            "private_ip_addresses": [
              "10.6.4.4"
            ],
            "resource_group_name": "Network_Interfaces",
            "tags": {
              "Test": "myBluePrint",
              "env": "T1"
            },
            "timeouts": {
              "create": null,
              "delete": "600h",
              "read": null,
              "update": null
            },
            "virtual_machine_id": ""
          },
          "sensitive_attributes": [],
          "private": "eyJlMmJmYjczMC1lY2FhLTExZTYtOGY4OC0zNDM2M2JjN2M0YzAiOnsiY3JlYXRlIjoxODAwMDAwMDAwMDAwLCJkZWxldGUiOjIxNjAwMDAwMDAwMDAwMDAsInJlYWQiOjMwMDAwMDAwMDAwMCwidXBkYXRlIjoxODAwMDAwMDAwMDAwfX0=",
          "dependencies": [
            "module.backupvault.azurerm_backup_policy_vm.default_backup_policy",
            "module.backupvault.azurerm_recovery_services_vault.vault",
            "module.monitoring.azurerm_log_analytics_workspace.loganalyticsdeploy",
            "module.resource_group.azurerm_resource_group.rg",
            "module.setazpolicy.azurerm_management_group_policy_assignment.benchmark",
            "module.setazpolicy.azurerm_management_group_policy_assignment.dataprotect",
            "module.setazpolicy.azurerm_management_group_policy_assignment.governance",
            "module.setazpolicy.azurerm_management_group_policy_assignment.monitor",
            "module.setazpolicy.azurerm_policy_set_definition.dataprotect",
            "module.setazpolicy.azurerm_policy_set_definition.governance",
            "module.setazpolicy.data.azurerm_management_group.mgmntgroup",
            "module.setazpolicy.data.azurerm_subscription.current",
            "module.vnet_t1.azurerm_subnet.subnet",
            "module.vnet_t1.azurerm_virtual_network.vnet"
          ]
        },
        {
          "index_key": 2,
          "schema_version": 0,
          "attributes": {
            "applied_dns_servers": [],
            "dns_servers": [],
            "edge_zone": "",
            "enable_accelerated_networking": false,
            "enable_ip_forwarding": false,
            "id": "/subscriptions/be510eed-cdc2-4632-9501-a44fe47aa346/resourceGroups/Network_Interfaces/providers/Microsoft.Network/networkInterfaces/nic_IDPS_A3",
            "internal_dns_name_label": "",
            "internal_domain_name_suffix": "44q1ddrvezou3nk3wajng4efca.bx.internal.cloudapp.net",
            "ip_configuration": [
              {
                "gateway_load_balancer_frontend_ip_configuration_id": "",
                "name": "IDPS_A3",
                "primary": true,
                "private_ip_address": "10.6.5.6",
                "private_ip_address_allocation": "Static",
                "private_ip_address_version": "IPv4",
                "public_ip_address_id": "",
                "subnet_id": "/subscriptions/be510eed-cdc2-4632-9501-a44fe47aa346/resourceGroups/VNets/providers/Microsoft.Network/virtualNetworks/Vnet_T1/subnets/management_subnet"
              }
            ],
            "location": "eastus",
            "mac_address": "",
            "name": "nic_IDPS_A3",
            "private_ip_address": "10.6.5.6",
            "private_ip_addresses": [
              "10.6.5.6"
            ],
            "resource_group_name": "Network_Interfaces",
            "tags": {
              "Test": "myBluePrint",
              "env": "T1"
            },
            "timeouts": {
              "create": null,
              "delete": "600h",
              "read": null,
              "update": null
            },
            "virtual_machine_id": ""
          },
          "sensitive_attributes": [],
          "private": "eyJlMmJmYjczMC1lY2FhLTExZTYtOGY4OC0zNDM2M2JjN2M0YzAiOnsiY3JlYXRlIjoxODAwMDAwMDAwMDAwLCJkZWxldGUiOjIxNjAwMDAwMDAwMDAwMDAsInJlYWQiOjMwMDAwMDAwMDAwMCwidXBkYXRlIjoxODAwMDAwMDAwMDAwfX0=",
          "dependencies": [
            "module.backupvault.azurerm_backup_policy_vm.default_backup_policy",
            "module.backupvault.azurerm_recovery_services_vault.vault",
            "module.monitoring.azurerm_log_analytics_workspace.loganalyticsdeploy",
            "module.resource_group.azurerm_resource_group.rg",
            "module.setazpolicy.azurerm_management_group_policy_assignment.benchmark",
            "module.setazpolicy.azurerm_management_group_policy_assignment.dataprotect",
            "module.setazpolicy.azurerm_management_group_policy_assignment.governance",
            "module.setazpolicy.azurerm_management_group_policy_assignment.monitor",
            "module.setazpolicy.azurerm_policy_set_definition.dataprotect",
            "module.setazpolicy.azurerm_policy_set_definition.governance",
            "module.setazpolicy.data.azurerm_management_group.mgmntgroup",
            "module.setazpolicy.data.azurerm_subscription.current",
            "module.vnet_t1.azurerm_subnet.subnet",
            "module.vnet_t1.azurerm_virtual_network.vnet"
          ]
        },
        {
          "index_key": 3,
          "schema_version": 0,
          "attributes": {
            "applied_dns_servers": [],
            "dns_servers": [],
            "edge_zone": "",
            "enable_accelerated_networking": false,
            "enable_ip_forwarding": false,
            "id": "/subscriptions/be510eed-cdc2-4632-9501-a44fe47aa346/resourceGroups/Network_Interfaces/providers/Microsoft.Network/networkInterfaces/nic_IDPS_A4",
            "internal_dns_name_label": "",
            "internal_domain_name_suffix": "44q1ddrvezou3nk3wajng4efca.bx.internal.cloudapp.net",
            "ip_configuration": [
              {
                "gateway_load_balancer_frontend_ip_configuration_id": "",
                "name": "IDPS_A4",
                "primary": true,
                "private_ip_address": "10.6.6.6",
                "private_ip_address_allocation": "Static",
                "private_ip_address_version": "IPv4",
                "public_ip_address_id": "",
                "subnet_id": "/subscriptions/be510eed-cdc2-4632-9501-a44fe47aa346/resourceGroups/VNets/providers/Microsoft.Network/virtualNetworks/Vnet_T1/subnets/lb_subnet"
              }
            ],
            "location": "eastus",
            "mac_address": "",
            "name": "nic_IDPS_A4",
            "private_ip_address": "10.6.6.6",
            "private_ip_addresses": [
              "10.6.6.6"
            ],
            "resource_group_name": "Network_Interfaces",
            "tags": {
              "Test": "myBluePrint",
              "env": "T1"
            },
            "timeouts": {
              "create": null,
              "delete": "600h",
              "read": null,
              "update": null
            },
            "virtual_machine_id": ""
          },
          "sensitive_attributes": [],
          "private": "eyJlMmJmYjczMC1lY2FhLTExZTYtOGY4OC0zNDM2M2JjN2M0YzAiOnsiY3JlYXRlIjoxODAwMDAwMDAwMDAwLCJkZWxldGUiOjIxNjAwMDAwMDAwMDAwMDAsInJlYWQiOjMwMDAwMDAwMDAwMCwidXBkYXRlIjoxODAwMDAwMDAwMDAwfX0=",
          "dependencies": [
            "module.backupvault.azurerm_backup_policy_vm.default_backup_policy",
            "module.backupvault.azurerm_recovery_services_vault.vault",
            "module.monitoring.azurerm_log_analytics_workspace.loganalyticsdeploy",
            "module.resource_group.azurerm_resource_group.rg",
            "module.setazpolicy.azurerm_management_group_policy_assignment.benchmark",
            "module.setazpolicy.azurerm_management_group_policy_assignment.dataprotect",
            "module.setazpolicy.azurerm_management_group_policy_assignment.governance",
            "module.setazpolicy.azurerm_management_group_policy_assignment.monitor",
            "module.setazpolicy.azurerm_policy_set_definition.dataprotect",
            "module.setazpolicy.azurerm_policy_set_definition.governance",
            "module.setazpolicy.data.azurerm_management_group.mgmntgroup",
            "module.setazpolicy.data.azurerm_subscription.current",
            "module.vnet_t1.azurerm_subnet.subnet",
            "module.vnet_t1.azurerm_virtual_network.vnet"
          ]
        }
      ]
    },
    {
      "module": "module.nic_idps_A",
      "mode": "managed",
      "type": "azurerm_network_security_group",
      "name": "nsg",
      "provider": "provider[\"registry.terraform.io/hashicorp/azurerm\"].NameOfSubscription",
      "instances": [
        {
          "schema_version": 0,
          "attributes": {
            "id": "/subscriptions/be510eed-cdc2-4632-9501-a44fe47aa346/resourceGroups/Network_Interfaces/providers/Microsoft.Network/networkSecurityGroups/idps_A_nsg",
            "location": "eastus",
            "name": "idps_A_nsg",
            "resource_group_name": "Network_Interfaces",
            "security_rule": [
              {
                "access": "Allow",
                "description": "",
                "destination_address_prefix": "*",
                "destination_address_prefixes": [],
                "destination_application_security_group_ids": [],
                "destination_port_range": "22",
                "destination_port_ranges": [],
                "direction": "Inbound",
                "name": "AllowAnySSHInbound",
                "priority": 100,
                "protocol": "Tcp",
                "source_address_prefix": "*",
                "source_address_prefixes": [],
                "source_application_security_group_ids": [],
                "source_port_range": "22",
                "source_port_ranges": []
              }
            ],
            "tags": {
              "Test": "myBluePrint"
            },
            "timeouts": null
          },
          "sensitive_attributes": [],
          "private": "eyJlMmJmYjczMC1lY2FhLTExZTYtOGY4OC0zNDM2M2JjN2M0YzAiOnsiY3JlYXRlIjoxODAwMDAwMDAwMDAwLCJkZWxldGUiOjE4MDAwMDAwMDAwMDAsInJlYWQiOjMwMDAwMDAwMDAwMCwidXBkYXRlIjoxODAwMDAwMDAwMDAwfX0=",
          "dependencies": [
            "module.backupvault.azurerm_backup_policy_vm.default_backup_policy",
            "module.backupvault.azurerm_recovery_services_vault.vault",
            "module.monitoring.azurerm_log_analytics_workspace.loganalyticsdeploy",
            "module.resource_group.azurerm_resource_group.rg",
            "module.setazpolicy.azurerm_management_group_policy_assignment.benchmark",
            "module.setazpolicy.azurerm_management_group_policy_assignment.dataprotect",
            "module.setazpolicy.azurerm_management_group_policy_assignment.governance",
            "module.setazpolicy.azurerm_management_group_policy_assignment.monitor",
            "module.setazpolicy.azurerm_policy_set_definition.dataprotect",
            "module.setazpolicy.azurerm_policy_set_definition.governance",
            "module.setazpolicy.data.azurerm_management_group.mgmntgroup",
            "module.setazpolicy.data.azurerm_subscription.current"
          ]
        }
      ]
    },
    {
      "module": "module.nic_idps_A",
      "mode": "managed",
      "type": "azurerm_subnet_network_security_group_association",
      "name": "example",
      "provider": "provider[\"registry.terraform.io/hashicorp/azurerm\"].NameOfSubscription",
      "instances": [
        {
          "index_key": 0,
          "schema_version": 0,
          "attributes": {
            "id": "/subscriptions/be510eed-cdc2-4632-9501-a44fe47aa346/resourceGroups/VNets/providers/Microsoft.Network/virtualNetworks/Vnet_T1/subnets/idps_subnet_A",
            "network_security_group_id": "/subscriptions/be510eed-cdc2-4632-9501-a44fe47aa346/resourceGroups/Network_Interfaces/providers/Microsoft.Network/networkSecurityGroups/idps_A_nsg",
            "subnet_id": "/subscriptions/be510eed-cdc2-4632-9501-a44fe47aa346/resourceGroups/VNets/providers/Microsoft.Network/virtualNetworks/Vnet_T1/subnets/idps_subnet_A",
            "timeouts": null
          },
          "sensitive_attributes": [],
          "private": "eyJlMmJmYjczMC1lY2FhLTExZTYtOGY4OC0zNDM2M2JjN2M0YzAiOnsiY3JlYXRlIjoxODAwMDAwMDAwMDAwLCJkZWxldGUiOjE4MDAwMDAwMDAwMDAsInJlYWQiOjMwMDAwMDAwMDAwMCwidXBkYXRlIjoxODAwMDAwMDAwMDAwfX0=",
          "dependencies": [
            "module.backupvault.azurerm_backup_policy_vm.default_backup_policy",
            "module.backupvault.azurerm_recovery_services_vault.vault",
            "module.monitoring.azurerm_log_analytics_workspace.loganalyticsdeploy",
            "module.nic_idps_A.azurerm_network_security_group.nsg",
            "module.resource_group.azurerm_resource_group.rg",
            "module.setazpolicy.azurerm_management_group_policy_assignment.benchmark",
            "module.setazpolicy.azurerm_management_group_policy_assignment.dataprotect",
            "module.setazpolicy.azurerm_management_group_policy_assignment.governance",
            "module.setazpolicy.azurerm_management_group_policy_assignment.monitor",
            "module.setazpolicy.azurerm_policy_set_definition.dataprotect",
            "module.setazpolicy.azurerm_policy_set_definition.governance",
            "module.setazpolicy.data.azurerm_management_group.mgmntgroup",
            "module.setazpolicy.data.azurerm_subscription.current",
            "module.vnet_t1.azurerm_subnet.subnet",
            "module.vnet_t1.azurerm_virtual_network.vnet"
          ]
        },
        {
          "index_key": 1,
          "schema_version": 0,
          "attributes": {
            "id": "/subscriptions/be510eed-cdc2-4632-9501-a44fe47aa346/resourceGroups/VNets/providers/Microsoft.Network/virtualNetworks/Vnet_T1/subnets/idps_subnet_B",
            "network_security_group_id": "/subscriptions/be510eed-cdc2-4632-9501-a44fe47aa346/resourceGroups/Network_Interfaces/providers/Microsoft.Network/networkSecurityGroups/idps_A_nsg",
            "subnet_id": "/subscriptions/be510eed-cdc2-4632-9501-a44fe47aa346/resourceGroups/VNets/providers/Microsoft.Network/virtualNetworks/Vnet_T1/subnets/idps_subnet_B",
            "timeouts": null
          },
          "sensitive_attributes": [],
          "private": "eyJlMmJmYjczMC1lY2FhLTExZTYtOGY4OC0zNDM2M2JjN2M0YzAiOnsiY3JlYXRlIjoxODAwMDAwMDAwMDAwLCJkZWxldGUiOjE4MDAwMDAwMDAwMDAsInJlYWQiOjMwMDAwMDAwMDAwMCwidXBkYXRlIjoxODAwMDAwMDAwMDAwfX0=",
          "dependencies": [
            "module.backupvault.azurerm_backup_policy_vm.default_backup_policy",
            "module.backupvault.azurerm_recovery_services_vault.vault",
            "module.monitoring.azurerm_log_analytics_workspace.loganalyticsdeploy",
            "module.nic_idps_A.azurerm_network_security_group.nsg",
            "module.resource_group.azurerm_resource_group.rg",
            "module.setazpolicy.azurerm_management_group_policy_assignment.benchmark",
            "module.setazpolicy.azurerm_management_group_policy_assignment.dataprotect",
            "module.setazpolicy.azurerm_management_group_policy_assignment.governance",
            "module.setazpolicy.azurerm_management_group_policy_assignment.monitor",
            "module.setazpolicy.azurerm_policy_set_definition.dataprotect",
            "module.setazpolicy.azurerm_policy_set_definition.governance",
            "module.setazpolicy.data.azurerm_management_group.mgmntgroup",
            "module.setazpolicy.data.azurerm_subscription.current",
            "module.vnet_t1.azurerm_subnet.subnet",
            "module.vnet_t1.azurerm_virtual_network.vnet"
          ]
        }
      ]
    },
    {
      "module": "module.nic_idps_B",
      "mode": "managed",
      "type": "azurerm_network_interface",
      "name": "nic",
      "provider": "provider[\"registry.terraform.io/hashicorp/azurerm\"].NameOfSubscription",
      "instances": [
        {
          "index_key": 0,
          "schema_version": 0,
          "attributes": {
            "applied_dns_servers": [],
            "dns_servers": [],
            "edge_zone": "",
            "enable_accelerated_networking": false,
            "enable_ip_forwarding": false,
            "id": "/subscriptions/be510eed-cdc2-4632-9501-a44fe47aa346/resourceGroups/Network_Interfaces/providers/Microsoft.Network/networkInterfaces/nic_IDPS_B1",
            "internal_dns_name_label": "",
            "internal_domain_name_suffix": "44q1ddrvezou3nk3wajng4efca.bx.internal.cloudapp.net",
            "ip_configuration": [
              {
                "gateway_load_balancer_frontend_ip_configuration_id": "",
                "name": "IDPS_B1",
                "primary": true,
                "private_ip_address": "10.6.3.5",
                "private_ip_address_allocation": "Static",
                "private_ip_address_version": "IPv4",
                "public_ip_address_id": "",
                "subnet_id": "/subscriptions/be510eed-cdc2-4632-9501-a44fe47aa346/resourceGroups/VNets/providers/Microsoft.Network/virtualNetworks/Vnet_T1/subnets/idps_subnet_A"
              }
            ],
            "location": "eastus",
            "mac_address": "",
            "name": "nic_IDPS_B1",
            "private_ip_address": "10.6.3.5",
            "private_ip_addresses": [
              "10.6.3.5"
            ],
            "resource_group_name": "Network_Interfaces",
            "tags": {
              "Test": "myBluePrint",
              "env": "T1"
            },
            "timeouts": {
              "create": null,
              "delete": "600h",
              "read": null,
              "update": null
            },
            "virtual_machine_id": ""
          },
          "sensitive_attributes": [],
          "private": "eyJlMmJmYjczMC1lY2FhLTExZTYtOGY4OC0zNDM2M2JjN2M0YzAiOnsiY3JlYXRlIjoxODAwMDAwMDAwMDAwLCJkZWxldGUiOjIxNjAwMDAwMDAwMDAwMDAsInJlYWQiOjMwMDAwMDAwMDAwMCwidXBkYXRlIjoxODAwMDAwMDAwMDAwfX0=",
          "dependencies": [
            "module.backupvault.azurerm_backup_policy_vm.default_backup_policy",
            "module.backupvault.azurerm_recovery_services_vault.vault",
            "module.monitoring.azurerm_log_analytics_workspace.loganalyticsdeploy",
            "module.resource_group.azurerm_resource_group.rg",
            "module.setazpolicy.azurerm_management_group_policy_assignment.benchmark",
            "module.setazpolicy.azurerm_management_group_policy_assignment.dataprotect",
            "module.setazpolicy.azurerm_management_group_policy_assignment.governance",
            "module.setazpolicy.azurerm_management_group_policy_assignment.monitor",
            "module.setazpolicy.azurerm_policy_set_definition.dataprotect",
            "module.setazpolicy.azurerm_policy_set_definition.governance",
            "module.setazpolicy.data.azurerm_management_group.mgmntgroup",
            "module.setazpolicy.data.azurerm_subscription.current",
            "module.vnet_t1.azurerm_subnet.subnet",
            "module.vnet_t1.azurerm_virtual_network.vnet"
          ]
        },
        {
          "index_key": 1,
          "schema_version": 0,
          "attributes": {
            "applied_dns_servers": [],
            "dns_servers": [],
            "edge_zone": "",
            "enable_accelerated_networking": false,
            "enable_ip_forwarding": false,
            "id": "/subscriptions/be510eed-cdc2-4632-9501-a44fe47aa346/resourceGroups/Network_Interfaces/providers/Microsoft.Network/networkInterfaces/nic_IDPS_B2",
            "internal_dns_name_label": "",
            "internal_domain_name_suffix": "44q1ddrvezou3nk3wajng4efca.bx.internal.cloudapp.net",
            "ip_configuration": [
              {
                "gateway_load_balancer_frontend_ip_configuration_id": "",
                "name": "IDPS_B2",
                "primary": true,
                "private_ip_address": "10.6.4.5",
                "private_ip_address_allocation": "Static",
                "private_ip_address_version": "IPv4",
                "public_ip_address_id": "",
                "subnet_id": "/subscriptions/be510eed-cdc2-4632-9501-a44fe47aa346/resourceGroups/VNets/providers/Microsoft.Network/virtualNetworks/Vnet_T1/subnets/idps_subnet_B"
              }
            ],
            "location": "eastus",
            "mac_address": "",
            "name": "nic_IDPS_B2",
            "private_ip_address": "10.6.4.5",
            "private_ip_addresses": [
              "10.6.4.5"
            ],
            "resource_group_name": "Network_Interfaces",
            "tags": {
              "Test": "myBluePrint",
              "env": "T1"
            },
            "timeouts": {
              "create": null,
              "delete": "600h",
              "read": null,
              "update": null
            },
            "virtual_machine_id": ""
          },
          "sensitive_attributes": [],
          "private": "eyJlMmJmYjczMC1lY2FhLTExZTYtOGY4OC0zNDM2M2JjN2M0YzAiOnsiY3JlYXRlIjoxODAwMDAwMDAwMDAwLCJkZWxldGUiOjIxNjAwMDAwMDAwMDAwMDAsInJlYWQiOjMwMDAwMDAwMDAwMCwidXBkYXRlIjoxODAwMDAwMDAwMDAwfX0=",
          "dependencies": [
            "module.backupvault.azurerm_backup_policy_vm.default_backup_policy",
            "module.backupvault.azurerm_recovery_services_vault.vault",
            "module.monitoring.azurerm_log_analytics_workspace.loganalyticsdeploy",
            "module.resource_group.azurerm_resource_group.rg",
            "module.setazpolicy.azurerm_management_group_policy_assignment.benchmark",
            "module.setazpolicy.azurerm_management_group_policy_assignment.dataprotect",
            "module.setazpolicy.azurerm_management_group_policy_assignment.governance",
            "module.setazpolicy.azurerm_management_group_policy_assignment.monitor",
            "module.setazpolicy.azurerm_policy_set_definition.dataprotect",
            "module.setazpolicy.azurerm_policy_set_definition.governance",
            "module.setazpolicy.data.azurerm_management_group.mgmntgroup",
            "module.setazpolicy.data.azurerm_subscription.current",
            "module.vnet_t1.azurerm_subnet.subnet",
            "module.vnet_t1.azurerm_virtual_network.vnet"
          ]
        },
        {
          "index_key": 2,
          "schema_version": 0,
          "attributes": {
            "applied_dns_servers": [],
            "dns_servers": [],
            "edge_zone": "",
            "enable_accelerated_networking": false,
            "enable_ip_forwarding": false,
            "id": "/subscriptions/be510eed-cdc2-4632-9501-a44fe47aa346/resourceGroups/Network_Interfaces/providers/Microsoft.Network/networkInterfaces/nic_IDPS_B3",
            "internal_dns_name_label": "",
            "internal_domain_name_suffix": "44q1ddrvezou3nk3wajng4efca.bx.internal.cloudapp.net",
            "ip_configuration": [
              {
                "gateway_load_balancer_frontend_ip_configuration_id": "",
                "name": "IDPS_B3",
                "primary": true,
                "private_ip_address": "10.6.5.7",
                "private_ip_address_allocation": "Static",
                "private_ip_address_version": "IPv4",
                "public_ip_address_id": "",
                "subnet_id": "/subscriptions/be510eed-cdc2-4632-9501-a44fe47aa346/resourceGroups/VNets/providers/Microsoft.Network/virtualNetworks/Vnet_T1/subnets/management_subnet"
              }
            ],
            "location": "eastus",
            "mac_address": "",
            "name": "nic_IDPS_B3",
            "private_ip_address": "10.6.5.7",
            "private_ip_addresses": [
              "10.6.5.7"
            ],
            "resource_group_name": "Network_Interfaces",
            "tags": {
              "Test": "myBluePrint",
              "env": "T1"
            },
            "timeouts": {
              "create": null,
              "delete": "600h",
              "read": null,
              "update": null
            },
            "virtual_machine_id": ""
          },
          "sensitive_attributes": [],
          "private": "eyJlMmJmYjczMC1lY2FhLTExZTYtOGY4OC0zNDM2M2JjN2M0YzAiOnsiY3JlYXRlIjoxODAwMDAwMDAwMDAwLCJkZWxldGUiOjIxNjAwMDAwMDAwMDAwMDAsInJlYWQiOjMwMDAwMDAwMDAwMCwidXBkYXRlIjoxODAwMDAwMDAwMDAwfX0=",
          "dependencies": [
            "module.backupvault.azurerm_backup_policy_vm.default_backup_policy",
            "module.backupvault.azurerm_recovery_services_vault.vault",
            "module.monitoring.azurerm_log_analytics_workspace.loganalyticsdeploy",
            "module.resource_group.azurerm_resource_group.rg",
            "module.setazpolicy.azurerm_management_group_policy_assignment.benchmark",
            "module.setazpolicy.azurerm_management_group_policy_assignment.dataprotect",
            "module.setazpolicy.azurerm_management_group_policy_assignment.governance",
            "module.setazpolicy.azurerm_management_group_policy_assignment.monitor",
            "module.setazpolicy.azurerm_policy_set_definition.dataprotect",
            "module.setazpolicy.azurerm_policy_set_definition.governance",
            "module.setazpolicy.data.azurerm_management_group.mgmntgroup",
            "module.setazpolicy.data.azurerm_subscription.current",
            "module.vnet_t1.azurerm_subnet.subnet",
            "module.vnet_t1.azurerm_virtual_network.vnet"
          ]
        },
        {
          "index_key": 3,
          "schema_version": 0,
          "attributes": {
            "applied_dns_servers": [],
            "dns_servers": [],
            "edge_zone": "",
            "enable_accelerated_networking": false,
            "enable_ip_forwarding": false,
            "id": "/subscriptions/be510eed-cdc2-4632-9501-a44fe47aa346/resourceGroups/Network_Interfaces/providers/Microsoft.Network/networkInterfaces/nic_IDPS_B4",
            "internal_dns_name_label": "",
            "internal_domain_name_suffix": "44q1ddrvezou3nk3wajng4efca.bx.internal.cloudapp.net",
            "ip_configuration": [
              {
                "gateway_load_balancer_frontend_ip_configuration_id": "",
                "name": "IDPS_B4",
                "primary": true,
                "private_ip_address": "10.6.6.7",
                "private_ip_address_allocation": "Static",
                "private_ip_address_version": "IPv4",
                "public_ip_address_id": "",
                "subnet_id": "/subscriptions/be510eed-cdc2-4632-9501-a44fe47aa346/resourceGroups/VNets/providers/Microsoft.Network/virtualNetworks/Vnet_T1/subnets/lb_subnet"
              }
            ],
            "location": "eastus",
            "mac_address": "",
            "name": "nic_IDPS_B4",
            "private_ip_address": "10.6.6.7",
            "private_ip_addresses": [
              "10.6.6.7"
            ],
            "resource_group_name": "Network_Interfaces",
            "tags": {
              "Test": "myBluePrint",
              "env": "T1"
            },
            "timeouts": {
              "create": null,
              "delete": "600h",
              "read": null,
              "update": null
            },
            "virtual_machine_id": ""
          },
          "sensitive_attributes": [],
          "private": "eyJlMmJmYjczMC1lY2FhLTExZTYtOGY4OC0zNDM2M2JjN2M0YzAiOnsiY3JlYXRlIjoxODAwMDAwMDAwMDAwLCJkZWxldGUiOjIxNjAwMDAwMDAwMDAwMDAsInJlYWQiOjMwMDAwMDAwMDAwMCwidXBkYXRlIjoxODAwMDAwMDAwMDAwfX0=",
          "dependencies": [
            "module.backupvault.azurerm_backup_policy_vm.default_backup_policy",
            "module.backupvault.azurerm_recovery_services_vault.vault",
            "module.monitoring.azurerm_log_analytics_workspace.loganalyticsdeploy",
            "module.resource_group.azurerm_resource_group.rg",
            "module.setazpolicy.azurerm_management_group_policy_assignment.benchmark",
            "module.setazpolicy.azurerm_management_group_policy_assignment.dataprotect",
            "module.setazpolicy.azurerm_management_group_policy_assignment.governance",
            "module.setazpolicy.azurerm_management_group_policy_assignment.monitor",
            "module.setazpolicy.azurerm_policy_set_definition.dataprotect",
            "module.setazpolicy.azurerm_policy_set_definition.governance",
            "module.setazpolicy.data.azurerm_management_group.mgmntgroup",
            "module.setazpolicy.data.azurerm_subscription.current",
            "module.vnet_t1.azurerm_subnet.subnet",
            "module.vnet_t1.azurerm_virtual_network.vnet"
          ]
        }
      ]
    },
    {
      "module": "module.nic_idps_B",
      "mode": "managed",
      "type": "azurerm_network_security_group",
      "name": "nsg",
      "provider": "provider[\"registry.terraform.io/hashicorp/azurerm\"].NameOfSubscription",
      "instances": [
        {
          "schema_version": 0,
          "attributes": {
            "id": "/subscriptions/be510eed-cdc2-4632-9501-a44fe47aa346/resourceGroups/Network_Interfaces/providers/Microsoft.Network/networkSecurityGroups/idps_B_nsg",
            "location": "eastus",
            "name": "idps_B_nsg",
            "resource_group_name": "Network_Interfaces",
            "security_rule": [
              {
                "access": "Allow",
                "description": "",
                "destination_address_prefix": "*",
                "destination_address_prefixes": [],
                "destination_application_security_group_ids": [],
                "destination_port_range": "22",
                "destination_port_ranges": [],
                "direction": "Inbound",
                "name": "AllowAnySSHInbound",
                "priority": 100,
                "protocol": "Tcp",
                "source_address_prefix": "*",
                "source_address_prefixes": [],
                "source_application_security_group_ids": [],
                "source_port_range": "22",
                "source_port_ranges": []
              }
            ],
            "tags": {
              "Test": "myBluePrint"
            },
            "timeouts": null
          },
          "sensitive_attributes": [],
          "private": "eyJlMmJmYjczMC1lY2FhLTExZTYtOGY4OC0zNDM2M2JjN2M0YzAiOnsiY3JlYXRlIjoxODAwMDAwMDAwMDAwLCJkZWxldGUiOjE4MDAwMDAwMDAwMDAsInJlYWQiOjMwMDAwMDAwMDAwMCwidXBkYXRlIjoxODAwMDAwMDAwMDAwfX0=",
          "dependencies": [
            "module.backupvault.azurerm_backup_policy_vm.default_backup_policy",
            "module.backupvault.azurerm_recovery_services_vault.vault",
            "module.monitoring.azurerm_log_analytics_workspace.loganalyticsdeploy",
            "module.resource_group.azurerm_resource_group.rg",
            "module.setazpolicy.azurerm_management_group_policy_assignment.benchmark",
            "module.setazpolicy.azurerm_management_group_policy_assignment.dataprotect",
            "module.setazpolicy.azurerm_management_group_policy_assignment.governance",
            "module.setazpolicy.azurerm_management_group_policy_assignment.monitor",
            "module.setazpolicy.azurerm_policy_set_definition.dataprotect",
            "module.setazpolicy.azurerm_policy_set_definition.governance",
            "module.setazpolicy.data.azurerm_management_group.mgmntgroup",
            "module.setazpolicy.data.azurerm_subscription.current"
          ]
        }
      ]
    },
    {
      "module": "module.nic_t2_A",
      "mode": "managed",
      "type": "azurerm_network_interface",
      "name": "nic_t2",
      "provider": "provider[\"registry.terraform.io/hashicorp/azurerm\"].NameOfSubscription1",
      "instances": [
        {
          "index_key": 0,
          "schema_version": 0,
          "attributes": {
            "applied_dns_servers": [],
            "dns_servers": [],
            "edge_zone": "",
            "enable_accelerated_networking": false,
            "enable_ip_forwarding": false,
            "id": "/subscriptions/27adeba3-f0dc-4d7e-ae23-3ccc9a73f37d/resourceGroups/Network_Interfaces/providers/Microsoft.Network/networkInterfaces/nic_T2fW_A1",
            "internal_dns_name_label": "",
            "internal_domain_name_suffix": "hu3bu0pbsjxunfzxegxom2rprh.bx.internal.cloudapp.net",
            "ip_configuration": [
              {
                "gateway_load_balancer_frontend_ip_configuration_id": "",
                "name": "T2fW_A1",
                "primary": true,
                "private_ip_address": "10.8.0.5",
                "private_ip_address_allocation": "Static",
                "private_ip_address_version": "IPv4",
                "public_ip_address_id": "",
                "subnet_id": "/subscriptions/27adeba3-f0dc-4d7e-ae23-3ccc9a73f37d/resourceGroups/VNets/providers/Microsoft.Network/virtualNetworks/Vnet_T2/subnets/fw_A_subnet_t2"
              }
            ],
            "location": "eastus",
            "mac_address": "",
            "name": "nic_T2fW_A1",
            "private_ip_address": "10.8.0.5",
            "private_ip_addresses": [
              "10.8.0.5"
            ],
            "resource_group_name": "Network_Interfaces",
            "tags": {
              "env": "T2"
            },
            "timeouts": {
              "create": null,
              "delete": "600h",
              "read": null,
              "update": null
            },
            "virtual_machine_id": ""
          },
          "sensitive_attributes": [],
          "private": "eyJlMmJmYjczMC1lY2FhLTExZTYtOGY4OC0zNDM2M2JjN2M0YzAiOnsiY3JlYXRlIjoxODAwMDAwMDAwMDAwLCJkZWxldGUiOjIxNjAwMDAwMDAwMDAwMDAsInJlYWQiOjMwMDAwMDAwMDAwMCwidXBkYXRlIjoxODAwMDAwMDAwMDAwfX0=",
          "dependencies": [
            "module.backupvault.azurerm_backup_policy_vm.default_backup_policy",
            "module.backupvault.azurerm_recovery_services_vault.vault",
            "module.monitoring.azurerm_log_analytics_workspace.loganalyticsdeploy",
            "module.resource_group.azurerm_resource_group.rg",
            "module.setazpolicy.azurerm_management_group_policy_assignment.benchmark",
            "module.setazpolicy.azurerm_management_group_policy_assignment.dataprotect",
            "module.setazpolicy.azurerm_management_group_policy_assignment.governance",
            "module.setazpolicy.azurerm_management_group_policy_assignment.monitor",
            "module.setazpolicy.azurerm_policy_set_definition.dataprotect",
            "module.setazpolicy.azurerm_policy_set_definition.governance",
            "module.setazpolicy.data.azurerm_management_group.mgmntgroup",
            "module.setazpolicy.data.azurerm_subscription.current",
            "module.vnet_t2.azurerm_subnet.subnet_t2",
            "module.vnet_t2.azurerm_virtual_network.vnet_t2"
          ]
        },
        {
          "index_key": 1,
          "schema_version": 0,
          "attributes": {
            "applied_dns_servers": [],
            "dns_servers": [],
            "edge_zone": "",
            "enable_accelerated_networking": false,
            "enable_ip_forwarding": false,
            "id": "/subscriptions/27adeba3-f0dc-4d7e-ae23-3ccc9a73f37d/resourceGroups/Network_Interfaces/providers/Microsoft.Network/networkInterfaces/nic_T2fW_A2",
            "internal_dns_name_label": "",
            "internal_domain_name_suffix": "hu3bu0pbsjxunfzxegxom2rprh.bx.internal.cloudapp.net",
            "ip_configuration": [
              {
                "gateway_load_balancer_frontend_ip_configuration_id": "",
                "name": "T2fW_A2",
                "primary": true,
                "private_ip_address": "10.8.0.6",
                "private_ip_address_allocation": "Static",
                "private_ip_address_version": "IPv4",
                "public_ip_address_id": "",
                "subnet_id": "/subscriptions/27adeba3-f0dc-4d7e-ae23-3ccc9a73f37d/resourceGroups/VNets/providers/Microsoft.Network/virtualNetworks/Vnet_T2/subnets/fw_A_subnet_t2"
              }
            ],
            "location": "eastus",
            "mac_address": "",
            "name": "nic_T2fW_A2",
            "private_ip_address": "10.8.0.6",
            "private_ip_addresses": [
              "10.8.0.6"
            ],
            "resource_group_name": "Network_Interfaces",
            "tags": {
              "env": "T2"
            },
            "timeouts": {
              "create": null,
              "delete": "600h",
              "read": null,
              "update": null
            },
            "virtual_machine_id": ""
          },
          "sensitive_attributes": [],
          "private": "eyJlMmJmYjczMC1lY2FhLTExZTYtOGY4OC0zNDM2M2JjN2M0YzAiOnsiY3JlYXRlIjoxODAwMDAwMDAwMDAwLCJkZWxldGUiOjIxNjAwMDAwMDAwMDAwMDAsInJlYWQiOjMwMDAwMDAwMDAwMCwidXBkYXRlIjoxODAwMDAwMDAwMDAwfX0=",
          "dependencies": [
            "module.backupvault.azurerm_backup_policy_vm.default_backup_policy",
            "module.backupvault.azurerm_recovery_services_vault.vault",
            "module.monitoring.azurerm_log_analytics_workspace.loganalyticsdeploy",
            "module.resource_group.azurerm_resource_group.rg",
            "module.setazpolicy.azurerm_management_group_policy_assignment.benchmark",
            "module.setazpolicy.azurerm_management_group_policy_assignment.dataprotect",
            "module.setazpolicy.azurerm_management_group_policy_assignment.governance",
            "module.setazpolicy.azurerm_management_group_policy_assignment.monitor",
            "module.setazpolicy.azurerm_policy_set_definition.dataprotect",
            "module.setazpolicy.azurerm_policy_set_definition.governance",
            "module.setazpolicy.data.azurerm_management_group.mgmntgroup",
            "module.setazpolicy.data.azurerm_subscription.current",
            "module.vnet_t2.azurerm_subnet.subnet_t2",
            "module.vnet_t2.azurerm_virtual_network.vnet_t2"
          ]
        },
        {
          "index_key": 2,
          "schema_version": 0,
          "attributes": {
            "applied_dns_servers": [],
            "dns_servers": [],
            "edge_zone": "",
            "enable_accelerated_networking": false,
            "enable_ip_forwarding": false,
            "id": "/subscriptions/27adeba3-f0dc-4d7e-ae23-3ccc9a73f37d/resourceGroups/Network_Interfaces/providers/Microsoft.Network/networkInterfaces/nic_T2fW_A3",
            "internal_dns_name_label": "",
            "internal_domain_name_suffix": "hu3bu0pbsjxunfzxegxom2rprh.bx.internal.cloudapp.net",
            "ip_configuration": [
              {
                "gateway_load_balancer_frontend_ip_configuration_id": "",
                "name": "T2fW_A3",
                "primary": true,
                "private_ip_address": "10.8.0.37",
                "private_ip_address_allocation": "Static",
                "private_ip_address_version": "IPv4",
                "public_ip_address_id": "",
                "subnet_id": "/subscriptions/27adeba3-f0dc-4d7e-ae23-3ccc9a73f37d/resourceGroups/VNets/providers/Microsoft.Network/virtualNetworks/Vnet_T2/subnets/fw_B_subnet_t2"
              }
            ],
            "location": "eastus",
            "mac_address": "",
            "name": "nic_T2fW_A3",
            "private_ip_address": "10.8.0.37",
            "private_ip_addresses": [
              "10.8.0.37"
            ],
            "resource_group_name": "Network_Interfaces",
            "tags": {
              "env": "T2"
            },
            "timeouts": {
              "create": null,
              "delete": "600h",
              "read": null,
              "update": null
            },
            "virtual_machine_id": ""
          },
          "sensitive_attributes": [],
          "private": "eyJlMmJmYjczMC1lY2FhLTExZTYtOGY4OC0zNDM2M2JjN2M0YzAiOnsiY3JlYXRlIjoxODAwMDAwMDAwMDAwLCJkZWxldGUiOjIxNjAwMDAwMDAwMDAwMDAsInJlYWQiOjMwMDAwMDAwMDAwMCwidXBkYXRlIjoxODAwMDAwMDAwMDAwfX0=",
          "dependencies": [
            "module.backupvault.azurerm_backup_policy_vm.default_backup_policy",
            "module.backupvault.azurerm_recovery_services_vault.vault",
            "module.monitoring.azurerm_log_analytics_workspace.loganalyticsdeploy",
            "module.resource_group.azurerm_resource_group.rg",
            "module.setazpolicy.azurerm_management_group_policy_assignment.benchmark",
            "module.setazpolicy.azurerm_management_group_policy_assignment.dataprotect",
            "module.setazpolicy.azurerm_management_group_policy_assignment.governance",
            "module.setazpolicy.azurerm_management_group_policy_assignment.monitor",
            "module.setazpolicy.azurerm_policy_set_definition.dataprotect",
            "module.setazpolicy.azurerm_policy_set_definition.governance",
            "module.setazpolicy.data.azurerm_management_group.mgmntgroup",
            "module.setazpolicy.data.azurerm_subscription.current",
            "module.vnet_t2.azurerm_subnet.subnet_t2",
            "module.vnet_t2.azurerm_virtual_network.vnet_t2"
          ]
        },
        {
          "index_key": 3,
          "schema_version": 0,
          "attributes": {
            "applied_dns_servers": [],
            "dns_servers": [],
            "edge_zone": "",
            "enable_accelerated_networking": false,
            "enable_ip_forwarding": false,
            "id": "/subscriptions/27adeba3-f0dc-4d7e-ae23-3ccc9a73f37d/resourceGroups/Network_Interfaces/providers/Microsoft.Network/networkInterfaces/nic_T2fW_A4",
            "internal_dns_name_label": "",
            "internal_domain_name_suffix": "hu3bu0pbsjxunfzxegxom2rprh.bx.internal.cloudapp.net",
            "ip_configuration": [
              {
                "gateway_load_balancer_frontend_ip_configuration_id": "",
                "name": "T2fW_A4",
                "primary": true,
                "private_ip_address": "10.8.0.38",
                "private_ip_address_allocation": "Static",
                "private_ip_address_version": "IPv4",
                "public_ip_address_id": "",
                "subnet_id": "/subscriptions/27adeba3-f0dc-4d7e-ae23-3ccc9a73f37d/resourceGroups/VNets/providers/Microsoft.Network/virtualNetworks/Vnet_T2/subnets/fw_B_subnet_t2"
              }
            ],
            "location": "eastus",
            "mac_address": "",
            "name": "nic_T2fW_A4",
            "private_ip_address": "10.8.0.38",
            "private_ip_addresses": [
              "10.8.0.38"
            ],
            "resource_group_name": "Network_Interfaces",
            "tags": {
              "env": "T2"
            },
            "timeouts": {
              "create": null,
              "delete": "600h",
              "read": null,
              "update": null
            },
            "virtual_machine_id": ""
          },
          "sensitive_attributes": [],
          "private": "eyJlMmJmYjczMC1lY2FhLTExZTYtOGY4OC0zNDM2M2JjN2M0YzAiOnsiY3JlYXRlIjoxODAwMDAwMDAwMDAwLCJkZWxldGUiOjIxNjAwMDAwMDAwMDAwMDAsInJlYWQiOjMwMDAwMDAwMDAwMCwidXBkYXRlIjoxODAwMDAwMDAwMDAwfX0=",
          "dependencies": [
            "module.backupvault.azurerm_backup_policy_vm.default_backup_policy",
            "module.backupvault.azurerm_recovery_services_vault.vault",
            "module.monitoring.azurerm_log_analytics_workspace.loganalyticsdeploy",
            "module.resource_group.azurerm_resource_group.rg",
            "module.setazpolicy.azurerm_management_group_policy_assignment.benchmark",
            "module.setazpolicy.azurerm_management_group_policy_assignment.dataprotect",
            "module.setazpolicy.azurerm_management_group_policy_assignment.governance",
            "module.setazpolicy.azurerm_management_group_policy_assignment.monitor",
            "module.setazpolicy.azurerm_policy_set_definition.dataprotect",
            "module.setazpolicy.azurerm_policy_set_definition.governance",
            "module.setazpolicy.data.azurerm_management_group.mgmntgroup",
            "module.setazpolicy.data.azurerm_subscription.current",
            "module.vnet_t2.azurerm_subnet.subnet_t2",
            "module.vnet_t2.azurerm_virtual_network.vnet_t2"
          ]
        }
      ]
    },
    {
      "module": "module.nic_t2_A",
      "mode": "managed",
      "type": "azurerm_network_security_group",
      "name": "nsg_t2",
      "provider": "provider[\"registry.terraform.io/hashicorp/azurerm\"].NameOfSubscription1",
      "instances": [
        {
          "schema_version": 0,
          "attributes": {
            "id": "/subscriptions/27adeba3-f0dc-4d7e-ae23-3ccc9a73f37d/resourceGroups/Network_Interfaces/providers/Microsoft.Network/networkSecurityGroups/fw_t2_A_nsg",
            "location": "eastus",
            "name": "fw_t2_A_nsg",
            "resource_group_name": "Network_Interfaces",
            "security_rule": [
              {
                "access": "Allow",
                "description": "",
                "destination_address_prefix": "*",
                "destination_address_prefixes": [],
                "destination_application_security_group_ids": [],
                "destination_port_range": "22",
                "destination_port_ranges": [],
                "direction": "Inbound",
                "name": "AllowAnySSHInbound",
                "priority": 100,
                "protocol": "Tcp",
                "source_address_prefix": "*",
                "source_address_prefixes": [],
                "source_application_security_group_ids": [],
                "source_port_range": "22",
                "source_port_ranges": []
              }
            ],
            "tags": null,
            "timeouts": null
          },
          "sensitive_attributes": [],
          "private": "eyJlMmJmYjczMC1lY2FhLTExZTYtOGY4OC0zNDM2M2JjN2M0YzAiOnsiY3JlYXRlIjoxODAwMDAwMDAwMDAwLCJkZWxldGUiOjE4MDAwMDAwMDAwMDAsInJlYWQiOjMwMDAwMDAwMDAwMCwidXBkYXRlIjoxODAwMDAwMDAwMDAwfX0=",
          "dependencies": [
            "module.backupvault.azurerm_backup_policy_vm.default_backup_policy",
            "module.backupvault.azurerm_recovery_services_vault.vault",
            "module.monitoring.azurerm_log_analytics_workspace.loganalyticsdeploy",
            "module.resource_group.azurerm_resource_group.rg",
            "module.setazpolicy.azurerm_management_group_policy_assignment.benchmark",
            "module.setazpolicy.azurerm_management_group_policy_assignment.dataprotect",
            "module.setazpolicy.azurerm_management_group_policy_assignment.governance",
            "module.setazpolicy.azurerm_management_group_policy_assignment.monitor",
            "module.setazpolicy.azurerm_policy_set_definition.dataprotect",
            "module.setazpolicy.azurerm_policy_set_definition.governance",
            "module.setazpolicy.data.azurerm_management_group.mgmntgroup",
            "module.setazpolicy.data.azurerm_subscription.current"
          ]
        }
      ]
    },
    {
      "module": "module.nic_t2_A",
      "mode": "managed",
      "type": "azurerm_subnet_network_security_group_association",
      "name": "example_t2",
      "provider": "provider[\"registry.terraform.io/hashicorp/azurerm\"].NameOfSubscription1",
      "instances": [
        {
          "index_key": 1,
          "schema_version": 0,
          "attributes": {
            "id": "/subscriptions/27adeba3-f0dc-4d7e-ae23-3ccc9a73f37d/resourceGroups/VNets/providers/Microsoft.Network/virtualNetworks/Vnet_T2/subnets/fw_A_subnet_t2",
            "network_security_group_id": "/subscriptions/27adeba3-f0dc-4d7e-ae23-3ccc9a73f37d/resourceGroups/Network_Interfaces/providers/Microsoft.Network/networkSecurityGroups/fw_t2_A_nsg",
            "subnet_id": "/subscriptions/27adeba3-f0dc-4d7e-ae23-3ccc9a73f37d/resourceGroups/VNets/providers/Microsoft.Network/virtualNetworks/Vnet_T2/subnets/fw_A_subnet_t2",
            "timeouts": null
          },
          "sensitive_attributes": [],
          "private": "eyJlMmJmYjczMC1lY2FhLTExZTYtOGY4OC0zNDM2M2JjN2M0YzAiOnsiY3JlYXRlIjoxODAwMDAwMDAwMDAwLCJkZWxldGUiOjE4MDAwMDAwMDAwMDAsInJlYWQiOjMwMDAwMDAwMDAwMCwidXBkYXRlIjoxODAwMDAwMDAwMDAwfX0=",
          "dependencies": [
            "module.backupvault.azurerm_backup_policy_vm.default_backup_policy",
            "module.backupvault.azurerm_recovery_services_vault.vault",
            "module.monitoring.azurerm_log_analytics_workspace.loganalyticsdeploy",
            "module.nic_t2_A.azurerm_network_security_group.nsg_t2",
            "module.resource_group.azurerm_resource_group.rg",
            "module.setazpolicy.azurerm_management_group_policy_assignment.benchmark",
            "module.setazpolicy.azurerm_management_group_policy_assignment.dataprotect",
            "module.setazpolicy.azurerm_management_group_policy_assignment.governance",
            "module.setazpolicy.azurerm_management_group_policy_assignment.monitor",
            "module.setazpolicy.azurerm_policy_set_definition.dataprotect",
            "module.setazpolicy.azurerm_policy_set_definition.governance",
            "module.setazpolicy.data.azurerm_management_group.mgmntgroup",
            "module.setazpolicy.data.azurerm_subscription.current",
            "module.vnet_t2.azurerm_subnet.subnet_t2",
            "module.vnet_t2.azurerm_virtual_network.vnet_t2"
          ]
        },
        {
          "index_key": 2,
          "schema_version": 0,
          "attributes": {
            "id": "/subscriptions/27adeba3-f0dc-4d7e-ae23-3ccc9a73f37d/resourceGroups/VNets/providers/Microsoft.Network/virtualNetworks/Vnet_T2/subnets/fw_B_subnet_t2",
            "network_security_group_id": "/subscriptions/27adeba3-f0dc-4d7e-ae23-3ccc9a73f37d/resourceGroups/Network_Interfaces/providers/Microsoft.Network/networkSecurityGroups/fw_t2_A_nsg",
            "subnet_id": "/subscriptions/27adeba3-f0dc-4d7e-ae23-3ccc9a73f37d/resourceGroups/VNets/providers/Microsoft.Network/virtualNetworks/Vnet_T2/subnets/fw_B_subnet_t2",
            "timeouts": null
          },
          "sensitive_attributes": [],
          "private": "eyJlMmJmYjczMC1lY2FhLTExZTYtOGY4OC0zNDM2M2JjN2M0YzAiOnsiY3JlYXRlIjoxODAwMDAwMDAwMDAwLCJkZWxldGUiOjE4MDAwMDAwMDAwMDAsInJlYWQiOjMwMDAwMDAwMDAwMCwidXBkYXRlIjoxODAwMDAwMDAwMDAwfX0=",
          "dependencies": [
            "module.backupvault.azurerm_backup_policy_vm.default_backup_policy",
            "module.backupvault.azurerm_recovery_services_vault.vault",
            "module.monitoring.azurerm_log_analytics_workspace.loganalyticsdeploy",
            "module.nic_t2_A.azurerm_network_security_group.nsg_t2",
            "module.resource_group.azurerm_resource_group.rg",
            "module.setazpolicy.azurerm_management_group_policy_assignment.benchmark",
            "module.setazpolicy.azurerm_management_group_policy_assignment.dataprotect",
            "module.setazpolicy.azurerm_management_group_policy_assignment.governance",
            "module.setazpolicy.azurerm_management_group_policy_assignment.monitor",
            "module.setazpolicy.azurerm_policy_set_definition.dataprotect",
            "module.setazpolicy.azurerm_policy_set_definition.governance",
            "module.setazpolicy.data.azurerm_management_group.mgmntgroup",
            "module.setazpolicy.data.azurerm_subscription.current",
            "module.vnet_t2.azurerm_subnet.subnet_t2",
            "module.vnet_t2.azurerm_virtual_network.vnet_t2"
          ]
        }
      ]
    },
    {
      "module": "module.nic_t2_B",
      "mode": "managed",
      "type": "azurerm_network_interface",
      "name": "nic_t2",
      "provider": "provider[\"registry.terraform.io/hashicorp/azurerm\"].NameOfSubscription1",
      "instances": [
        {
          "index_key": 0,
          "schema_version": 0,
          "attributes": {
            "applied_dns_servers": [],
            "dns_servers": [],
            "edge_zone": "",
            "enable_accelerated_networking": false,
            "enable_ip_forwarding": false,
            "id": "/subscriptions/27adeba3-f0dc-4d7e-ae23-3ccc9a73f37d/resourceGroups/Network_Interfaces/providers/Microsoft.Network/networkInterfaces/nic_T2fW_B1",
            "internal_dns_name_label": "",
            "internal_domain_name_suffix": "hu3bu0pbsjxunfzxegxom2rprh.bx.internal.cloudapp.net",
            "ip_configuration": [
              {
                "gateway_load_balancer_frontend_ip_configuration_id": "",
                "name": "T2fW_B1",
                "primary": true,
                "private_ip_address": "10.8.0.39",
                "private_ip_address_allocation": "Static",
                "private_ip_address_version": "IPv4",
                "public_ip_address_id": "",
                "subnet_id": "/subscriptions/27adeba3-f0dc-4d7e-ae23-3ccc9a73f37d/resourceGroups/VNets/providers/Microsoft.Network/virtualNetworks/Vnet_T2/subnets/fw_B_subnet_t2"
              }
            ],
            "location": "eastus",
            "mac_address": "",
            "name": "nic_T2fW_B1",
            "private_ip_address": "10.8.0.39",
            "private_ip_addresses": [
              "10.8.0.39"
            ],
            "resource_group_name": "Network_Interfaces",
            "tags": {
              "env": "T2"
            },
            "timeouts": {
              "create": null,
              "delete": "600h",
              "read": null,
              "update": null
            },
            "virtual_machine_id": ""
          },
          "sensitive_attributes": [],
          "private": "eyJlMmJmYjczMC1lY2FhLTExZTYtOGY4OC0zNDM2M2JjN2M0YzAiOnsiY3JlYXRlIjoxODAwMDAwMDAwMDAwLCJkZWxldGUiOjIxNjAwMDAwMDAwMDAwMDAsInJlYWQiOjMwMDAwMDAwMDAwMCwidXBkYXRlIjoxODAwMDAwMDAwMDAwfX0=",
          "dependencies": [
            "module.backupvault.azurerm_backup_policy_vm.default_backup_policy",
            "module.backupvault.azurerm_recovery_services_vault.vault",
            "module.monitoring.azurerm_log_analytics_workspace.loganalyticsdeploy",
            "module.resource_group.azurerm_resource_group.rg",
            "module.setazpolicy.azurerm_management_group_policy_assignment.benchmark",
            "module.setazpolicy.azurerm_management_group_policy_assignment.dataprotect",
            "module.setazpolicy.azurerm_management_group_policy_assignment.governance",
            "module.setazpolicy.azurerm_management_group_policy_assignment.monitor",
            "module.setazpolicy.azurerm_policy_set_definition.dataprotect",
            "module.setazpolicy.azurerm_policy_set_definition.governance",
            "module.setazpolicy.data.azurerm_management_group.mgmntgroup",
            "module.setazpolicy.data.azurerm_subscription.current",
            "module.vnet_t2.azurerm_subnet.subnet_t2",
            "module.vnet_t2.azurerm_virtual_network.vnet_t2"
          ]
        },
        {
          "index_key": 1,
          "schema_version": 0,
          "attributes": {
            "applied_dns_servers": [],
            "dns_servers": [],
            "edge_zone": "",
            "enable_accelerated_networking": false,
            "enable_ip_forwarding": false,
            "id": "/subscriptions/27adeba3-f0dc-4d7e-ae23-3ccc9a73f37d/resourceGroups/Network_Interfaces/providers/Microsoft.Network/networkInterfaces/nic_T2fW_B2",
            "internal_dns_name_label": "",
            "internal_domain_name_suffix": "hu3bu0pbsjxunfzxegxom2rprh.bx.internal.cloudapp.net",
            "ip_configuration": [
              {
                "gateway_load_balancer_frontend_ip_configuration_id": "",
                "name": "T2fW_B2",
                "primary": true,
                "private_ip_address": "10.8.0.40",
                "private_ip_address_allocation": "Static",
                "private_ip_address_version": "IPv4",
                "public_ip_address_id": "",
                "subnet_id": "/subscriptions/27adeba3-f0dc-4d7e-ae23-3ccc9a73f37d/resourceGroups/VNets/providers/Microsoft.Network/virtualNetworks/Vnet_T2/subnets/fw_B_subnet_t2"
              }
            ],
            "location": "eastus",
            "mac_address": "",
            "name": "nic_T2fW_B2",
            "private_ip_address": "10.8.0.40",
            "private_ip_addresses": [
              "10.8.0.40"
            ],
            "resource_group_name": "Network_Interfaces",
            "tags": {
              "env": "T2"
            },
            "timeouts": {
              "create": null,
              "delete": "600h",
              "read": null,
              "update": null
            },
            "virtual_machine_id": ""
          },
          "sensitive_attributes": [],
          "private": "eyJlMmJmYjczMC1lY2FhLTExZTYtOGY4OC0zNDM2M2JjN2M0YzAiOnsiY3JlYXRlIjoxODAwMDAwMDAwMDAwLCJkZWxldGUiOjIxNjAwMDAwMDAwMDAwMDAsInJlYWQiOjMwMDAwMDAwMDAwMCwidXBkYXRlIjoxODAwMDAwMDAwMDAwfX0=",
          "dependencies": [
            "module.backupvault.azurerm_backup_policy_vm.default_backup_policy",
            "module.backupvault.azurerm_recovery_services_vault.vault",
            "module.monitoring.azurerm_log_analytics_workspace.loganalyticsdeploy",
            "module.resource_group.azurerm_resource_group.rg",
            "module.setazpolicy.azurerm_management_group_policy_assignment.benchmark",
            "module.setazpolicy.azurerm_management_group_policy_assignment.dataprotect",
            "module.setazpolicy.azurerm_management_group_policy_assignment.governance",
            "module.setazpolicy.azurerm_management_group_policy_assignment.monitor",
            "module.setazpolicy.azurerm_policy_set_definition.dataprotect",
            "module.setazpolicy.azurerm_policy_set_definition.governance",
            "module.setazpolicy.data.azurerm_management_group.mgmntgroup",
            "module.setazpolicy.data.azurerm_subscription.current",
            "module.vnet_t2.azurerm_subnet.subnet_t2",
            "module.vnet_t2.azurerm_virtual_network.vnet_t2"
          ]
        },
        {
          "index_key": 2,
          "schema_version": 0,
          "attributes": {
            "applied_dns_servers": [],
            "dns_servers": [],
            "edge_zone": "",
            "enable_accelerated_networking": false,
            "enable_ip_forwarding": false,
            "id": "/subscriptions/27adeba3-f0dc-4d7e-ae23-3ccc9a73f37d/resourceGroups/Network_Interfaces/providers/Microsoft.Network/networkInterfaces/nic_T2fW_B3",
            "internal_dns_name_label": "",
            "internal_domain_name_suffix": "hu3bu0pbsjxunfzxegxom2rprh.bx.internal.cloudapp.net",
            "ip_configuration": [
              {
                "gateway_load_balancer_frontend_ip_configuration_id": "",
                "name": "T2fW_B3",
                "primary": true,
                "private_ip_address": "10.8.0.7",
                "private_ip_address_allocation": "Static",
                "private_ip_address_version": "IPv4",
                "public_ip_address_id": "",
                "subnet_id": "/subscriptions/27adeba3-f0dc-4d7e-ae23-3ccc9a73f37d/resourceGroups/VNets/providers/Microsoft.Network/virtualNetworks/Vnet_T2/subnets/fw_A_subnet_t2"
              }
            ],
            "location": "eastus",
            "mac_address": "",
            "name": "nic_T2fW_B3",
            "private_ip_address": "10.8.0.7",
            "private_ip_addresses": [
              "10.8.0.7"
            ],
            "resource_group_name": "Network_Interfaces",
            "tags": {
              "env": "T2"
            },
            "timeouts": {
              "create": null,
              "delete": "600h",
              "read": null,
              "update": null
            },
            "virtual_machine_id": ""
          },
          "sensitive_attributes": [],
          "private": "eyJlMmJmYjczMC1lY2FhLTExZTYtOGY4OC0zNDM2M2JjN2M0YzAiOnsiY3JlYXRlIjoxODAwMDAwMDAwMDAwLCJkZWxldGUiOjIxNjAwMDAwMDAwMDAwMDAsInJlYWQiOjMwMDAwMDAwMDAwMCwidXBkYXRlIjoxODAwMDAwMDAwMDAwfX0=",
          "dependencies": [
            "module.backupvault.azurerm_backup_policy_vm.default_backup_policy",
            "module.backupvault.azurerm_recovery_services_vault.vault",
            "module.monitoring.azurerm_log_analytics_workspace.loganalyticsdeploy",
            "module.resource_group.azurerm_resource_group.rg",
            "module.setazpolicy.azurerm_management_group_policy_assignment.benchmark",
            "module.setazpolicy.azurerm_management_group_policy_assignment.dataprotect",
            "module.setazpolicy.azurerm_management_group_policy_assignment.governance",
            "module.setazpolicy.azurerm_management_group_policy_assignment.monitor",
            "module.setazpolicy.azurerm_policy_set_definition.dataprotect",
            "module.setazpolicy.azurerm_policy_set_definition.governance",
            "module.setazpolicy.data.azurerm_management_group.mgmntgroup",
            "module.setazpolicy.data.azurerm_subscription.current",
            "module.vnet_t2.azurerm_subnet.subnet_t2",
            "module.vnet_t2.azurerm_virtual_network.vnet_t2"
          ]
        },
        {
          "index_key": 3,
          "schema_version": 0,
          "attributes": {
            "applied_dns_servers": [],
            "dns_servers": [],
            "edge_zone": "",
            "enable_accelerated_networking": false,
            "enable_ip_forwarding": false,
            "id": "/subscriptions/27adeba3-f0dc-4d7e-ae23-3ccc9a73f37d/resourceGroups/Network_Interfaces/providers/Microsoft.Network/networkInterfaces/nic_T2fW_B4",
            "internal_dns_name_label": "",
            "internal_domain_name_suffix": "hu3bu0pbsjxunfzxegxom2rprh.bx.internal.cloudapp.net",
            "ip_configuration": [
              {
                "gateway_load_balancer_frontend_ip_configuration_id": "",
                "name": "T2fW_B4",
                "primary": true,
                "private_ip_address": "10.8.0.8",
                "private_ip_address_allocation": "Static",
                "private_ip_address_version": "IPv4",
                "public_ip_address_id": "",
                "subnet_id": "/subscriptions/27adeba3-f0dc-4d7e-ae23-3ccc9a73f37d/resourceGroups/VNets/providers/Microsoft.Network/virtualNetworks/Vnet_T2/subnets/fw_A_subnet_t2"
              }
            ],
            "location": "eastus",
            "mac_address": "",
            "name": "nic_T2fW_B4",
            "private_ip_address": "10.8.0.8",
            "private_ip_addresses": [
              "10.8.0.8"
            ],
            "resource_group_name": "Network_Interfaces",
            "tags": {
              "env": "T2"
            },
            "timeouts": {
              "create": null,
              "delete": "600h",
              "read": null,
              "update": null
            },
            "virtual_machine_id": ""
          },
          "sensitive_attributes": [],
          "private": "eyJlMmJmYjczMC1lY2FhLTExZTYtOGY4OC0zNDM2M2JjN2M0YzAiOnsiY3JlYXRlIjoxODAwMDAwMDAwMDAwLCJkZWxldGUiOjIxNjAwMDAwMDAwMDAwMDAsInJlYWQiOjMwMDAwMDAwMDAwMCwidXBkYXRlIjoxODAwMDAwMDAwMDAwfX0=",
          "dependencies": [
            "module.backupvault.azurerm_backup_policy_vm.default_backup_policy",
            "module.backupvault.azurerm_recovery_services_vault.vault",
            "module.monitoring.azurerm_log_analytics_workspace.loganalyticsdeploy",
            "module.resource_group.azurerm_resource_group.rg",
            "module.setazpolicy.azurerm_management_group_policy_assignment.benchmark",
            "module.setazpolicy.azurerm_management_group_policy_assignment.dataprotect",
            "module.setazpolicy.azurerm_management_group_policy_assignment.governance",
            "module.setazpolicy.azurerm_management_group_policy_assignment.monitor",
            "module.setazpolicy.azurerm_policy_set_definition.dataprotect",
            "module.setazpolicy.azurerm_policy_set_definition.governance",
            "module.setazpolicy.data.azurerm_management_group.mgmntgroup",
            "module.setazpolicy.data.azurerm_subscription.current",
            "module.vnet_t2.azurerm_subnet.subnet_t2",
            "module.vnet_t2.azurerm_virtual_network.vnet_t2"
          ]
        }
      ]
    },
    {
      "module": "module.nic_t2_B",
      "mode": "managed",
      "type": "azurerm_network_security_group",
      "name": "nsg_t2",
      "provider": "provider[\"registry.terraform.io/hashicorp/azurerm\"].NameOfSubscription1",
      "instances": [
        {
          "schema_version": 0,
          "attributes": {
            "id": "/subscriptions/27adeba3-f0dc-4d7e-ae23-3ccc9a73f37d/resourceGroups/Network_Interfaces/providers/Microsoft.Network/networkSecurityGroups/fw_t2_B_nsg",
            "location": "eastus",
            "name": "fw_t2_B_nsg",
            "resource_group_name": "Network_Interfaces",
            "security_rule": [
              {
                "access": "Allow",
                "description": "",
                "destination_address_prefix": "*",
                "destination_address_prefixes": [],
                "destination_application_security_group_ids": [],
                "destination_port_range": "22",
                "destination_port_ranges": [],
                "direction": "Inbound",
                "name": "AllowAnySSHInbound",
                "priority": 100,
                "protocol": "Tcp",
                "source_address_prefix": "*",
                "source_address_prefixes": [],
                "source_application_security_group_ids": [],
                "source_port_range": "22",
                "source_port_ranges": []
              }
            ],
            "tags": null,
            "timeouts": null
          },
          "sensitive_attributes": [],
          "private": "eyJlMmJmYjczMC1lY2FhLTExZTYtOGY4OC0zNDM2M2JjN2M0YzAiOnsiY3JlYXRlIjoxODAwMDAwMDAwMDAwLCJkZWxldGUiOjE4MDAwMDAwMDAwMDAsInJlYWQiOjMwMDAwMDAwMDAwMCwidXBkYXRlIjoxODAwMDAwMDAwMDAwfX0=",
          "dependencies": [
            "module.backupvault.azurerm_backup_policy_vm.default_backup_policy",
            "module.backupvault.azurerm_recovery_services_vault.vault",
            "module.monitoring.azurerm_log_analytics_workspace.loganalyticsdeploy",
            "module.resource_group.azurerm_resource_group.rg",
            "module.setazpolicy.azurerm_management_group_policy_assignment.benchmark",
            "module.setazpolicy.azurerm_management_group_policy_assignment.dataprotect",
            "module.setazpolicy.azurerm_management_group_policy_assignment.governance",
            "module.setazpolicy.azurerm_management_group_policy_assignment.monitor",
            "module.setazpolicy.azurerm_policy_set_definition.dataprotect",
            "module.setazpolicy.azurerm_policy_set_definition.governance",
            "module.setazpolicy.data.azurerm_management_group.mgmntgroup",
            "module.setazpolicy.data.azurerm_subscription.current"
          ]
        }
      ]
    },
    {
      "module": "module.resource_group[\"backup\"]",
      "mode": "managed",
      "type": "azurerm_resource_group",
      "name": "rg",
      "provider": "provider[\"registry.terraform.io/hashicorp/azurerm\"].NameOfSubscription",
      "instances": [
        {
          "schema_version": 0,
          "attributes": {
            "id": "/subscriptions/be510eed-cdc2-4632-9501-a44fe47aa346/resourceGroups/Backup",
            "location": "eastus",
            "name": "Backup",
            "tags": {
              "env": "T1"
            },
            "timeouts": null
          },
          "sensitive_attributes": [],
          "private": "eyJlMmJmYjczMC1lY2FhLTExZTYtOGY4OC0zNDM2M2JjN2M0YzAiOnsiY3JlYXRlIjo1NDAwMDAwMDAwMDAwLCJkZWxldGUiOjU0MDAwMDAwMDAwMDAsInJlYWQiOjMwMDAwMDAwMDAwMCwidXBkYXRlIjo1NDAwMDAwMDAwMDAwfX0="
        }
      ]
    },
    {
      "module": "module.resource_group[\"lb\"]",
      "mode": "managed",
      "type": "azurerm_resource_group",
      "name": "rg",
      "provider": "provider[\"registry.terraform.io/hashicorp/azurerm\"].NameOfSubscription",
      "instances": [
        {
          "schema_version": 0,
          "attributes": {
            "id": "/subscriptions/be510eed-cdc2-4632-9501-a44fe47aa346/resourceGroups/Load_Balancers",
            "location": "eastus",
            "name": "Load_Balancers",
            "tags": {
              "env": "T1"
            },
            "timeouts": null
          },
          "sensitive_attributes": [],
          "private": "eyJlMmJmYjczMC1lY2FhLTExZTYtOGY4OC0zNDM2M2JjN2M0YzAiOnsiY3JlYXRlIjo1NDAwMDAwMDAwMDAwLCJkZWxldGUiOjU0MDAwMDAwMDAwMDAsInJlYWQiOjMwMDAwMDAwMDAwMCwidXBkYXRlIjo1NDAwMDAwMDAwMDAwfX0="
        }
      ]
    },
    {
      "module": "module.resource_group[\"monitoring\"]",
      "mode": "managed",
      "type": "azurerm_resource_group",
      "name": "rg",
      "provider": "provider[\"registry.terraform.io/hashicorp/azurerm\"].NameOfSubscription",
      "instances": [
        {
          "schema_version": 0,
          "attributes": {
            "id": "/subscriptions/be510eed-cdc2-4632-9501-a44fe47aa346/resourceGroups/Monitoring",
            "location": "eastus",
            "name": "Monitoring",
            "tags": {
              "env": "T1"
            },
            "timeouts": null
          },
          "sensitive_attributes": [],
          "private": "eyJlMmJmYjczMC1lY2FhLTExZTYtOGY4OC0zNDM2M2JjN2M0YzAiOnsiY3JlYXRlIjo1NDAwMDAwMDAwMDAwLCJkZWxldGUiOjU0MDAwMDAwMDAwMDAsInJlYWQiOjMwMDAwMDAwMDAwMCwidXBkYXRlIjo1NDAwMDAwMDAwMDAwfX0="
        }
      ]
    },
    {
      "module": "module.resource_group[\"nics\"]",
      "mode": "managed",
      "type": "azurerm_resource_group",
      "name": "rg",
      "provider": "provider[\"registry.terraform.io/hashicorp/azurerm\"].NameOfSubscription",
      "instances": [
        {
          "schema_version": 0,
          "attributes": {
            "id": "/subscriptions/be510eed-cdc2-4632-9501-a44fe47aa346/resourceGroups/Network_Interfaces",
            "location": "eastus",
            "name": "Network_Interfaces",
            "tags": {
              "env": "T1"
            },
            "timeouts": null
          },
          "sensitive_attributes": [],
          "private": "eyJlMmJmYjczMC1lY2FhLTExZTYtOGY4OC0zNDM2M2JjN2M0YzAiOnsiY3JlYXRlIjo1NDAwMDAwMDAwMDAwLCJkZWxldGUiOjU0MDAwMDAwMDAwMDAsInJlYWQiOjMwMDAwMDAwMDAwMCwidXBkYXRlIjo1NDAwMDAwMDAwMDAwfX0="
        }
      ]
    },
    {
      "module": "module.resource_group[\"vm\"]",
      "mode": "managed",
      "type": "azurerm_resource_group",
      "name": "rg",
      "provider": "provider[\"registry.terraform.io/hashicorp/azurerm\"].NameOfSubscription",
      "instances": [
        {
          "schema_version": 0,
          "attributes": {
            "id": "/subscriptions/be510eed-cdc2-4632-9501-a44fe47aa346/resourceGroups/Virtual_Machines",
            "location": "eastus",
            "name": "Virtual_Machines",
            "tags": {
              "env": "T1"
            },
            "timeouts": null
          },
          "sensitive_attributes": [],
          "private": "eyJlMmJmYjczMC1lY2FhLTExZTYtOGY4OC0zNDM2M2JjN2M0YzAiOnsiY3JlYXRlIjo1NDAwMDAwMDAwMDAwLCJkZWxldGUiOjU0MDAwMDAwMDAwMDAsInJlYWQiOjMwMDAwMDAwMDAwMCwidXBkYXRlIjo1NDAwMDAwMDAwMDAwfX0="
        }
      ]
    },
    {
      "module": "module.resource_group[\"vnet\"]",
      "mode": "managed",
      "type": "azurerm_resource_group",
      "name": "rg",
      "provider": "provider[\"registry.terraform.io/hashicorp/azurerm\"].NameOfSubscription",
      "instances": [
        {
          "schema_version": 0,
          "attributes": {
            "id": "/subscriptions/be510eed-cdc2-4632-9501-a44fe47aa346/resourceGroups/VNets",
            "location": "eastus",
            "name": "VNets",
            "tags": {
              "env": "T1"
            },
            "timeouts": null
          },
          "sensitive_attributes": [],
          "private": "eyJlMmJmYjczMC1lY2FhLTExZTYtOGY4OC0zNDM2M2JjN2M0YzAiOnsiY3JlYXRlIjo1NDAwMDAwMDAwMDAwLCJkZWxldGUiOjU0MDAwMDAwMDAwMDAsInJlYWQiOjMwMDAwMDAwMDAwMCwidXBkYXRlIjo1NDAwMDAwMDAwMDAwfX0="
        }
      ]
    },
    {
      "module": "module.resource_group_app[\"backup\"]",
      "mode": "managed",
      "type": "azurerm_resource_group",
      "name": "rg2",
      "provider": "provider[\"registry.terraform.io/hashicorp/azurerm\"].NameOfSubscription2",
      "instances": [
        {
          "schema_version": 0,
          "attributes": {
            "id": "/subscriptions/83f6da2b-dc32-44ba-9ee4-eb589b783d82/resourceGroups/Backup",
            "location": "eastus",
            "name": "Backup",
            "tags": {
              "env": "app"
            },
            "timeouts": null
          },
          "sensitive_attributes": [],
          "private": "eyJlMmJmYjczMC1lY2FhLTExZTYtOGY4OC0zNDM2M2JjN2M0YzAiOnsiY3JlYXRlIjo1NDAwMDAwMDAwMDAwLCJkZWxldGUiOjU0MDAwMDAwMDAwMDAsInJlYWQiOjMwMDAwMDAwMDAwMCwidXBkYXRlIjo1NDAwMDAwMDAwMDAwfX0="
        }
      ]
    },
    {
      "module": "module.resource_group_app[\"lb\"]",
      "mode": "managed",
      "type": "azurerm_resource_group",
      "name": "rg2",
      "provider": "provider[\"registry.terraform.io/hashicorp/azurerm\"].NameOfSubscription2",
      "instances": [
        {
          "schema_version": 0,
          "attributes": {
            "id": "/subscriptions/83f6da2b-dc32-44ba-9ee4-eb589b783d82/resourceGroups/Load_Balancers",
            "location": "eastus",
            "name": "Load_Balancers",
            "tags": {
              "env": "app"
            },
            "timeouts": null
          },
          "sensitive_attributes": [],
          "private": "eyJlMmJmYjczMC1lY2FhLTExZTYtOGY4OC0zNDM2M2JjN2M0YzAiOnsiY3JlYXRlIjo1NDAwMDAwMDAwMDAwLCJkZWxldGUiOjU0MDAwMDAwMDAwMDAsInJlYWQiOjMwMDAwMDAwMDAwMCwidXBkYXRlIjo1NDAwMDAwMDAwMDAwfX0="
        }
      ]
    },
    {
      "module": "module.resource_group_app[\"monitoring\"]",
      "mode": "managed",
      "type": "azurerm_resource_group",
      "name": "rg2",
      "provider": "provider[\"registry.terraform.io/hashicorp/azurerm\"].NameOfSubscription2",
      "instances": [
        {
          "schema_version": 0,
          "attributes": {
            "id": "/subscriptions/83f6da2b-dc32-44ba-9ee4-eb589b783d82/resourceGroups/Monitoring",
            "location": "eastus",
            "name": "Monitoring",
            "tags": {
              "env": "app"
            },
            "timeouts": null
          },
          "sensitive_attributes": [],
          "private": "eyJlMmJmYjczMC1lY2FhLTExZTYtOGY4OC0zNDM2M2JjN2M0YzAiOnsiY3JlYXRlIjo1NDAwMDAwMDAwMDAwLCJkZWxldGUiOjU0MDAwMDAwMDAwMDAsInJlYWQiOjMwMDAwMDAwMDAwMCwidXBkYXRlIjo1NDAwMDAwMDAwMDAwfX0="
        }
      ]
    },
    {
      "module": "module.resource_group_app[\"nics\"]",
      "mode": "managed",
      "type": "azurerm_resource_group",
      "name": "rg2",
      "provider": "provider[\"registry.terraform.io/hashicorp/azurerm\"].NameOfSubscription2",
      "instances": [
        {
          "schema_version": 0,
          "attributes": {
            "id": "/subscriptions/83f6da2b-dc32-44ba-9ee4-eb589b783d82/resourceGroups/Network_Interfaces",
            "location": "eastus",
            "name": "Network_Interfaces",
            "tags": {
              "env": "app"
            },
            "timeouts": null
          },
          "sensitive_attributes": [],
          "private": "eyJlMmJmYjczMC1lY2FhLTExZTYtOGY4OC0zNDM2M2JjN2M0YzAiOnsiY3JlYXRlIjo1NDAwMDAwMDAwMDAwLCJkZWxldGUiOjU0MDAwMDAwMDAwMDAsInJlYWQiOjMwMDAwMDAwMDAwMCwidXBkYXRlIjo1NDAwMDAwMDAwMDAwfX0="
        }
      ]
    },
    {
      "module": "module.resource_group_app[\"vm\"]",
      "mode": "managed",
      "type": "azurerm_resource_group",
      "name": "rg2",
      "provider": "provider[\"registry.terraform.io/hashicorp/azurerm\"].NameOfSubscription2",
      "instances": [
        {
          "schema_version": 0,
          "attributes": {
            "id": "/subscriptions/83f6da2b-dc32-44ba-9ee4-eb589b783d82/resourceGroups/Virtual_Machines",
            "location": "eastus",
            "name": "Virtual_Machines",
            "tags": {
              "env": "app"
            },
            "timeouts": null
          },
          "sensitive_attributes": [],
          "private": "eyJlMmJmYjczMC1lY2FhLTExZTYtOGY4OC0zNDM2M2JjN2M0YzAiOnsiY3JlYXRlIjo1NDAwMDAwMDAwMDAwLCJkZWxldGUiOjU0MDAwMDAwMDAwMDAsInJlYWQiOjMwMDAwMDAwMDAwMCwidXBkYXRlIjo1NDAwMDAwMDAwMDAwfX0="
        }
      ]
    },
    {
      "module": "module.resource_group_app[\"vnet\"]",
      "mode": "managed",
      "type": "azurerm_resource_group",
      "name": "rg2",
      "provider": "provider[\"registry.terraform.io/hashicorp/azurerm\"].NameOfSubscription2",
      "instances": [
        {
          "schema_version": 0,
          "attributes": {
            "id": "/subscriptions/83f6da2b-dc32-44ba-9ee4-eb589b783d82/resourceGroups/VNets",
            "location": "eastus",
            "name": "VNets",
            "tags": {
              "env": "app"
            },
            "timeouts": null
          },
          "sensitive_attributes": [],
          "private": "eyJlMmJmYjczMC1lY2FhLTExZTYtOGY4OC0zNDM2M2JjN2M0YzAiOnsiY3JlYXRlIjo1NDAwMDAwMDAwMDAwLCJkZWxldGUiOjU0MDAwMDAwMDAwMDAsInJlYWQiOjMwMDAwMDAwMDAwMCwidXBkYXRlIjo1NDAwMDAwMDAwMDAwfX0="
        }
      ]
    },
    {
      "module": "module.resource_group_t2[\"backup\"]",
      "mode": "managed",
      "type": "azurerm_resource_group",
      "name": "rg1",
      "provider": "provider[\"registry.terraform.io/hashicorp/azurerm\"].NameOfSubscription1",
      "instances": [
        {
          "schema_version": 0,
          "attributes": {
            "id": "/subscriptions/27adeba3-f0dc-4d7e-ae23-3ccc9a73f37d/resourceGroups/Backup",
            "location": "eastus",
            "name": "Backup",
            "tags": {
              "env": "T2"
            },
            "timeouts": null
          },
          "sensitive_attributes": [],
          "private": "eyJlMmJmYjczMC1lY2FhLTExZTYtOGY4OC0zNDM2M2JjN2M0YzAiOnsiY3JlYXRlIjo1NDAwMDAwMDAwMDAwLCJkZWxldGUiOjU0MDAwMDAwMDAwMDAsInJlYWQiOjMwMDAwMDAwMDAwMCwidXBkYXRlIjo1NDAwMDAwMDAwMDAwfX0="
        }
      ]
    },
    {
      "module": "module.resource_group_t2[\"lb\"]",
      "mode": "managed",
      "type": "azurerm_resource_group",
      "name": "rg1",
      "provider": "provider[\"registry.terraform.io/hashicorp/azurerm\"].NameOfSubscription1",
      "instances": [
        {
          "schema_version": 0,
          "attributes": {
            "id": "/subscriptions/27adeba3-f0dc-4d7e-ae23-3ccc9a73f37d/resourceGroups/Load_Balancers",
            "location": "eastus",
            "name": "Load_Balancers",
            "tags": {
              "env": "T2"
            },
            "timeouts": null
          },
          "sensitive_attributes": [],
          "private": "eyJlMmJmYjczMC1lY2FhLTExZTYtOGY4OC0zNDM2M2JjN2M0YzAiOnsiY3JlYXRlIjo1NDAwMDAwMDAwMDAwLCJkZWxldGUiOjU0MDAwMDAwMDAwMDAsInJlYWQiOjMwMDAwMDAwMDAwMCwidXBkYXRlIjo1NDAwMDAwMDAwMDAwfX0="
        }
      ]
    },
    {
      "module": "module.resource_group_t2[\"monitoring\"]",
      "mode": "managed",
      "type": "azurerm_resource_group",
      "name": "rg1",
      "provider": "provider[\"registry.terraform.io/hashicorp/azurerm\"].NameOfSubscription1",
      "instances": [
        {
          "schema_version": 0,
          "attributes": {
            "id": "/subscriptions/27adeba3-f0dc-4d7e-ae23-3ccc9a73f37d/resourceGroups/Monitoring",
            "location": "eastus",
            "name": "Monitoring",
            "tags": {
              "env": "T2"
            },
            "timeouts": null
          },
          "sensitive_attributes": [],
          "private": "eyJlMmJmYjczMC1lY2FhLTExZTYtOGY4OC0zNDM2M2JjN2M0YzAiOnsiY3JlYXRlIjo1NDAwMDAwMDAwMDAwLCJkZWxldGUiOjU0MDAwMDAwMDAwMDAsInJlYWQiOjMwMDAwMDAwMDAwMCwidXBkYXRlIjo1NDAwMDAwMDAwMDAwfX0="
        }
      ]
    },
    {
      "module": "module.resource_group_t2[\"nics\"]",
      "mode": "managed",
      "type": "azurerm_resource_group",
      "name": "rg1",
      "provider": "provider[\"registry.terraform.io/hashicorp/azurerm\"].NameOfSubscription1",
      "instances": [
        {
          "schema_version": 0,
          "attributes": {
            "id": "/subscriptions/27adeba3-f0dc-4d7e-ae23-3ccc9a73f37d/resourceGroups/Network_Interfaces",
            "location": "eastus",
            "name": "Network_Interfaces",
            "tags": {
              "env": "T2"
            },
            "timeouts": null
          },
          "sensitive_attributes": [],
          "private": "eyJlMmJmYjczMC1lY2FhLTExZTYtOGY4OC0zNDM2M2JjN2M0YzAiOnsiY3JlYXRlIjo1NDAwMDAwMDAwMDAwLCJkZWxldGUiOjU0MDAwMDAwMDAwMDAsInJlYWQiOjMwMDAwMDAwMDAwMCwidXBkYXRlIjo1NDAwMDAwMDAwMDAwfX0="
        }
      ]
    },
    {
      "module": "module.resource_group_t2[\"vm\"]",
      "mode": "managed",
      "type": "azurerm_resource_group",
      "name": "rg1",
      "provider": "provider[\"registry.terraform.io/hashicorp/azurerm\"].NameOfSubscription1",
      "instances": [
        {
          "schema_version": 0,
          "attributes": {
            "id": "/subscriptions/27adeba3-f0dc-4d7e-ae23-3ccc9a73f37d/resourceGroups/Virtual_Machines",
            "location": "eastus",
            "name": "Virtual_Machines",
            "tags": {
              "env": "T2"
            },
            "timeouts": null
          },
          "sensitive_attributes": [],
          "private": "eyJlMmJmYjczMC1lY2FhLTExZTYtOGY4OC0zNDM2M2JjN2M0YzAiOnsiY3JlYXRlIjo1NDAwMDAwMDAwMDAwLCJkZWxldGUiOjU0MDAwMDAwMDAwMDAsInJlYWQiOjMwMDAwMDAwMDAwMCwidXBkYXRlIjo1NDAwMDAwMDAwMDAwfX0="
        }
      ]
    },
    {
      "module": "module.resource_group_t2[\"vnet\"]",
      "mode": "managed",
      "type": "azurerm_resource_group",
      "name": "rg1",
      "provider": "provider[\"registry.terraform.io/hashicorp/azurerm\"].NameOfSubscription1",
      "instances": [
        {
          "schema_version": 0,
          "attributes": {
            "id": "/subscriptions/27adeba3-f0dc-4d7e-ae23-3ccc9a73f37d/resourceGroups/VNets",
            "location": "eastus",
            "name": "VNets",
            "tags": {
              "env": "T2"
            },
            "timeouts": null
          },
          "sensitive_attributes": [],
          "private": "eyJlMmJmYjczMC1lY2FhLTExZTYtOGY4OC0zNDM2M2JjN2M0YzAiOnsiY3JlYXRlIjo1NDAwMDAwMDAwMDAwLCJkZWxldGUiOjU0MDAwMDAwMDAwMDAsInJlYWQiOjMwMDAwMDAwMDAwMCwidXBkYXRlIjo1NDAwMDAwMDAwMDAwfX0="
        }
      ]
    },
    {
      "module": "module.t2_A",
      "mode": "managed",
      "type": "azurerm_linux_virtual_machine",
      "name": "vm_t2",
      "provider": "provider[\"registry.terraform.io/hashicorp/azurerm\"].NameOfSubscription1",
      "instances": [
        {
          "schema_version": 0,
          "attributes": {
            "additional_capabilities": [],
            "admin_password": "P@$$w0rd1234!",
            "admin_ssh_key": [],
            "admin_username": "azadmin",
            "allow_extension_operations": true,
            "availability_set_id": "",
            "boot_diagnostics": [],
            "capacity_reservation_group_id": "",
            "computer_name": "mosccaxntt1ltm01-N",
            "custom_data": null,
            "dedicated_host_group_id": "",
            "dedicated_host_id": "",
            "disable_password_authentication": false,
            "edge_zone": "",
            "encryption_at_host_enabled": false,
            "eviction_policy": "",
            "extensions_time_budget": "PT1H30M",
            "gallery_application": [],
            "id": "/subscriptions/27adeba3-f0dc-4d7e-ae23-3ccc9a73f37d/resourceGroups/Virtual_Machines/providers/Microsoft.Compute/virtualMachines/mosccaxntt1ltm01-N",
            "identity": [],
            "license_type": "",
            "location": "eastus",
            "max_bid_price": -1,
            "name": "mosccaxntt1ltm01-N",
            "network_interface_ids": [
              "/subscriptions/27adeba3-f0dc-4d7e-ae23-3ccc9a73f37d/resourceGroups/Network_Interfaces/providers/Microsoft.Network/networkInterfaces/nic_T2fW_A1",
              "/subscriptions/27adeba3-f0dc-4d7e-ae23-3ccc9a73f37d/resourceGroups/Network_Interfaces/providers/Microsoft.Network/networkInterfaces/nic_T2fW_A2",
              "/subscriptions/27adeba3-f0dc-4d7e-ae23-3ccc9a73f37d/resourceGroups/Network_Interfaces/providers/Microsoft.Network/networkInterfaces/nic_T2fW_A3",
              "/subscriptions/27adeba3-f0dc-4d7e-ae23-3ccc9a73f37d/resourceGroups/Network_Interfaces/providers/Microsoft.Network/networkInterfaces/nic_T2fW_A4"
            ],
            "os_disk": [
              {
                "caching": "ReadWrite",
                "diff_disk_settings": [],
                "disk_encryption_set_id": "",
                "disk_size_gb": 256,
                "name": "mosccaxntt1ltm01-N_OsDisk_1_13ccb05adc6d4651b60ca9d1aa3fcc3c",
                "secure_vm_disk_encryption_set_id": "",
                "security_encryption_type": "",
                "storage_account_type": "Standard_LRS",
                "write_accelerator_enabled": false
              }
            ],
            "patch_assessment_mode": "ImageDefault",
            "patch_mode": "ImageDefault",
            "plan": [
              {
                "name": "centos-8-3-free",
                "product": "centos-8-3-free",
                "publisher": "cognosys"
              }
            ],
            "platform_fault_domain": -1,
            "priority": "Regular",
            "private_ip_address": "10.8.0.5",
            "private_ip_addresses": [
              "10.8.0.5",
              "10.8.0.6",
              "10.8.0.37",
              "10.8.0.38"
            ],
            "provision_vm_agent": true,
            "proximity_placement_group_id": "",
            "public_ip_address": "",
            "public_ip_addresses": [],
            "resource_group_name": "Virtual_Machines",
            "secret": [],
            "secure_boot_enabled": false,
            "size": "Standard_D3_v2",
            "source_image_id": "",
            "source_image_reference": [
              {
                "offer": "centos-8-3-free",
                "publisher": "cognosys",
                "sku": "centos-8-3-free",
                "version": "latest"
              }
            ],
            "tags": {
              "env": "T2"
            },
            "termination_notification": null,
            "timeouts": null,
            "user_data": "",
            "virtual_machine_id": "eca060dc-e7cd-497d-9db1-fc335f231dee",
            "virtual_machine_scale_set_id": "",
            "vtpm_enabled": false,
            "zone": "1"
          },
          "sensitive_attributes": [],
          "private": "eyJlMmJmYjczMC1lY2FhLTExZTYtOGY4OC0zNDM2M2JjN2M0YzAiOnsiY3JlYXRlIjoyNzAwMDAwMDAwMDAwLCJkZWxldGUiOjI3MDAwMDAwMDAwMDAsInJlYWQiOjMwMDAwMDAwMDAwMCwidXBkYXRlIjoyNzAwMDAwMDAwMDAwfX0=",
          "dependencies": [
            "module.backupvault.azurerm_backup_policy_vm.default_backup_policy",
            "module.backupvault.azurerm_recovery_services_vault.vault",
            "module.monitoring.azurerm_log_analytics_workspace.loganalyticsdeploy",
            "module.nic_t2_A.azurerm_network_interface.nic_t2",
            "module.resource_group.azurerm_resource_group.rg",
            "module.setazpolicy.azurerm_management_group_policy_assignment.benchmark",
            "module.setazpolicy.azurerm_management_group_policy_assignment.dataprotect",
            "module.setazpolicy.azurerm_management_group_policy_assignment.governance",
            "module.setazpolicy.azurerm_management_group_policy_assignment.monitor",
            "module.setazpolicy.azurerm_policy_set_definition.dataprotect",
            "module.setazpolicy.azurerm_policy_set_definition.governance",
            "module.setazpolicy.data.azurerm_management_group.mgmntgroup",
            "module.setazpolicy.data.azurerm_subscription.current",
            "module.vnet_t2.azurerm_subnet.subnet_t2",
            "module.vnet_t2.azurerm_virtual_network.vnet_t2"
          ]
        }
      ]
    },
    {
      "module": "module.t2_B",
      "mode": "managed",
      "type": "azurerm_linux_virtual_machine",
      "name": "vm_t2",
      "provider": "provider[\"registry.terraform.io/hashicorp/azurerm\"].NameOfSubscription1",
      "instances": [
        {
          "schema_version": 0,
          "attributes": {
            "additional_capabilities": [],
            "admin_password": "P@$$w0rd1234!",
            "admin_ssh_key": [],
            "admin_username": "azadmin",
            "allow_extension_operations": true,
            "availability_set_id": "",
            "boot_diagnostics": [],
            "capacity_reservation_group_id": "",
            "computer_name": "mosccaxntt1ltm02-N",
            "custom_data": null,
            "dedicated_host_group_id": "",
            "dedicated_host_id": "",
            "disable_password_authentication": false,
            "edge_zone": "",
            "encryption_at_host_enabled": false,
            "eviction_policy": "",
            "extensions_time_budget": "PT1H30M",
            "gallery_application": [],
            "id": "/subscriptions/27adeba3-f0dc-4d7e-ae23-3ccc9a73f37d/resourceGroups/Virtual_Machines/providers/Microsoft.Compute/virtualMachines/mosccaxntt1ltm02-N",
            "identity": [],
            "license_type": "",
            "location": "eastus",
            "max_bid_price": -1,
            "name": "mosccaxntt1ltm02-N",
            "network_interface_ids": [
              "/subscriptions/27adeba3-f0dc-4d7e-ae23-3ccc9a73f37d/resourceGroups/Network_Interfaces/providers/Microsoft.Network/networkInterfaces/nic_T2fW_B1",
              "/subscriptions/27adeba3-f0dc-4d7e-ae23-3ccc9a73f37d/resourceGroups/Network_Interfaces/providers/Microsoft.Network/networkInterfaces/nic_T2fW_B2",
              "/subscriptions/27adeba3-f0dc-4d7e-ae23-3ccc9a73f37d/resourceGroups/Network_Interfaces/providers/Microsoft.Network/networkInterfaces/nic_T2fW_B3",
              "/subscriptions/27adeba3-f0dc-4d7e-ae23-3ccc9a73f37d/resourceGroups/Network_Interfaces/providers/Microsoft.Network/networkInterfaces/nic_T2fW_B4"
            ],
            "os_disk": [
              {
                "caching": "ReadWrite",
                "diff_disk_settings": [],
                "disk_encryption_set_id": "",
                "disk_size_gb": 256,
                "name": "mosccaxntt1ltm02-N_OsDisk_1_5155b04ddb774f4992c79c933d1a20fc",
                "secure_vm_disk_encryption_set_id": "",
                "security_encryption_type": "",
                "storage_account_type": "Standard_LRS",
                "write_accelerator_enabled": false
              }
            ],
            "patch_assessment_mode": "ImageDefault",
            "patch_mode": "ImageDefault",
            "plan": [
              {
                "name": "centos-8-3-free",
                "product": "centos-8-3-free",
                "publisher": "cognosys"
              }
            ],
            "platform_fault_domain": -1,
            "priority": "Regular",
            "private_ip_address": "10.8.0.39",
            "private_ip_addresses": [
              "10.8.0.39",
              "10.8.0.40",
              "10.8.0.7",
              "10.8.0.8"
            ],
            "provision_vm_agent": true,
            "proximity_placement_group_id": "",
            "public_ip_address": "",
            "public_ip_addresses": [],
            "resource_group_name": "Virtual_Machines",
            "secret": [],
            "secure_boot_enabled": false,
            "size": "Standard_D3_v2",
            "source_image_id": "",
            "source_image_reference": [
              {
                "offer": "centos-8-3-free",
                "publisher": "cognosys",
                "sku": "centos-8-3-free",
                "version": "latest"
              }
            ],
            "tags": {
              "env": "T1"
            },
            "termination_notification": null,
            "timeouts": null,
            "user_data": "",
            "virtual_machine_id": "f75bcdc4-539a-4f1d-ace1-20b8f483d7ab",
            "virtual_machine_scale_set_id": "",
            "vtpm_enabled": false,
            "zone": "2"
          },
          "sensitive_attributes": [],
          "private": "eyJlMmJmYjczMC1lY2FhLTExZTYtOGY4OC0zNDM2M2JjN2M0YzAiOnsiY3JlYXRlIjoyNzAwMDAwMDAwMDAwLCJkZWxldGUiOjI3MDAwMDAwMDAwMDAsInJlYWQiOjMwMDAwMDAwMDAwMCwidXBkYXRlIjoyNzAwMDAwMDAwMDAwfX0=",
          "dependencies": [
            "module.backupvault.azurerm_backup_policy_vm.default_backup_policy",
            "module.backupvault.azurerm_recovery_services_vault.vault",
            "module.monitoring.azurerm_log_analytics_workspace.loganalyticsdeploy",
            "module.nic_t2_B.azurerm_network_interface.nic_t2",
            "module.resource_group.azurerm_resource_group.rg",
            "module.setazpolicy.azurerm_management_group_policy_assignment.benchmark",
            "module.setazpolicy.azurerm_management_group_policy_assignment.dataprotect",
            "module.setazpolicy.azurerm_management_group_policy_assignment.governance",
            "module.setazpolicy.azurerm_management_group_policy_assignment.monitor",
            "module.setazpolicy.azurerm_policy_set_definition.dataprotect",
            "module.setazpolicy.azurerm_policy_set_definition.governance",
            "module.setazpolicy.data.azurerm_management_group.mgmntgroup",
            "module.setazpolicy.data.azurerm_subscription.current",
            "module.vnet_t2.azurerm_subnet.subnet_t2",
            "module.vnet_t2.azurerm_virtual_network.vnet_t2"
          ]
        }
      ]
    },
    {
      "module": "module.vnet_app",
      "mode": "managed",
      "type": "azurerm_subnet",
      "name": "subnet",
      "provider": "provider[\"registry.terraform.io/hashicorp/azurerm\"].NameOfSubscription2",
      "instances": [
        {
          "index_key": 0,
          "schema_version": 0,
          "attributes": {
            "address_prefixes": [
              "10.7.0.0/24"
            ],
            "delegation": [],
            "enforce_private_link_endpoint_network_policies": false,
            "enforce_private_link_service_network_policies": false,
            "id": "/subscriptions/83f6da2b-dc32-44ba-9ee4-eb589b783d82/resourceGroups/VNets/providers/Microsoft.Network/virtualNetworks/Vnet_App/subnets/app_subnet",
            "name": "app_subnet",
            "private_endpoint_network_policies_enabled": true,
            "private_link_service_network_policies_enabled": true,
            "resource_group_name": "VNets",
            "service_endpoint_policy_ids": null,
            "service_endpoints": null,
            "timeouts": null,
            "virtual_network_name": "Vnet_App"
          },
          "sensitive_attributes": [],
          "private": "eyJlMmJmYjczMC1lY2FhLTExZTYtOGY4OC0zNDM2M2JjN2M0YzAiOnsiY3JlYXRlIjoxODAwMDAwMDAwMDAwLCJkZWxldGUiOjE4MDAwMDAwMDAwMDAsInJlYWQiOjMwMDAwMDAwMDAwMCwidXBkYXRlIjoxODAwMDAwMDAwMDAwfX0=",
          "dependencies": [
            "module.backupvault.azurerm_backup_policy_vm.default_backup_policy",
            "module.backupvault.azurerm_recovery_services_vault.vault",
            "module.monitoring.azurerm_log_analytics_workspace.loganalyticsdeploy",
            "module.resource_group.azurerm_resource_group.rg",
            "module.setazpolicy.azurerm_management_group_policy_assignment.benchmark",
            "module.setazpolicy.azurerm_management_group_policy_assignment.dataprotect",
            "module.setazpolicy.azurerm_management_group_policy_assignment.governance",
            "module.setazpolicy.azurerm_management_group_policy_assignment.monitor",
            "module.setazpolicy.azurerm_policy_set_definition.dataprotect",
            "module.setazpolicy.azurerm_policy_set_definition.governance",
            "module.setazpolicy.data.azurerm_management_group.mgmntgroup",
            "module.setazpolicy.data.azurerm_subscription.current",
            "module.vnet_app.azurerm_virtual_network.vnet"
          ]
        }
      ]
    },
    {
      "module": "module.vnet_app",
      "mode": "managed",
      "type": "azurerm_virtual_network",
      "name": "vnet",
      "provider": "provider[\"registry.terraform.io/hashicorp/azurerm\"].NameOfSubscription2",
      "instances": [
        {
          "schema_version": 0,
          "attributes": {
            "address_space": [
              "10.7.0.0/16"
            ],
            "bgp_community": "",
            "ddos_protection_plan": [],
            "dns_servers": [],
            "edge_zone": "",
            "flow_timeout_in_minutes": 0,
            "guid": "3ad3ce7a-4106-4580-a144-5bc182b893d4",
            "id": "/subscriptions/83f6da2b-dc32-44ba-9ee4-eb589b783d82/resourceGroups/VNets/providers/Microsoft.Network/virtualNetworks/Vnet_App",
            "location": "eastus",
            "name": "Vnet_App",
            "resource_group_name": "VNets",
            "subnet": [],
            "tags": {
              "env": "T1"
            },
            "timeouts": null
          },
          "sensitive_attributes": [],
          "private": "eyJlMmJmYjczMC1lY2FhLTExZTYtOGY4OC0zNDM2M2JjN2M0YzAiOnsiY3JlYXRlIjoxODAwMDAwMDAwMDAwLCJkZWxldGUiOjE4MDAwMDAwMDAwMDAsInJlYWQiOjMwMDAwMDAwMDAwMCwidXBkYXRlIjoxODAwMDAwMDAwMDAwfX0=",
          "dependencies": [
            "module.backupvault.azurerm_backup_policy_vm.default_backup_policy",
            "module.backupvault.azurerm_recovery_services_vault.vault",
            "module.monitoring.azurerm_log_analytics_workspace.loganalyticsdeploy",
            "module.resource_group.azurerm_resource_group.rg",
            "module.setazpolicy.azurerm_management_group_policy_assignment.benchmark",
            "module.setazpolicy.azurerm_management_group_policy_assignment.dataprotect",
            "module.setazpolicy.azurerm_management_group_policy_assignment.governance",
            "module.setazpolicy.azurerm_management_group_policy_assignment.monitor",
            "module.setazpolicy.azurerm_policy_set_definition.dataprotect",
            "module.setazpolicy.azurerm_policy_set_definition.governance",
            "module.setazpolicy.data.azurerm_management_group.mgmntgroup",
            "module.setazpolicy.data.azurerm_subscription.current"
          ]
        }
      ]
    },
    {
      "module": "module.vnet_t1",
      "mode": "managed",
      "type": "azurerm_subnet",
      "name": "subnet",
      "provider": "provider[\"registry.terraform.io/hashicorp/azurerm\"].NameOfSubscription",
      "instances": [
        {
          "index_key": 0,
          "schema_version": 0,
          "attributes": {
            "address_prefixes": [
              "10.6.1.0/24"
            ],
            "delegation": [],
            "enforce_private_link_endpoint_network_policies": false,
            "enforce_private_link_service_network_policies": false,
            "id": "/subscriptions/be510eed-cdc2-4632-9501-a44fe47aa346/resourceGroups/VNets/providers/Microsoft.Network/virtualNetworks/Vnet_T1/subnets/fw_subnet_A",
            "name": "fw_subnet_A",
            "private_endpoint_network_policies_enabled": true,
            "private_link_service_network_policies_enabled": true,
            "resource_group_name": "VNets",
            "service_endpoint_policy_ids": null,
            "service_endpoints": null,
            "timeouts": null,
            "virtual_network_name": "Vnet_T1"
          },
          "sensitive_attributes": [],
          "private": "eyJlMmJmYjczMC1lY2FhLTExZTYtOGY4OC0zNDM2M2JjN2M0YzAiOnsiY3JlYXRlIjoxODAwMDAwMDAwMDAwLCJkZWxldGUiOjE4MDAwMDAwMDAwMDAsInJlYWQiOjMwMDAwMDAwMDAwMCwidXBkYXRlIjoxODAwMDAwMDAwMDAwfX0=",
          "dependencies": [
            "module.backupvault.azurerm_backup_policy_vm.default_backup_policy",
            "module.backupvault.azurerm_recovery_services_vault.vault",
            "module.monitoring.azurerm_log_analytics_workspace.loganalyticsdeploy",
            "module.resource_group.azurerm_resource_group.rg",
            "module.setazpolicy.azurerm_management_group_policy_assignment.benchmark",
            "module.setazpolicy.azurerm_management_group_policy_assignment.dataprotect",
            "module.setazpolicy.azurerm_management_group_policy_assignment.governance",
            "module.setazpolicy.azurerm_management_group_policy_assignment.monitor",
            "module.setazpolicy.azurerm_policy_set_definition.dataprotect",
            "module.setazpolicy.azurerm_policy_set_definition.governance",
            "module.setazpolicy.data.azurerm_management_group.mgmntgroup",
            "module.setazpolicy.data.azurerm_subscription.current",
            "module.vnet_t1.azurerm_virtual_network.vnet"
          ]
        },
        {
          "index_key": 1,
          "schema_version": 0,
          "attributes": {
            "address_prefixes": [
              "10.6.2.0/24"
            ],
            "delegation": [],
            "enforce_private_link_endpoint_network_policies": false,
            "enforce_private_link_service_network_policies": false,
            "id": "/subscriptions/be510eed-cdc2-4632-9501-a44fe47aa346/resourceGroups/VNets/providers/Microsoft.Network/virtualNetworks/Vnet_T1/subnets/fw_subnet_B",
            "name": "fw_subnet_B",
            "private_endpoint_network_policies_enabled": true,
            "private_link_service_network_policies_enabled": true,
            "resource_group_name": "VNets",
            "service_endpoint_policy_ids": null,
            "service_endpoints": null,
            "timeouts": null,
            "virtual_network_name": "Vnet_T1"
          },
          "sensitive_attributes": [],
          "private": "eyJlMmJmYjczMC1lY2FhLTExZTYtOGY4OC0zNDM2M2JjN2M0YzAiOnsiY3JlYXRlIjoxODAwMDAwMDAwMDAwLCJkZWxldGUiOjE4MDAwMDAwMDAwMDAsInJlYWQiOjMwMDAwMDAwMDAwMCwidXBkYXRlIjoxODAwMDAwMDAwMDAwfX0=",
          "dependencies": [
            "module.backupvault.azurerm_backup_policy_vm.default_backup_policy",
            "module.backupvault.azurerm_recovery_services_vault.vault",
            "module.monitoring.azurerm_log_analytics_workspace.loganalyticsdeploy",
            "module.resource_group.azurerm_resource_group.rg",
            "module.setazpolicy.azurerm_management_group_policy_assignment.benchmark",
            "module.setazpolicy.azurerm_management_group_policy_assignment.dataprotect",
            "module.setazpolicy.azurerm_management_group_policy_assignment.governance",
            "module.setazpolicy.azurerm_management_group_policy_assignment.monitor",
            "module.setazpolicy.azurerm_policy_set_definition.dataprotect",
            "module.setazpolicy.azurerm_policy_set_definition.governance",
            "module.setazpolicy.data.azurerm_management_group.mgmntgroup",
            "module.setazpolicy.data.azurerm_subscription.current",
            "module.vnet_t1.azurerm_virtual_network.vnet"
          ]
        },
        {
          "index_key": 2,
          "schema_version": 0,
          "attributes": {
            "address_prefixes": [
              "10.6.3.0/24"
            ],
            "delegation": [],
            "enforce_private_link_endpoint_network_policies": false,
            "enforce_private_link_service_network_policies": false,
            "id": "/subscriptions/be510eed-cdc2-4632-9501-a44fe47aa346/resourceGroups/VNets/providers/Microsoft.Network/virtualNetworks/Vnet_T1/subnets/idps_subnet_A",
            "name": "idps_subnet_A",
            "private_endpoint_network_policies_enabled": true,
            "private_link_service_network_policies_enabled": true,
            "resource_group_name": "VNets",
            "service_endpoint_policy_ids": null,
            "service_endpoints": null,
            "timeouts": null,
            "virtual_network_name": "Vnet_T1"
          },
          "sensitive_attributes": [],
          "private": "eyJlMmJmYjczMC1lY2FhLTExZTYtOGY4OC0zNDM2M2JjN2M0YzAiOnsiY3JlYXRlIjoxODAwMDAwMDAwMDAwLCJkZWxldGUiOjE4MDAwMDAwMDAwMDAsInJlYWQiOjMwMDAwMDAwMDAwMCwidXBkYXRlIjoxODAwMDAwMDAwMDAwfX0=",
          "dependencies": [
            "module.backupvault.azurerm_backup_policy_vm.default_backup_policy",
            "module.backupvault.azurerm_recovery_services_vault.vault",
            "module.monitoring.azurerm_log_analytics_workspace.loganalyticsdeploy",
            "module.resource_group.azurerm_resource_group.rg",
            "module.setazpolicy.azurerm_management_group_policy_assignment.benchmark",
            "module.setazpolicy.azurerm_management_group_policy_assignment.dataprotect",
            "module.setazpolicy.azurerm_management_group_policy_assignment.governance",
            "module.setazpolicy.azurerm_management_group_policy_assignment.monitor",
            "module.setazpolicy.azurerm_policy_set_definition.dataprotect",
            "module.setazpolicy.azurerm_policy_set_definition.governance",
            "module.setazpolicy.data.azurerm_management_group.mgmntgroup",
            "module.setazpolicy.data.azurerm_subscription.current",
            "module.vnet_t1.azurerm_virtual_network.vnet"
          ]
        },
        {
          "index_key": 3,
          "schema_version": 0,
          "attributes": {
            "address_prefixes": [
              "10.6.4.0/24"
            ],
            "delegation": [],
            "enforce_private_link_endpoint_network_policies": false,
            "enforce_private_link_service_network_policies": false,
            "id": "/subscriptions/be510eed-cdc2-4632-9501-a44fe47aa346/resourceGroups/VNets/providers/Microsoft.Network/virtualNetworks/Vnet_T1/subnets/idps_subnet_B",
            "name": "idps_subnet_B",
            "private_endpoint_network_policies_enabled": true,
            "private_link_service_network_policies_enabled": true,
            "resource_group_name": "VNets",
            "service_endpoint_policy_ids": null,
            "service_endpoints": null,
            "timeouts": null,
            "virtual_network_name": "Vnet_T1"
          },
          "sensitive_attributes": [],
          "private": "eyJlMmJmYjczMC1lY2FhLTExZTYtOGY4OC0zNDM2M2JjN2M0YzAiOnsiY3JlYXRlIjoxODAwMDAwMDAwMDAwLCJkZWxldGUiOjE4MDAwMDAwMDAwMDAsInJlYWQiOjMwMDAwMDAwMDAwMCwidXBkYXRlIjoxODAwMDAwMDAwMDAwfX0=",
          "dependencies": [
            "module.backupvault.azurerm_backup_policy_vm.default_backup_policy",
            "module.backupvault.azurerm_recovery_services_vault.vault",
            "module.monitoring.azurerm_log_analytics_workspace.loganalyticsdeploy",
            "module.resource_group.azurerm_resource_group.rg",
            "module.setazpolicy.azurerm_management_group_policy_assignment.benchmark",
            "module.setazpolicy.azurerm_management_group_policy_assignment.dataprotect",
            "module.setazpolicy.azurerm_management_group_policy_assignment.governance",
            "module.setazpolicy.azurerm_management_group_policy_assignment.monitor",
            "module.setazpolicy.azurerm_policy_set_definition.dataprotect",
            "module.setazpolicy.azurerm_policy_set_definition.governance",
            "module.setazpolicy.data.azurerm_management_group.mgmntgroup",
            "module.setazpolicy.data.azurerm_subscription.current",
            "module.vnet_t1.azurerm_virtual_network.vnet"
          ]
        },
        {
          "index_key": 4,
          "schema_version": 0,
          "attributes": {
            "address_prefixes": [
              "10.6.5.0/24"
            ],
            "delegation": [],
            "enforce_private_link_endpoint_network_policies": false,
            "enforce_private_link_service_network_policies": false,
            "id": "/subscriptions/be510eed-cdc2-4632-9501-a44fe47aa346/resourceGroups/VNets/providers/Microsoft.Network/virtualNetworks/Vnet_T1/subnets/management_subnet",
            "name": "management_subnet",
            "private_endpoint_network_policies_enabled": true,
            "private_link_service_network_policies_enabled": true,
            "resource_group_name": "VNets",
            "service_endpoint_policy_ids": null,
            "service_endpoints": null,
            "timeouts": null,
            "virtual_network_name": "Vnet_T1"
          },
          "sensitive_attributes": [],
          "private": "eyJlMmJmYjczMC1lY2FhLTExZTYtOGY4OC0zNDM2M2JjN2M0YzAiOnsiY3JlYXRlIjoxODAwMDAwMDAwMDAwLCJkZWxldGUiOjE4MDAwMDAwMDAwMDAsInJlYWQiOjMwMDAwMDAwMDAwMCwidXBkYXRlIjoxODAwMDAwMDAwMDAwfX0=",
          "dependencies": [
            "module.backupvault.azurerm_backup_policy_vm.default_backup_policy",
            "module.backupvault.azurerm_recovery_services_vault.vault",
            "module.monitoring.azurerm_log_analytics_workspace.loganalyticsdeploy",
            "module.resource_group.azurerm_resource_group.rg",
            "module.setazpolicy.azurerm_management_group_policy_assignment.benchmark",
            "module.setazpolicy.azurerm_management_group_policy_assignment.dataprotect",
            "module.setazpolicy.azurerm_management_group_policy_assignment.governance",
            "module.setazpolicy.azurerm_management_group_policy_assignment.monitor",
            "module.setazpolicy.azurerm_policy_set_definition.dataprotect",
            "module.setazpolicy.azurerm_policy_set_definition.governance",
            "module.setazpolicy.data.azurerm_management_group.mgmntgroup",
            "module.setazpolicy.data.azurerm_subscription.current",
            "module.vnet_t1.azurerm_virtual_network.vnet"
          ]
        },
        {
          "index_key": 5,
          "schema_version": 0,
          "attributes": {
            "address_prefixes": [
              "10.6.6.0/24"
            ],
            "delegation": [],
            "enforce_private_link_endpoint_network_policies": false,
            "enforce_private_link_service_network_policies": false,
            "id": "/subscriptions/be510eed-cdc2-4632-9501-a44fe47aa346/resourceGroups/VNets/providers/Microsoft.Network/virtualNetworks/Vnet_T1/subnets/lb_subnet",
            "name": "lb_subnet",
            "private_endpoint_network_policies_enabled": true,
            "private_link_service_network_policies_enabled": true,
            "resource_group_name": "VNets",
            "service_endpoint_policy_ids": null,
            "service_endpoints": null,
            "timeouts": null,
            "virtual_network_name": "Vnet_T1"
          },
          "sensitive_attributes": [],
          "private": "eyJlMmJmYjczMC1lY2FhLTExZTYtOGY4OC0zNDM2M2JjN2M0YzAiOnsiY3JlYXRlIjoxODAwMDAwMDAwMDAwLCJkZWxldGUiOjE4MDAwMDAwMDAwMDAsInJlYWQiOjMwMDAwMDAwMDAwMCwidXBkYXRlIjoxODAwMDAwMDAwMDAwfX0=",
          "dependencies": [
            "module.backupvault.azurerm_backup_policy_vm.default_backup_policy",
            "module.backupvault.azurerm_recovery_services_vault.vault",
            "module.monitoring.azurerm_log_analytics_workspace.loganalyticsdeploy",
            "module.resource_group.azurerm_resource_group.rg",
            "module.setazpolicy.azurerm_management_group_policy_assignment.benchmark",
            "module.setazpolicy.azurerm_management_group_policy_assignment.dataprotect",
            "module.setazpolicy.azurerm_management_group_policy_assignment.governance",
            "module.setazpolicy.azurerm_management_group_policy_assignment.monitor",
            "module.setazpolicy.azurerm_policy_set_definition.dataprotect",
            "module.setazpolicy.azurerm_policy_set_definition.governance",
            "module.setazpolicy.data.azurerm_management_group.mgmntgroup",
            "module.setazpolicy.data.azurerm_subscription.current",
            "module.vnet_t1.azurerm_virtual_network.vnet"
          ]
        }
      ]
    },
    {
      "module": "module.vnet_t1",
      "mode": "managed",
      "type": "azurerm_virtual_network",
      "name": "vnet",
      "provider": "provider[\"registry.terraform.io/hashicorp/azurerm\"].NameOfSubscription",
      "instances": [
        {
          "schema_version": 0,
          "attributes": {
            "address_space": [
              "10.6.0.0/16"
            ],
            "bgp_community": "",
            "ddos_protection_plan": [],
            "dns_servers": [],
            "edge_zone": "",
            "flow_timeout_in_minutes": 0,
            "guid": "8eb1a1f7-2635-4e5d-b55d-b012d3788510",
            "id": "/subscriptions/be510eed-cdc2-4632-9501-a44fe47aa346/resourceGroups/VNets/providers/Microsoft.Network/virtualNetworks/Vnet_T1",
            "location": "eastus",
            "name": "Vnet_T1",
            "resource_group_name": "VNets",
            "subnet": [],
            "tags": {
              "Test": "myBluePrint",
              "env": "T1"
            },
            "timeouts": null
          },
          "sensitive_attributes": [],
          "private": "eyJlMmJmYjczMC1lY2FhLTExZTYtOGY4OC0zNDM2M2JjN2M0YzAiOnsiY3JlYXRlIjoxODAwMDAwMDAwMDAwLCJkZWxldGUiOjE4MDAwMDAwMDAwMDAsInJlYWQiOjMwMDAwMDAwMDAwMCwidXBkYXRlIjoxODAwMDAwMDAwMDAwfX0=",
          "dependencies": [
            "module.backupvault.azurerm_backup_policy_vm.default_backup_policy",
            "module.backupvault.azurerm_recovery_services_vault.vault",
            "module.monitoring.azurerm_log_analytics_workspace.loganalyticsdeploy",
            "module.resource_group.azurerm_resource_group.rg",
            "module.setazpolicy.azurerm_management_group_policy_assignment.benchmark",
            "module.setazpolicy.azurerm_management_group_policy_assignment.dataprotect",
            "module.setazpolicy.azurerm_management_group_policy_assignment.governance",
            "module.setazpolicy.azurerm_management_group_policy_assignment.monitor",
            "module.setazpolicy.azurerm_policy_set_definition.dataprotect",
            "module.setazpolicy.azurerm_policy_set_definition.governance",
            "module.setazpolicy.data.azurerm_management_group.mgmntgroup",
            "module.setazpolicy.data.azurerm_subscription.current"
          ]
        }
      ]
    },
    {
      "module": "module.vnet_t2",
      "mode": "managed",
      "type": "azurerm_subnet",
      "name": "subnet_t2",
      "provider": "provider[\"registry.terraform.io/hashicorp/azurerm\"].NameOfSubscription1",
      "instances": [
        {
          "index_key": 0,
          "schema_version": 0,
          "attributes": {
            "address_prefixes": [
              "10.8.0.0/27"
            ],
            "delegation": [],
            "enforce_private_link_endpoint_network_policies": false,
            "enforce_private_link_service_network_policies": false,
            "id": "/subscriptions/27adeba3-f0dc-4d7e-ae23-3ccc9a73f37d/resourceGroups/VNets/providers/Microsoft.Network/virtualNetworks/Vnet_T2/subnets/fw_A_subnet_t2",
            "name": "fw_A_subnet_t2",
            "private_endpoint_network_policies_enabled": true,
            "private_link_service_network_policies_enabled": true,
            "resource_group_name": "VNets",
            "service_endpoint_policy_ids": null,
            "service_endpoints": null,
            "timeouts": null,
            "virtual_network_name": "Vnet_T2"
          },
          "sensitive_attributes": [],
          "private": "eyJlMmJmYjczMC1lY2FhLTExZTYtOGY4OC0zNDM2M2JjN2M0YzAiOnsiY3JlYXRlIjoxODAwMDAwMDAwMDAwLCJkZWxldGUiOjE4MDAwMDAwMDAwMDAsInJlYWQiOjMwMDAwMDAwMDAwMCwidXBkYXRlIjoxODAwMDAwMDAwMDAwfX0=",
          "dependencies": [
            "module.backupvault.azurerm_backup_policy_vm.default_backup_policy",
            "module.backupvault.azurerm_recovery_services_vault.vault",
            "module.monitoring.azurerm_log_analytics_workspace.loganalyticsdeploy",
            "module.resource_group.azurerm_resource_group.rg",
            "module.setazpolicy.azurerm_management_group_policy_assignment.benchmark",
            "module.setazpolicy.azurerm_management_group_policy_assignment.dataprotect",
            "module.setazpolicy.azurerm_management_group_policy_assignment.governance",
            "module.setazpolicy.azurerm_management_group_policy_assignment.monitor",
            "module.setazpolicy.azurerm_policy_set_definition.dataprotect",
            "module.setazpolicy.azurerm_policy_set_definition.governance",
            "module.setazpolicy.data.azurerm_management_group.mgmntgroup",
            "module.setazpolicy.data.azurerm_subscription.current",
            "module.vnet_t2.azurerm_virtual_network.vnet_t2"
          ]
        },
        {
          "index_key": 1,
          "schema_version": 0,
          "attributes": {
            "address_prefixes": [
              "10.8.0.32/27"
            ],
            "delegation": [],
            "enforce_private_link_endpoint_network_policies": false,
            "enforce_private_link_service_network_policies": false,
            "id": "/subscriptions/27adeba3-f0dc-4d7e-ae23-3ccc9a73f37d/resourceGroups/VNets/providers/Microsoft.Network/virtualNetworks/Vnet_T2/subnets/fw_B_subnet_t2",
            "name": "fw_B_subnet_t2",
            "private_endpoint_network_policies_enabled": true,
            "private_link_service_network_policies_enabled": true,
            "resource_group_name": "VNets",
            "service_endpoint_policy_ids": null,
            "service_endpoints": null,
            "timeouts": null,
            "virtual_network_name": "Vnet_T2"
          },
          "sensitive_attributes": [],
          "private": "eyJlMmJmYjczMC1lY2FhLTExZTYtOGY4OC0zNDM2M2JjN2M0YzAiOnsiY3JlYXRlIjoxODAwMDAwMDAwMDAwLCJkZWxldGUiOjE4MDAwMDAwMDAwMDAsInJlYWQiOjMwMDAwMDAwMDAwMCwidXBkYXRlIjoxODAwMDAwMDAwMDAwfX0=",
          "dependencies": [
            "module.backupvault.azurerm_backup_policy_vm.default_backup_policy",
            "module.backupvault.azurerm_recovery_services_vault.vault",
            "module.monitoring.azurerm_log_analytics_workspace.loganalyticsdeploy",
            "module.resource_group.azurerm_resource_group.rg",
            "module.setazpolicy.azurerm_management_group_policy_assignment.benchmark",
            "module.setazpolicy.azurerm_management_group_policy_assignment.dataprotect",
            "module.setazpolicy.azurerm_management_group_policy_assignment.governance",
            "module.setazpolicy.azurerm_management_group_policy_assignment.monitor",
            "module.setazpolicy.azurerm_policy_set_definition.dataprotect",
            "module.setazpolicy.azurerm_policy_set_definition.governance",
            "module.setazpolicy.data.azurerm_management_group.mgmntgroup",
            "module.setazpolicy.data.azurerm_subscription.current",
            "module.vnet_t2.azurerm_virtual_network.vnet_t2"
          ]
        }
      ]
    },
    {
      "module": "module.vnet_t2",
      "mode": "managed",
      "type": "azurerm_virtual_network",
      "name": "vnet_t2",
      "provider": "provider[\"registry.terraform.io/hashicorp/azurerm\"].NameOfSubscription1",
      "instances": [
        {
          "schema_version": 0,
          "attributes": {
            "address_space": [
              "10.8.0.0/16"
            ],
            "bgp_community": "",
            "ddos_protection_plan": [],
            "dns_servers": [],
            "edge_zone": "",
            "flow_timeout_in_minutes": 0,
            "guid": "691a3a3d-92e1-466f-9737-21aee6722f8f",
            "id": "/subscriptions/27adeba3-f0dc-4d7e-ae23-3ccc9a73f37d/resourceGroups/VNets/providers/Microsoft.Network/virtualNetworks/Vnet_T2",
            "location": "eastus",
            "name": "Vnet_T2",
            "resource_group_name": "VNets",
            "subnet": [],
            "tags": {
              "env": "T2"
            },
            "timeouts": null
          },
          "sensitive_attributes": [],
          "private": "eyJlMmJmYjczMC1lY2FhLTExZTYtOGY4OC0zNDM2M2JjN2M0YzAiOnsiY3JlYXRlIjoxODAwMDAwMDAwMDAwLCJkZWxldGUiOjE4MDAwMDAwMDAwMDAsInJlYWQiOjMwMDAwMDAwMDAwMCwidXBkYXRlIjoxODAwMDAwMDAwMDAwfX0=",
          "dependencies": [
            "module.backupvault.azurerm_backup_policy_vm.default_backup_policy",
            "module.backupvault.azurerm_recovery_services_vault.vault",
            "module.monitoring.azurerm_log_analytics_workspace.loganalyticsdeploy",
            "module.resource_group.azurerm_resource_group.rg",
            "module.setazpolicy.azurerm_management_group_policy_assignment.benchmark",
            "module.setazpolicy.azurerm_management_group_policy_assignment.dataprotect",
            "module.setazpolicy.azurerm_management_group_policy_assignment.governance",
            "module.setazpolicy.azurerm_management_group_policy_assignment.monitor",
            "module.setazpolicy.azurerm_policy_set_definition.dataprotect",
            "module.setazpolicy.azurerm_policy_set_definition.governance",
            "module.setazpolicy.data.azurerm_management_group.mgmntgroup",
            "module.setazpolicy.data.azurerm_subscription.current"
          ]
        }
      ]
    },
    {
      "module": "module.vnetpeer_app_hubT1",
      "mode": "managed",
      "type": "azurerm_virtual_network_peering",
      "name": "peering",
      "provider": "provider[\"registry.terraform.io/hashicorp/azurerm\"].NameOfSubscription2",
      "instances": [
        {
          "schema_version": 0,
          "attributes": {
            "allow_forwarded_traffic": false,
            "allow_gateway_transit": false,
            "allow_virtual_network_access": true,
            "id": "/subscriptions/83f6da2b-dc32-44ba-9ee4-eb589b783d82/resourceGroups/VNets/providers/Microsoft.Network/virtualNetworks/Vnet_App/virtualNetworkPeerings/vnet_peering-app-hubT1",
            "name": "vnet_peering-app-hubT1",
            "remote_virtual_network_id": "/subscriptions/be510eed-cdc2-4632-9501-a44fe47aa346/resourceGroups/VNets/providers/Microsoft.Network/virtualNetworks/Vnet_T1",
            "resource_group_name": "VNets",
            "timeouts": null,
            "use_remote_gateways": false,
            "virtual_network_name": "Vnet_App"
          },
          "sensitive_attributes": [],
          "private": "eyJlMmJmYjczMC1lY2FhLTExZTYtOGY4OC0zNDM2M2JjN2M0YzAiOnsiY3JlYXRlIjoxODAwMDAwMDAwMDAwLCJkZWxldGUiOjE4MDAwMDAwMDAwMDAsInJlYWQiOjMwMDAwMDAwMDAwMCwidXBkYXRlIjoxODAwMDAwMDAwMDAwfX0=",
          "dependencies": [
            "module.backupvault.azurerm_backup_policy_vm.default_backup_policy",
            "module.backupvault.azurerm_recovery_services_vault.vault",
            "module.monitoring.azurerm_log_analytics_workspace.loganalyticsdeploy",
            "module.resource_group.azurerm_resource_group.rg",
            "module.resource_group_app.azurerm_resource_group.rg2",
            "module.setazpolicy.azurerm_management_group_policy_assignment.benchmark",
            "module.setazpolicy.azurerm_management_group_policy_assignment.dataprotect",
            "module.setazpolicy.azurerm_management_group_policy_assignment.governance",
            "module.setazpolicy.azurerm_management_group_policy_assignment.monitor",
            "module.setazpolicy.azurerm_policy_set_definition.dataprotect",
            "module.setazpolicy.azurerm_policy_set_definition.governance",
            "module.setazpolicy.data.azurerm_management_group.mgmntgroup",
            "module.setazpolicy.data.azurerm_subscription.current",
            "module.vnet_app.azurerm_subnet.subnet",
            "module.vnet_app.azurerm_virtual_network.vnet",
            "module.vnet_t1.azurerm_subnet.subnet",
            "module.vnet_t1.azurerm_virtual_network.vnet"
          ]
        }
      ]
    },
    {
      "module": "module.vnetpeer_app_hubT2",
      "mode": "managed",
      "type": "azurerm_virtual_network_peering",
      "name": "peering",
      "provider": "provider[\"registry.terraform.io/hashicorp/azurerm\"].NameOfSubscription2",
      "instances": [
        {
          "schema_version": 0,
          "attributes": {
            "allow_forwarded_traffic": false,
            "allow_gateway_transit": false,
            "allow_virtual_network_access": true,
            "id": "/subscriptions/83f6da2b-dc32-44ba-9ee4-eb589b783d82/resourceGroups/VNets/providers/Microsoft.Network/virtualNetworks/Vnet_App/virtualNetworkPeerings/vnet_peering-app-hubT2",
            "name": "vnet_peering-app-hubT2",
            "remote_virtual_network_id": "/subscriptions/27adeba3-f0dc-4d7e-ae23-3ccc9a73f37d/resourceGroups/VNets/providers/Microsoft.Network/virtualNetworks/Vnet_T2",
            "resource_group_name": "VNets",
            "timeouts": null,
            "use_remote_gateways": false,
            "virtual_network_name": "Vnet_App"
          },
          "sensitive_attributes": [],
          "private": "eyJlMmJmYjczMC1lY2FhLTExZTYtOGY4OC0zNDM2M2JjN2M0YzAiOnsiY3JlYXRlIjoxODAwMDAwMDAwMDAwLCJkZWxldGUiOjE4MDAwMDAwMDAwMDAsInJlYWQiOjMwMDAwMDAwMDAwMCwidXBkYXRlIjoxODAwMDAwMDAwMDAwfX0=",
          "dependencies": [
            "module.backupvault.azurerm_backup_policy_vm.default_backup_policy",
            "module.backupvault.azurerm_recovery_services_vault.vault",
            "module.monitoring.azurerm_log_analytics_workspace.loganalyticsdeploy",
            "module.resource_group.azurerm_resource_group.rg",
            "module.resource_group_app.azurerm_resource_group.rg2",
            "module.setazpolicy.azurerm_management_group_policy_assignment.benchmark",
            "module.setazpolicy.azurerm_management_group_policy_assignment.dataprotect",
            "module.setazpolicy.azurerm_management_group_policy_assignment.governance",
            "module.setazpolicy.azurerm_management_group_policy_assignment.monitor",
            "module.setazpolicy.azurerm_policy_set_definition.dataprotect",
            "module.setazpolicy.azurerm_policy_set_definition.governance",
            "module.setazpolicy.data.azurerm_management_group.mgmntgroup",
            "module.setazpolicy.data.azurerm_subscription.current",
            "module.vnet_app.azurerm_subnet.subnet",
            "module.vnet_app.azurerm_virtual_network.vnet",
            "module.vnet_t2.azurerm_subnet.subnet_t2",
            "module.vnet_t2.azurerm_virtual_network.vnet_t2"
          ]
        }
      ]
    },
    {
      "module": "module.vnetpeer_hubT1_app",
      "mode": "managed",
      "type": "azurerm_virtual_network_peering",
      "name": "peering",
      "provider": "provider[\"registry.terraform.io/hashicorp/azurerm\"].NameOfSubscription",
      "instances": [
        {
          "schema_version": 0,
          "attributes": {
            "allow_forwarded_traffic": false,
            "allow_gateway_transit": false,
            "allow_virtual_network_access": true,
            "id": "/subscriptions/be510eed-cdc2-4632-9501-a44fe47aa346/resourceGroups/VNets/providers/Microsoft.Network/virtualNetworks/Vnet_T1/virtualNetworkPeerings/vnet_peering-hubT1-app",
            "name": "vnet_peering-hubT1-app",
            "remote_virtual_network_id": "/subscriptions/83f6da2b-dc32-44ba-9ee4-eb589b783d82/resourceGroups/VNets/providers/Microsoft.Network/virtualNetworks/Vnet_App",
            "resource_group_name": "VNets",
            "timeouts": null,
            "use_remote_gateways": false,
            "virtual_network_name": "Vnet_T1"
          },
          "sensitive_attributes": [],
          "private": "eyJlMmJmYjczMC1lY2FhLTExZTYtOGY4OC0zNDM2M2JjN2M0YzAiOnsiY3JlYXRlIjoxODAwMDAwMDAwMDAwLCJkZWxldGUiOjE4MDAwMDAwMDAwMDAsInJlYWQiOjMwMDAwMDAwMDAwMCwidXBkYXRlIjoxODAwMDAwMDAwMDAwfX0=",
          "dependencies": [
            "module.backupvault.azurerm_backup_policy_vm.default_backup_policy",
            "module.backupvault.azurerm_recovery_services_vault.vault",
            "module.monitoring.azurerm_log_analytics_workspace.loganalyticsdeploy",
            "module.resource_group.azurerm_resource_group.rg",
            "module.setazpolicy.azurerm_management_group_policy_assignment.benchmark",
            "module.setazpolicy.azurerm_management_group_policy_assignment.dataprotect",
            "module.setazpolicy.azurerm_management_group_policy_assignment.governance",
            "module.setazpolicy.azurerm_management_group_policy_assignment.monitor",
            "module.setazpolicy.azurerm_policy_set_definition.dataprotect",
            "module.setazpolicy.azurerm_policy_set_definition.governance",
            "module.setazpolicy.data.azurerm_management_group.mgmntgroup",
            "module.setazpolicy.data.azurerm_subscription.current",
            "module.vnet_app.azurerm_subnet.subnet",
            "module.vnet_app.azurerm_virtual_network.vnet",
            "module.vnet_t1.azurerm_subnet.subnet",
            "module.vnet_t1.azurerm_virtual_network.vnet"
          ]
        }
      ]
    },
    {
      "module": "module.vnetpeer_hubT2_app",
      "mode": "managed",
      "type": "azurerm_virtual_network_peering",
      "name": "peering",
      "provider": "provider[\"registry.terraform.io/hashicorp/azurerm\"].NameOfSubscription1",
      "instances": [
        {
          "schema_version": 0,
          "attributes": {
            "allow_forwarded_traffic": false,
            "allow_gateway_transit": false,
            "allow_virtual_network_access": true,
            "id": "/subscriptions/27adeba3-f0dc-4d7e-ae23-3ccc9a73f37d/resourceGroups/VNets/providers/Microsoft.Network/virtualNetworks/Vnet_T2/virtualNetworkPeerings/vnet_peering-hubT2-app",
            "name": "vnet_peering-hubT2-app",
            "remote_virtual_network_id": "/subscriptions/83f6da2b-dc32-44ba-9ee4-eb589b783d82/resourceGroups/VNets/providers/Microsoft.Network/virtualNetworks/Vnet_App",
            "resource_group_name": "VNets",
            "timeouts": null,
            "use_remote_gateways": false,
            "virtual_network_name": "Vnet_T2"
          },
          "sensitive_attributes": [],
          "private": "eyJlMmJmYjczMC1lY2FhLTExZTYtOGY4OC0zNDM2M2JjN2M0YzAiOnsiY3JlYXRlIjoxODAwMDAwMDAwMDAwLCJkZWxldGUiOjE4MDAwMDAwMDAwMDAsInJlYWQiOjMwMDAwMDAwMDAwMCwidXBkYXRlIjoxODAwMDAwMDAwMDAwfX0=",
          "dependencies": [
            "module.backupvault.azurerm_backup_policy_vm.default_backup_policy",
            "module.backupvault.azurerm_recovery_services_vault.vault",
            "module.monitoring.azurerm_log_analytics_workspace.loganalyticsdeploy",
            "module.resource_group.azurerm_resource_group.rg",
            "module.resource_group_t2.azurerm_resource_group.rg1",
            "module.setazpolicy.azurerm_management_group_policy_assignment.benchmark",
            "module.setazpolicy.azurerm_management_group_policy_assignment.dataprotect",
            "module.setazpolicy.azurerm_management_group_policy_assignment.governance",
            "module.setazpolicy.azurerm_management_group_policy_assignment.monitor",
            "module.setazpolicy.azurerm_policy_set_definition.dataprotect",
            "module.setazpolicy.azurerm_policy_set_definition.governance",
            "module.setazpolicy.data.azurerm_management_group.mgmntgroup",
            "module.setazpolicy.data.azurerm_subscription.current",
            "module.vnet_app.azurerm_subnet.subnet",
            "module.vnet_app.azurerm_virtual_network.vnet",
            "module.vnet_t2.azurerm_subnet.subnet_t2",
            "module.vnet_t2.azurerm_virtual_network.vnet_t2"
          ]
        }
      ]
    }
  ],
  "check_results": null
}
